
Microsoft Visual Studio Solution File, Format Version 12.00
# Visual Studio 14
VisualStudioVersion = 14.0.25123.0
MinimumVisualStudioVersion = 10.0.40219.1
Project("{FAE04EC0-301F-11D3-BF4B-00C04F79EFBC}") = "Ders3.Droid", "Ders3\Ders3.Droid\Ders3.Droid.csproj", "{B801B393-FFF8-4810-9CC8-537F92CA63D0}"
EndProject
Project("{FAE04EC0-301F-11D3-BF4B-00C04F79EFBC}") = "Ders3.iOS", "Ders3\Ders3.iOS\Ders3.iOS.csproj", "{7AAD6E98-24CF-414F-9B88-795816E7DD3A}"
EndProject
Project("{FAE04EC0-301F-11D3-BF4B-00C04F79EFBC}") = "Ders3.WinPhone", "Ders3\Ders3.WinPhone\Ders3.WinPhone.csproj", "{30D04F0B-0771-4DD2-9C20-C7AEF09E9FB8}"
EndProject
Project("{FAE04EC0-301F-11D3-BF4B-00C04F79EFBC}") = "Ders3.Windows", "Ders3\Ders3.Windows\Ders3.Windows.csproj", "{782896CF-ED83-405C-99FB-3CE6842A7059}"
EndProject
Project("{FAE04EC0-301F-11D3-BF4B-00C04F79EFBC}") = "Ders3", "Ders3\Ders3\Ders3.csproj", "{6CA1E0E9-8978-4A98-BDDD-25B00ECD33ED}"
EndProject
Global
	GlobalSection(SolutionConfigurationPlatforms) = preSolution
		Ad-Hoc|Any CPU = Ad-Hoc|Any CPU
		Ad-Hoc|ARM = Ad-Hoc|ARM
		Ad-Hoc|iPhone = Ad-Hoc|iPhone
		Ad-Hoc|iPhoneSimulator = Ad-Hoc|iPhoneSimulator
		Ad-Hoc|x64 = Ad-Hoc|x64
		Ad-Hoc|x86 = Ad-Hoc|x86
		AppStore|Any CPU = AppStore|Any CPU
		AppStore|ARM = AppStore|ARM
		AppStore|iPhone = AppStore|iPhone
		AppStore|iPhoneSimulator = AppStore|iPhoneSimulator
		AppStore|x64 = AppStore|x64
		AppStore|x86 = AppStore|x86
		Debug|Any CPU = Debug|Any CPU
		Debug|ARM = Debug|ARM
		Debug|iPhone = Debug|iPhone
		Debug|iPhoneSimulator = Debug|iPhoneSimulator
		Debug|x64 = Debug|x64
		Debug|x86 = Debug|x86
		Release|Any CPU = Release|Any CPU
		Release|ARM = Release|ARM
		Release|iPhone = Release|iPhone
		Release|iPhoneSimulator = Release|iPhoneSimulator
		Release|x64 = Release|x64
		Release|x86 = Release|x86
	EndGlobalSection
	GlobalSection(ProjectConfigurationPlatforms) = postSolution
		{B801B393-FFF8-4810-9CC8-537F92CA63D0}.Ad-Hoc|Any CPU.ActiveCfg = Release|Any CPU
		{B801B393-FFF8-4810-9CC8-537F92CA63D0}.Ad-Hoc|Any CPU.Build.0 = Release|Any CPU
		{B801B393-FFF8-4810-9CC8-537F92CA63D0}.Ad-Hoc|Any CPU.Deploy.0 = Release|Any CPU
		{B801B393-FFF8-4810-9CC8-537F92CA63D0}.Ad-Hoc|ARM.ActiveCfg = Release|Any CPU
		{B801B393-FFF8-4810-9CC8-537F92CA63D0}.Ad-Hoc|ARM.Build.0 = Release|Any CPU
		{B801B393-FFF8-4810-9CC8-537F92CA63D0}.Ad-Hoc|ARM.Deploy.0 = Release|Any CPU
		{B801B393-FFF8-4810-9CC8-537F92CA63D0}.Ad-Hoc|iPhone.ActiveCfg = Release|Any CPU
		{B801B393-FFF8-4810-9CC8-537F92CA63D0}.Ad-Hoc|iPhone.Build.0 = Release|Any CPU
		{B801B393-FFF8-4810-9CC8-537F92CA63D0}.Ad-Hoc|iPhone.Deploy.0 = Release|Any CPU
		{B801B393-FFF8-4810-9CC8-537F92CA63D0}.Ad-Hoc|iPhoneSimulator.ActiveCfg = Release|Any CPU
		{B801B393-FFF8-4810-9CC8-537F92CA63D0}.Ad-Hoc|iPhoneSimulator.Build.0 = Release|Any CPU
		{B801B393-FFF8-4810-9CC8-537F92CA63D0}.Ad-Hoc|iPhoneSimulator.Deploy.0 = Release|Any CPU
		{B801B393-FFF8-4810-9CC8-537F92CA63D0}.Ad-Hoc|x64.ActiveCfg = Release|Any CPU
		{B801B393-FFF8-4810-9CC8-537F92CA63D0}.Ad-Hoc|x64.Build.0 = Release|Any CPU
		{B801B393-FFF8-4810-9CC8-537F92CA63D0}.Ad-Hoc|x64.Deploy.0 = Release|Any CPU
		{B801B393-FFF8-4810-9CC8-537F92CA63D0}.Ad-Hoc|x86.ActiveCfg = Release|Any CPU
		{B801B393-FFF8-4810-9CC8-537F92CA63D0}.Ad-Hoc|x86.Build.0 = Release|Any CPU
		{B801B393-FFF8-4810-9CC8-537F92CA63D0}.Ad-Hoc|x86.Deploy.0 = Release|Any CPU
		{B801B393-FFF8-4810-9CC8-537F92CA63D0}.AppStore|Any CPU.ActiveCfg = Release|Any CPU
		{B801B393-FFF8-4810-9CC8-537F92CA63D0}.AppStore|Any CPU.Build.0 = Release|Any CPU
		{B801B393-FFF8-4810-9CC8-537F92CA63D0}.AppStore|Any CPU.Deploy.0 = Release|Any CPU
		{B801B393-FFF8-4810-9CC8-537F92CA63D0}.AppStore|ARM.ActiveCfg = Release|Any CPU
		{B801B393-FFF8-4810-9CC8-537F92CA63D0}.AppStore|ARM.Build.0 = Release|Any CPU
		{B801B393-FFF8-4810-9CC8-537F92CA63D0}.AppStore|ARM.Deploy.0 = Release|Any CPU
		{B801B393-FFF8-4810-9CC8-537F92CA63D0}.AppStore|iPhone.ActiveCfg = Release|Any CPU
		{B801B393-FFF8-4810-9CC8-537F92CA63D0}.AppStore|iPhone.Build.0 = Release|Any CPU
		{B801B393-FFF8-4810-9CC8-537F92CA63D0}.AppStore|iPhone.Deploy.0 = Release|Any CPU
		{B801B393-FFF8-4810-9CC8-537F92CA63D0}.AppStore|iPhoneSimulator.ActiveCfg = Release|Any CPU
		{B801B393-FFF8-4810-9CC8-537F92CA63D0}.AppStore|iPhoneSimulator.Build.0 = Release|Any CPU
		{B801B393-FFF8-4810-9CC8-537F92CA63D0}.AppStore|iPhoneSimulator.Deploy.0 = Release|Any CPU
		{B801B393-FFF8-4810-9CC8-537F92CA63D0}.AppStore|x64.ActiveCfg = Release|Any CPU
		{B801B393-FFF8-4810-9CC8-537F92CA63D0}.AppStore|x64.Build.0 = Release|Any CPU
		{B801B393-FFF8-4810-9CC8-537F92CA63D0}.AppStore|x64.Deploy.0 = Release|Any CPU
		{B801B393-FFF8-4810-9CC8-537F92CA63D0}.AppStore|x86.ActiveCfg = Release|Any CPU
		{B801B393-FFF8-4810-9CC8-537F92CA63D0}.AppStore|x86.Build.0 = Release|Any CPU
		{B801B393-FFF8-4810-9CC8-537F92CA63D0}.AppStore|x86.Deploy.0 = Release|Any CPU
		{B801B393-FFF8-4810-9CC8-537F92CA63D0}.Debug|Any CPU.ActiveCfg = Debug|Any CPU
		{B801B393-FFF8-4810-9CC8-537F92CA63D0}.Debug|Any CPU.Build.0 = Debug|Any CPU
		{B801B393-FFF8-4810-9CC8-537F92CA63D0}.Debug|Any CPU.Deploy.0 = Debug|Any CPU
		{B801B393-FFF8-4810-9CC8-537F92CA63D0}.Debug|ARM.ActiveCfg = Debug|Any CPU
		{B801B393-FFF8-4810-9CC8-537F92CA63D0}.Debug|ARM.Build.0 = Debug|Any CPU
		{B801B393-FFF8-4810-9CC8-537F92CA63D0}.Debug|ARM.Deploy.0 = Debug|Any CPU
		{B801B393-FFF8-4810-9CC8-537F92CA63D0}.Debug|iPhone.ActiveCfg = Debug|Any CPU
		{B801B393-FFF8-4810-9CC8-537F92CA63D0}.Debug|iPhone.Build.0 = Debug|Any CPU
		{B801B393-FFF8-4810-9CC8-537F92CA63D0}.Debug|iPhone.Deploy.0 = Debug|Any CPU
		{B801B393-FFF8-4810-9CC8-537F92CA63D0}.Debug|iPhoneSimulator.ActiveCfg = Debug|Any CPU
		{B801B393-FFF8-4810-9CC8-537F92CA63D0}.Debug|iPhoneSimulator.Build.0 = Debug|Any CPU
		{B801B393-FFF8-4810-9CC8-537F92CA63D0}.Debug|iPhoneSimulator.Deploy.0 = Debug|Any CPU
		{B801B393-FFF8-4810-9CC8-537F92CA63D0}.Debug|x64.ActiveCfg = Debug|Any CPU
		{B801B393-FFF8-4810-9CC8-537F92CA63D0}.Debug|x64.Build.0 = Debug|Any CPU
		{B801B393-FFF8-4810-9CC8-537F92CA63D0}.Debug|x64.Deploy.0 = Debug|Any CPU
		{B801B393-FFF8-4810-9CC8-537F92CA63D0}.Debug|x86.ActiveCfg = Debug|Any CPU
		{B801B393-FFF8-4810-9CC8-537F92CA63D0}.Debug|x86.Build.0 = Debug|Any CPU
		{B801B393-FFF8-4810-9CC8-537F92CA63D0}.Debug|x86.Deploy.0 = Debug|Any CPU
		{B801B393-FFF8-4810-9CC8-537F92CA63D0}.Release|Any CPU.ActiveCfg = Release|Any CPU
		{B801B393-FFF8-4810-9CC8-537F92CA63D0}.Release|Any CPU.Build.0 = Release|Any CPU
		{B801B393-FFF8-4810-9CC8-537F92CA63D0}.Release|Any CPU.Deploy.0 = Release|Any CPU
		{B801B393-FFF8-4810-9CC8-537F92CA63D0}.Release|ARM.ActiveCfg = Release|Any CPU
		{B801B393-FFF8-4810-9CC8-537F92CA63D0}.Release|ARM.Build.0 = Release|Any CPU
		{B801B393-FFF8-4810-9CC8-537F92CA63D0}.Release|ARM.Deploy.0 = Release|Any CPU
		{B801B393-FFF8-4810-9CC8-537F92CA63D0}.Release|iPhone.ActiveCfg = Release|Any CPU
		{B801B393-FFF8-4810-9CC8-537F92CA63D0}.Release|iPhone.Build.0 = Release|Any CPU
		{B801B393-FFF8-4810-9CC8-537F92CA63D0}.Release|iPhone.Deploy.0 = Release|Any CPU
		{B801B393-FFF8-4810-9CC8-537F92CA63D0}.Release|iPhoneSimulator.ActiveCfg = Release|Any CPU
		{B801B393-FFF8-4810-9CC8-537F92CA63D0}.Release|iPhoneSimulator.Build.0 = Release|Any CPU
		{B801B393-FFF8-4810-9CC8-537F92CA63D0}.Release|iPhoneSimulator.Deploy.0 = Release|Any CPU
		{B801B393-FFF8-4810-9CC8-537F92CA63D0}.Release|x64.ActiveCfg = Release|Any CPU
		{B801B393-FFF8-4810-9CC8-537F92CA63D0}.Release|x64.Build.0 = Release|Any CPU
		{B801B393-FFF8-4810-9CC8-537F92CA63D0}.Release|x64.Deploy.0 = Release|Any CPU
		{B801B393-FFF8-4810-9CC8-537F92CA63D0}.Release|x86.ActiveCfg = Release|Any CPU
		{B801B393-FFF8-4810-9CC8-537F92CA63D0}.Release|x86.Build.0 = Release|Any CPU
		{B801B393-FFF8-4810-9CC8-537F92CA63D0}.Release|x86.Deploy.0 = Release|Any CPU
		{7AAD6E98-24CF-414F-9B88-795816E7DD3A}.Ad-Hoc|Any CPU.ActiveCfg = Ad-Hoc|iPhone
		{7AAD6E98-24CF-414F-9B88-795816E7DD3A}.Ad-Hoc|ARM.ActiveCfg = Ad-Hoc|iPhone
		{7AAD6E98-24CF-414F-9B88-795816E7DD3A}.Ad-Hoc|iPhone.ActiveCfg = Ad-Hoc|iPhone
		{7AAD6E98-24CF-414F-9B88-795816E7DD3A}.Ad-Hoc|iPhone.Build.0 = Ad-Hoc|iPhone
		{7AAD6E98-24CF-414F-9B88-795816E7DD3A}.Ad-Hoc|iPhoneSimulator.ActiveCfg = Ad-Hoc|iPhoneSimulator
		{7AAD6E98-24CF-414F-9B88-795816E7DD3A}.Ad-Hoc|iPhoneSimulator.Build.0 = Ad-Hoc|iPhoneSimulator
		{7AAD6E98-24CF-414F-9B88-795816E7DD3A}.Ad-Hoc|x64.ActiveCfg = Ad-Hoc|iPhone
		{7AAD6E98-24CF-414F-9B88-795816E7DD3A}.Ad-Hoc|x86.ActiveCfg = Ad-Hoc|iPhone
		{7AAD6E98-24CF-414F-9B88-795816E7DD3A}.AppStore|Any CPU.ActiveCfg = AppStore|iPhone
		{7AAD6E98-24CF-414F-9B88-795816E7DD3A}.AppStore|ARM.ActiveCfg = AppStore|iPhone
		{7AAD6E98-24CF-414F-9B88-795816E7DD3A}.AppStore|iPhone.ActiveCfg = AppStore|iPhone
		{7AAD6E98-24CF-414F-9B88-795816E7DD3A}.AppStore|iPhone.Build.0 = AppStore|iPhone
		{7AAD6E98-24CF-414F-9B88-795816E7DD3A}.AppStore|iPhoneSimulator.ActiveCfg = AppStore|iPhoneSimulator
		{7AAD6E98-24CF-414F-9B88-795816E7DD3A}.AppStore|iPhoneSimulator.Build.0 = AppStore|iPhoneSimulator
		{7AAD6E98-24CF-414F-9B88-795816E7DD3A}.AppStore|x64.ActiveCfg = AppStore|iPhone
		{7AAD6E98-24CF-414F-9B88-795816E7DD3A}.AppStore|x86.ActiveCfg = AppStore|iPhone
		{7AAD6E98-24CF-414F-9B88-795816E7DD3A}.Debug|Any CPU.ActiveCfg = Debug|iPhone
		{7AAD6E98-24CF-414F-9B88-795816E7DD3A}.Debug|ARM.ActiveCfg = Debug|iPhone
		{7AAD6E98-24CF-414F-9B88-795816E7DD3A}.Debug|iPhone.ActiveCfg = Debug|iPhone
		{7AAD6E98-24CF-414F-9B88-795816E7DD3A}.Debug|iPhone.Build.0 = Debug|iPhone
		{7AAD6E98-24CF-414F-9B88-795816E7DD3A}.Debug|iPhoneSimulator.ActiveCfg = Debug|iPhoneSimulator
		{7AAD6E98-24CF-414F-9B88-795816E7DD3A}.Debug|iPhoneSimulator.Build.0 = Debug|iPhoneSimulator
		{7AAD6E98-24CF-414F-9B88-795816E7DD3A}.Debug|x64.ActiveCfg = Debug|iPhone
		{7AAD6E98-24CF-414F-9B88-795816E7DD3A}.Debug|x86.ActiveCfg = Debug|iPhone
		{7AAD6E98-24CF-414F-9B88-795816E7DD3A}.Release|Any CPU.ActiveCfg = Release|iPhone
		{7AAD6E98-24CF-414F-9B88-795816E7DD3A}.Release|ARM.ActiveCfg = Release|iPhone
		{7AAD6E98-24CF-414F-9B88-795816E7DD3A}.Release|iPhone.ActiveCfg = Release|iPhone
		{7AAD6E98-24CF-414F-9B88-795816E7DD3A}.Release|iPhone.Build.0 = Release|iPhone
		{7AAD6E98-24CF-414F-9B88-795816E7DD3A}.Release|iPhoneSimulator.ActiveCfg = Release|iPhoneSimulator
		{7AAD6E98-24CF-414F-9B88-795816E7DD3A}.Release|iPhoneSimulator.Build.0 = Release|iPhoneSimulator
		{7AAD6E98-24CF-414F-9B88-795816E7DD3A}.Release|x64.ActiveCfg = Release|iPhone
		{7AAD6E98-24CF-414F-9B88-795816E7DD3A}.Release|x86.ActiveCfg = Release|iPhone
		{30D04F0B-0771-4DD2-9C20-C7AEF09E9FB8}.Ad-Hoc|Any CPU.ActiveCfg = Release|Any CPU
		{30D04F0B-0771-4DD2-9C20-C7AEF09E9FB8}.Ad-Hoc|Any CPU.Build.0 = Release|Any CPU
		{30D04F0B-0771-4DD2-9C20-C7AEF09E9FB8}.Ad-Hoc|Any CPU.Deploy.0 = Release|Any CPU
		{30D04F0B-0771-4DD2-9C20-C7AEF09E9FB8}.Ad-Hoc|ARM.ActiveCfg = Release|ARM
		{30D04F0B-0771-4DD2-9C20-C7AEF09E9FB8}.Ad-Hoc|ARM.Build.0 = Release|ARM
		{30D04F0B-0771-4DD2-9C20-C7AEF09E9FB8}.Ad-Hoc|ARM.Deploy.0 = Release|ARM
		{30D04F0B-0771-4DD2-9C20-C7AEF09E9FB8}.Ad-Hoc|iPhone.ActiveCfg = Release|Any CPU
		{30D04F0B-0771-4DD2-9C20-C7AEF09E9FB8}.Ad-Hoc|iPhone.Build.0 = Release|Any CPU
		{30D04F0B-0771-4DD2-9C20-C7AEF09E9FB8}.Ad-Hoc|iPhone.Deploy.0 = Release|Any CPU
		{30D04F0B-0771-4DD2-9C20-C7AEF09E9FB8}.Ad-Hoc|iPhoneSimulator.ActiveCfg = Release|Any CPU
		{30D04F0B-0771-4DD2-9C20-C7AEF09E9FB8}.Ad-Hoc|iPhoneSimulator.Build.0 = Release|Any CPU
		{30D04F0B-0771-4DD2-9C20-C7AEF09E9FB8}.Ad-Hoc|iPhoneSimulator.Deploy.0 = Release|Any CPU
		{30D04F0B-0771-4DD2-9C20-C7AEF09E9FB8}.Ad-Hoc|x64.ActiveCfg = Release|Any CPU
		{30D04F0B-0771-4DD2-9C20-C7AEF09E9FB8}.Ad-Hoc|x64.Build.0 = Release|Any CPU
		{30D04F0B-0771-4DD2-9C20-C7AEF09E9FB8}.Ad-Hoc|x64.Deploy.0 = Release|Any CPU
		{30D04F0B-0771-4DD2-9C20-C7AEF09E9FB8}.Ad-Hoc|x86.ActiveCfg = Release|x86
		{30D04F0B-0771-4DD2-9C20-C7AEF09E9FB8}.Ad-Hoc|x86.Build.0 = Release|x86
		{30D04F0B-0771-4DD2-9C20-C7AEF09E9FB8}.Ad-Hoc|x86.Deploy.0 = Release|x86
		{30D04F0B-0771-4DD2-9C20-C7AEF09E9FB8}.AppStore|Any CPU.ActiveCfg = Release|Any CPU
		{30D04F0B-0771-4DD2-9C20-C7AEF09E9FB8}.AppStore|Any CPU.Build.0 = Release|Any CPU
		{30D04F0B-0771-4DD2-9C20-C7AEF09E9FB8}.AppStore|Any CPU.Deploy.0 = Release|Any CPU
		{30D04F0B-0771-4DD2-9C20-C7AEF09E9FB8}.AppStore|ARM.ActiveCfg = Release|ARM
		{30D04F0B-0771-4DD2-9C20-C7AEF09E9FB8}.AppStore|ARM.Build.0 = Release|ARM
		{30D04F0B-0771-4DD2-9C20-C7AEF09E9FB8}.AppStore|ARM.Deploy.0 = Release|ARM
		{30D04F0B-0771-4DD2-9C20-C7AEF09E9FB8}.AppStore|iPhone.ActiveCfg = Release|Any CPU
		{30D04F0B-0771-4DD2-9C20-C7AEF09E9FB8}.AppStore|iPhone.Build.0 = Release|Any CPU
		{30D04F0B-0771-4DD2-9C20-C7AEF09E9FB8}.AppStore|iPhone.Deploy.0 = Release|Any CPU
		{30D04F0B-0771-4DD2-9C20-C7AEF09E9FB8}.AppStore|iPhoneSimulator.ActiveCfg = Release|Any CPU
		{30D04F0B-0771-4DD2-9C20-C7AEF09E9FB8}.AppStore|iPhoneSimulator.Build.0 = Release|Any CPU
		{30D04F0B-0771-4DD2-9C20-C7AEF09E9FB8}.AppStore|iPhoneSimulator.Deploy.0 = Release|Any CPU
		{30D04F0B-0771-4DD2-9C20-C7AEF09E9FB8}.AppStore|x64.ActiveCfg = Release|Any CPU
		{30D04F0B-0771-4DD2-9C20-C7AEF09E9FB8}.AppStore|x64.Build.0 = Release|Any CPU
		{30D04F0B-0771-4DD2-9C20-C7AEF09E9FB8}.AppStore|x64.Deploy.0 = Release|Any CPU
		{30D04F0B-0771-4DD2-9C20-C7AEF09E9FB8}.AppStore|x86.ActiveCfg = Release|x86
		{30D04F0B-0771-4DD2-9C20-C7AEF09E9FB8}.AppStore|x86.Build.0 = Release|x86
		{30D04F0B-0771-4DD2-9C20-C7AEF09E9FB8}.AppStore|x86.Deploy.0 = Release|x86
		{30D04F0B-0771-4DD2-9C20-C7AEF09E9FB8}.Debug|Any CPU.ActiveCfg = Debug|Any CPU
		{30D04F0B-0771-4DD2-9C20-C7AEF09E9FB8}.Debug|Any CPU.Build.0 = Debug|Any CPU
		{30D04F0B-0771-4DD2-9C20-C7AEF09E9FB8}.Debug|Any CPU.Deploy.0 = Debug|Any CPU
		{30D04F0B-0771-4DD2-9C20-C7AEF09E9FB8}.Debug|ARM.ActiveCfg = Debug|ARM
		{30D04F0B-0771-4DD2-9C20-C7AEF09E9FB8}.Debug|ARM.Build.0 = Debug|ARM
		{30D04F0B-0771-4DD2-9C20-C7AEF09E9FB8}.Debug|ARM.Deploy.0 = Debug|ARM
		{30D04F0B-0771-4DD2-9C20-C7AEF09E9FB8}.Debug|iPhone.ActiveCfg = Debug|Any CPU
		{30D04F0B-0771-4DD2-9C20-C7AEF09E9FB8}.Debug|iPhone.Build.0 = Debug|Any CPU
		{30D04F0B-0771-4DD2-9C20-C7AEF09E9FB8}.Debug|iPhone.Deploy.0 = Debug|Any CPU
		{30D04F0B-0771-4DD2-9C20-C7AEF09E9FB8}.Debug|iPhoneSimulator.ActiveCfg = Debug|Any CPU
		{30D04F0B-0771-4DD2-9C20-C7AEF09E9FB8}.Debug|iPhoneSimulator.Build.0 = Debug|Any CPU
		{30D04F0B-0771-4DD2-9C20-C7AEF09E9FB8}.Debug|iPhoneSimulator.Deploy.0 = Debug|Any CPU
		{30D04F0B-0771-4DD2-9C20-C7AEF09E9FB8}.Debug|x64.ActiveCfg = Debug|Any CPU
		{30D04F0B-0771-4DD2-9C20-C7AEF09E9FB8}.Debug|x64.Build.0 = Debug|Any CPU
		{30D04F0B-0771-4DD2-9C20-C7AEF09E9FB8}.Debug|x64.Deploy.0 = Debug|Any CPU
		{30D04F0B-0771-4DD2-9C20-C7AEF09E9FB8}.Debug|x86.ActiveCfg = Debug|x86
		{30D04F0B-0771-4DD2-9C20-C7AEF09E9FB8}.Debug|x86.Build.0 = Debug|x86
		{30D04F0B-0771-4DD2-9C20-C7AEF09E9FB8}.Debug|x86.Deploy.0 = Debug|x86
		{30D04F0B-0771-4DD2-9C20-C7AEF09E9FB8}.Release|Any CPU.ActiveCfg = Release|Any CPU
		{30D04F0B-0771-4DD2-9C20-C7AEF09E9FB8}.Release|Any CPU.Build.0 = Release|Any CPU
		{30D04F0B-0771-4DD2-9C20-C7AEF09E9FB8}.Release|Any CPU.Deploy.0 = Release|Any CPU
		{30D04F0B-0771-4DD2-9C20-C7AEF09E9FB8}.Release|ARM.ActiveCfg = Release|ARM
		{30D04F0B-0771-4DD2-9C20-C7AEF09E9FB8}.Release|ARM.Build.0 = Release|ARM
		{30D04F0B-0771-4DD2-9C20-C7AEF09E9FB8}.Release|ARM.Deploy.0 = Release|ARM
		{30D04F0B-0771-4DD2-9C20-C7AEF09E9FB8}.Release|iPhone.ActiveCfg = Release|Any CPU
		{30D04F0B-0771-4DD2-9C20-C7AEF09E9FB8}.Release|iPhone.Build.0 = Release|Any CPU
		{30D04F0B-0771-4DD2-9C20-C7AEF09E9FB8}.Release|iPhone.Deploy.0 = Release|Any CPU
		{30D04F0B-0771-4DD2-9C20-C7AEF09E9FB8}.Release|iPhoneSimulator.ActiveCfg = Release|Any CPU
		{30D04F0B-0771-4DD2-9C20-C7AEF09E9FB8}.Release|iPhoneSimulator.Build.0 = Release|Any CPU
		{30D04F0B-0771-4DD2-9C20-C7AEF09E9FB8}.Release|iPhoneSimulator.Deploy.0 = Release|Any CPU
		{30D04F0B-0771-4DD2-9C20-C7AEF09E9FB8}.Release|x64.ActiveCfg = Release|Any CPU
		{30D04F0B-0771-4DD2-9C20-C7AEF09E9FB8}.Release|x64.Build.0 = Release|Any CPU
		{30D04F0B-0771-4DD2-9C20-C7AEF09E9FB8}.Release|x64.Deploy.0 = Release|Any CPU
		{30D04F0B-0771-4DD2-9C20-C7AEF09E9FB8}.Release|x86.ActiveCfg = Release|x86
		{30D04F0B-0771-4DD2-9C20-C7AEF09E9FB8}.Release|x86.Build.0 = Release|x86
		{30D04F0B-0771-4DD2-9C20-C7AEF09E9FB8}.Release|x86.Deploy.0 = Release|x86
		{782896CF-ED83-405C-99FB-3CE6842A7059}.Ad-Hoc|Any CPU.ActiveCfg = Release|Any CPU
		{782896CF-ED83-405C-99FB-3CE6842A7059}.Ad-Hoc|Any CPU.Build.0 = Release|Any CPU
		{782896CF-ED83-405C-99FB-3CE6842A7059}.Ad-Hoc|Any CPU.Deploy.0 = Release|Any CPU
		{782896CF-ED83-405C-99FB-3CE6842A7059}.Ad-Hoc|ARM.ActiveCfg = Release|ARM
		{782896CF-ED83-405C-99FB-3CE6842A7059}.Ad-Hoc|ARM.Build.0 = Release|ARM
		{782896CF-ED83-405C-99FB-3CE6842A7059}.Ad-Hoc|ARM.Deploy.0 = Release|ARM
		{782896CF-ED83-405C-99FB-3CE6842A7059}.Ad-Hoc|iPhone.ActiveCfg = Release|Any CPU
		{782896CF-ED83-405C-99FB-3CE6842A7059}.Ad-Hoc|iPhone.Build.0 = Release|Any CPU
		{782896CF-ED83-405C-99FB-3CE6842A7059}.Ad-Hoc|iPhone.Deploy.0 = Release|Any CPU
		{782896CF-ED83-405C-99FB-3CE6842A7059}.Ad-Hoc|iPhoneSimulator.ActiveCfg = Release|Any CPU
		{782896CF-ED83-405C-99FB-3CE6842A7059}.Ad-Hoc|iPhoneSimulator.Build.0 = Release|Any CPU
		{782896CF-ED83-405C-99FB-3CE6842A7059}.Ad-Hoc|iPhoneSimulator.Deploy.0 = Release|Any CPU
		{782896CF-ED83-405C-99FB-3CE6842A7059}.Ad-Hoc|x64.ActiveCfg = Release|x64
		{782896CF-ED83-405C-99FB-3CE6842A7059}.Ad-Hoc|x64.Build.0 = Release|x64
		{782896CF-ED83-405C-99FB-3CE6842A7059}.Ad-Hoc|x64.Deploy.0 = Release|x64
		{782896CF-ED83-405C-99FB-3CE6842A7059}.Ad-Hoc|x86.ActiveCfg = Release|x86
		{782896CF-ED83-405C-99FB-3CE6842A7059}.Ad-Hoc|x86.Build.0 = Release|x86
		{782896CF-ED83-405C-99FB-3CE6842A7059}.Ad-Hoc|x86.Deploy.0 = Release|x86
		{782896CF-ED83-405C-99FB-3CE6842A7059}.AppStore|Any CPU.ActiveCfg = Release|Any CPU
		{782896CF-ED83-405C-99FB-3CE6842A7059}.AppStore|Any CPU.Build.0 = Release|Any CPU
		{782896CF-ED83-405C-99FB-3CE6842A7059}.AppStore|Any CPU.Deploy.0 = Release|Any CPU
		{782896CF-ED83-405C-99FB-3CE6842A7059}.AppStore|ARM.ActiveCfg = Release|ARM
		{782896CF-ED83-405C-99FB-3CE6842A7059}.AppStore|ARM.Build.0 = Release|ARM
		{782896CF-ED83-405C-99FB-3CE6842A7059}.AppStore|ARM.Deploy.0 = Release|ARM
		{782896CF-ED83-405C-99FB-3CE6842A7059}.AppStore|iPhone.ActiveCfg = Release|Any CPU
		{782896CF-ED83-405C-99FB-3CE6842A7059}.AppStore|iPhone.Build.0 = Release|Any CPU
		{782896CF-ED83-405C-99FB-3CE6842A7059}.AppStore|iPhone.Deploy.0 = Release|Any CPU
		{782896CF-ED83-405C-99FB-3CE6842A7059}.AppStore|iPhoneSimulator.ActiveCfg = Release|Any CPU
		{782896CF-ED83-405C-99FB-3CE6842A7059}.AppStore|iPhoneSimulator.Build.0 = Release|Any CPU
		{782896CF-ED83-405C-99FB-3CE6842A7059}.AppStore|iPhoneSimulator.Deploy.0 = Release|Any CPU
		{782896CF-ED83-405C-99FB-3CE6842A7059}.AppStore|x64.ActiveCfg = Release|x64
		{782896CF-ED83-405C-99FB-3CE6842A7059}.AppStore|x64.Build.0 = Release|x64
		{782896CF-ED83-405C-99FB-3CE6842A7059}.AppStore|x64.Deploy.0 = Release|x64
		{782896CF-ED83-405C-99FB-3CE6842A7059}.AppStore|x86.ActiveCfg = Release|x86
		{782896CF-ED83-405C-99FB-3CE6842A7059}.AppStore|x86.Build.0 = Release|x86
		{782896CF-ED83-405C-99FB-3CE6842A7059}.AppStore|x86.Deploy.0 = Release|x86
		{782896CF-ED83-405C-99FB-3CE6842A7059}.Debug|Any CPU.ActiveCfg = Debug|Any CPU
		{782896CF-ED83-405C-99FB-3CE6842A7059}.Debug|Any CPU.Build.0 = Debug|Any CPU
		{782896CF-ED83-405C-99FB-3CE6842A7059}.Debug|Any CPU.Deploy.0 = Debug|Any CPU
		{782896CF-ED83-405C-99FB-3CE6842A7059}.Debug|ARM.ActiveCfg = Debug|ARM
		{782896CF-ED83-405C-99FB-3CE6842A7059}.Debug|ARM.Build.0 = Debug|ARM
		{782896CF-ED83-405C-99FB-3CE6842A7059}.Debug|ARM.Deploy.0 = Debug|ARM
		{782896CF-ED83-405C-99FB-3CE6842A7059}.Debug|iPhone.ActiveCfg = Debug|Any CPU
		{782896CF-ED83-405C-99FB-3CE6842A7059}.Debug|iPhone.Build.0 = Debug|Any CPU
		{782896CF-ED83-405C-99FB-3CE6842A7059}.Debug|iPhone.Deploy.0 = Debug|Any CPU
		{782896CF-ED83-405C-99FB-3CE6842A7059}.Debug|iPhoneSimulator.ActiveCfg = Debug|Any CPU
		{782896CF-ED83-405C-99FB-3CE6842A7059}.Debug|iPhoneSimulator.Build.0 = Debug|Any CPU
		{782896CF-ED83-405C-99FB-3CE6842A7059}.Debug|iPhoneSimulator.Deploy.0 = Debug|Any CPU
		{782896CF-ED83-405C-99FB-3CE6842A7059}.Debug|x64.ActiveCfg = Debug|x64
		{782896CF-ED83-405C-99FB-3CE6842A7059}.Debug|x64.Build.0 = Debug|x64
		{782896CF-ED83-405C-99FB-3CE6842A7059}.Debug|x64.Deploy.0 = Debug|x64
		{782896CF-ED83-405C-99FB-3CE6842A7059}.Debug|x86.ActiveCfg = Debug|x86
		{782896CF-ED83-405C-99FB-3CE6842A7059}.Debug|x86.Build.0 = Debug|x86
		{782896CF-ED83-405C-99FB-3CE6842A7059}.Debug|x86.Deploy.0 = Debug|x86
		{782896CF-ED83-405C-99FB-3CE6842A7059}.Release|Any CPU.ActiveCfg = Release|Any CPU
		{782896CF-ED83-405C-99FB-3CE6842A7059}.Release|Any CPU.Build.0 = Release|Any CPU
		{782896CF-ED83-405C-99FB-3CE6842A7059}.Release|Any CPU.Deploy.0 = Release|Any CPU
		{782896CF-ED83-405C-99FB-3CE6842A7059}.Release|ARM.ActiveCfg = Release|ARM
		{782896CF-ED83-405C-99FB-3CE6842A7059}.Release|ARM.Build.0 = Release|ARM
		{782896CF-ED83-405C-99FB-3CE6842A7059}.Release|ARM.Deploy.0 = Release|ARM
		{782896CF-ED83-405C-99FB-3CE6842A7059}.Release|iPhone.ActiveCfg = Release|Any CPU
		{782896CF-ED83-405C-99FB-3CE6842A7059}.Release|iPhone.Build.0 = Release|Any CPU
		{782896CF-ED83-405C-99FB-3CE6842A7059}.Release|iPhone.Deploy.0 = Release|Any CPU
		{782896CF-ED83-405C-99FB-3CE6842A7059}.Release|iPhoneSimulator.ActiveCfg = Release|Any CPU
		{782896CF-ED83-405C-99FB-3CE6842A7059}.Release|iPhoneSimulator.Build.0 = Release|Any CPU
		{782896CF-ED83-405C-99FB-3CE6842A7059}.Release|iPhoneSimulator.Deploy.0 = Release|Any CPU
		{782896CF-ED83-405C-99FB-3CE6842A7059}.Release|x64.ActiveCfg = Release|x64
		{782896CF-ED83-405C-99FB-3CE6842A7059}.Release|x64.Build.0 = Release|x64
		{782896CF-ED83-405C-99FB-3CE6842A7059}.Release|x64.Deploy.0 = Release|x64
		{782896CF-ED83-405C-99FB-3CE6842A7059}.Release|x86.ActiveCfg = Release|x86
		{782896CF-ED83-405C-99FB-3CE6842A7059}.Release|x86.Build.0 = Release|x86
		{782896CF-ED83-405C-99FB-3CE6842A7059}.Release|x86.Deploy.0 = Release|x86
		{6CA1E0E9-8978-4A98-BDDD-25B00ECD33ED}.Ad-Hoc|Any CPU.ActiveCfg = Release|Any CPU
		{6CA1E0E9-8978-4A98-BDDD-25B00ECD33ED}.Ad-Hoc|Any CPU.Build.0 = Release|Any CPU
		{6CA1E0E9-8978-4A98-BDDD-25B00ECD33ED}.Ad-Hoc|ARM.ActiveCfg = Release|Any CPU
		{6CA1E0E9-8978-4A98-BDDD-25B00ECD33ED}.Ad-Hoc|ARM.Build.0 = Release|Any CPU
		{6CA1E0E9-8978-4A98-BDDD-25B00ECD33ED}.Ad-Hoc|iPhone.ActiveCfg = Release|Any CPU
		{6CA1E0E9-8978-4A98-BDDD-25B00ECD33ED}.Ad-Hoc|iPhone.Build.0 = Release|Any CPU
		{6CA1E0E9-8978-4A98-BDDD-25B00ECD33ED}.Ad-Hoc|iPhoneSimulator.ActiveCfg = Release|Any CPU
		{6CA1E0E9-8978-4A98-BDDD-25B00ECD33ED}.Ad-Hoc|iPhoneSimulator.Build.0 = Release|Any CPU
		{6CA1E0E9-8978-4A98-BDDD-25B00ECD33ED}.Ad-Hoc|x64.ActiveCfg = Release|Any CPU
		{6CA1E0E9-8978-4A98-BDDD-25B00ECD33ED}.Ad-Hoc|x64.Build.0 = Release|Any CPU
		{6CA1E0E9-8978-4A98-BDDD-25B00ECD33ED}.Ad-Hoc|x86.ActiveCfg = Release|Any CPU
		{6CA1E0E9-8978-4A98-BDDD-25B00ECD33ED}.Ad-Hoc|x86.Build.0 = Release|Any CPU
		{6CA1E0E9-8978-4A98-BDDD-25B00ECD33ED}.AppStore|Any CPU.ActiveCfg = Release|Any CPU
		{6CA1E0E9-8978-4A98-BDDD-25B00ECD33ED}.AppStore|Any CPU.Build.0 = Release|Any CPU
		{6CA1E0E9-8978-4A98-BDDD-25B00ECD33ED}.AppStore|ARM.ActiveCfg = Release|Any CPU
		{6CA1E0E9-8978-4A98-BDDD-25B00ECD33ED}.AppStore|ARM.Build.0 = Release|Any CPU
		{6CA1E0E9-8978-4A98-BDDD-25B00ECD33ED}.AppStore|iPhone.ActiveCfg = Release|Any CPU
		{6CA1E0E9-8978-4A98-BDDD-25B00ECD33ED}.AppStore|iPhone.Build.0 = Release|Any CPU
		{6CA1E0E9-8978-4A98-BDDD-25B00ECD33ED}.AppStore|iPhoneSimulator.ActiveCfg = Release|Any CPU
		{6CA1E0E9-8978-4A98-BDDD-25B00ECD33ED}.AppStore|iPhoneSimulator.Build.0 = Release|Any CPU
		{6CA1E0E9-8978-4A98-BDDD-25B00ECD33ED}.AppStore|x64.ActiveCfg = Release|Any CPU
		{6CA1E0E9-8978-4A98-BDDD-25B00ECD33ED}.AppStore|x64.Build.0 = Release|Any CPU
		{6CA1E0E9-8978-4A98-BDDD-25B00ECD33ED}.AppStore|x86.ActiveCfg = Release|Any CPU
		{6CA1E0E9-8978-4A98-BDDD-25B00ECD33ED}.AppStore|x86.Build.0 = Release|Any CPU
		{6CA1E0E9-8978-4A98-BDDD-25B00ECD33ED}.Debug|Any CPU.ActiveCfg = Debug|Any CPU
		{6CA1E0E9-8978-4A98-BDDD-25B00ECD33ED}.Debug|Any CPU.Build.0 = Debug|Any CPU
		{6CA1E0E9-8978-4A98-BDDD-25B00ECD33ED}.Debug|ARM.ActiveCfg = Debug|Any CPU
		{6CA1E0E9-8978-4A98-BDDD-25B00ECD33ED}.Debug|ARM.Build.0 = Debug|Any CPU
		{6CA1E0E9-8978-4A98-BDDD-25B00ECD33ED}.Debug|iPhone.ActiveCfg = Debug|Any CPU
		{6CA1E0E9-8978-4A98-BDDD-25B00ECD33ED}.Debug|iPhone.Build.0 = Debug|Any CPU
		{6CA1E0E9-8978-4A98-BDDD-25B00ECD33ED}.Debug|iPhoneSimulator.ActiveCfg = Debug|Any CPU
		{6CA1E0E9-8978-4A98-BDDD-25B00ECD33ED}.Debug|iPhoneSimulator.Build.0 = Debug|Any CPU
		{6CA1E0E9-8978-4A98-BDDD-25B00ECD33ED}.Debug|x64.ActiveCfg = Debug|Any CPU
		{6CA1E0E9-8978-4A98-BDDD-25B00ECD33ED}.Debug|x64.Build.0 = Debug|Any CPU
		{6CA1E0E9-8978-4A98-BDDD-25B00ECD33ED}.Debug|x86.ActiveCfg = Debug|Any CPU
		{6CA1E0E9-8978-4A98-BDDD-25B00ECD33ED}.Debug|x86.Build.0 = Debug|Any CPU
		{6CA1E0E9-8978-4A98-BDDD-25B00ECD33ED}.Release|Any CPU.ActiveCfg = Release|Any CPU
		{6CA1E0E9-8978-4A98-BDDD-25B00ECD33ED}.Release|Any CPU.Build.0 = Release|Any CPU
		{6CA1E0E9-8978-4A98-BDDD-25B00ECD33ED}.Release|ARM.ActiveCfg = Release|Any CPU
		{6CA1E0E9-8978-4A98-BDDD-25B00ECD33ED}.Release|ARM.Build.0 = Release|Any CPU
		{6CA1E0E9-8978-4A98-BDDD-25B00ECD33ED}.Release|iPhone.ActiveCfg = Release|Any CPU
		{6CA1E0E9-8978-4A98-BDDD-25B00ECD33ED}.Release|iPhone.Build.0 = Release|Any CPU
		{6CA1E0E9-8978-4A98-BDDD-25B00ECD33ED}.Release|iPhoneSimulator.ActiveCfg = Release|Any CPU
		{6CA1E0E9-8978-4A98-BDDD-25B00ECD33ED}.Release|iPhoneSimulator.Build.0 = Release|Any CPU
		{6CA1E0E9-8978-4A98-BDDD-25B00ECD33ED}.Release|x64.ActiveCfg = Release|Any CPU
		{6CA1E0E9-8978-4A98-BDDD-25B00ECD33ED}.Release|x64.Build.0 = Release|Any CPU
		{6CA1E0E9-8978-4A98-BDDD-25B00ECD33ED}.Release|x86.ActiveCfg = Release|Any CPU
		{6CA1E0E9-8978-4A98-BDDD-25B00ECD33ED}.Release|x86.Build.0 = Release|Any CPU
	EndGlobalSection
	GlobalSection(SolutionProperties) = preSolution
		HideSolutionNode = FALSE
	EndGlobalSection
EndGlobal
