
Microsoft Visual Studio Solution File, Format Version 12.00
# Visual Studio 14
VisualStudioVersion = 14.0.25123.0
MinimumVisualStudioVersion = 10.0.40219.1
Project("{FAE04EC0-301F-11D3-BF4B-00C04F79EFBC}") = "Acikakademi2.Droid", "Acikakademi2\Acikakademi2.Droid\Acikakademi2.Droid.csproj", "{6C9506A6-4716-490D-9173-A0C341D90707}"
EndProject
Project("{FAE04EC0-301F-11D3-BF4B-00C04F79EFBC}") = "Acikakademi2.iOS", "Acikakademi2\Acikakademi2.iOS\Acikakademi2.iOS.csproj", "{7A7B9175-5B49-47CE-88B7-9BBB7B88C0AC}"
EndProject
Project("{FAE04EC0-301F-11D3-BF4B-00C04F79EFBC}") = "Acikakademi2.WinPhone", "Acikakademi2\Acikakademi2.WinPhone\Acikakademi2.WinPhone.csproj", "{2673B0E8-A82C-4709-8248-103564227BD4}"
EndProject
Project("{FAE04EC0-301F-11D3-BF4B-00C04F79EFBC}") = "Acikakademi2.Windows", "Acikakademi2\Acikakademi2.Windows\Acikakademi2.Windows.csproj", "{11E5AF9C-6881-4763-8CE1-4D47AAFEDC71}"
EndProject
Project("{FAE04EC0-301F-11D3-BF4B-00C04F79EFBC}") = "Acikakademi2", "Acikakademi2\Acikakademi2\Acikakademi2.csproj", "{531C89D9-8C9C-44E2-A666-1BD8AEC02C00}"
EndProject
Global
	GlobalSection(SolutionConfigurationPlatforms) = preSolution
		Ad-Hoc|Any CPU = Ad-Hoc|Any CPU
		Ad-Hoc|ARM = Ad-Hoc|ARM
		Ad-Hoc|iPhone = Ad-Hoc|iPhone
		Ad-Hoc|iPhoneSimulator = Ad-Hoc|iPhoneSimulator
		Ad-Hoc|x64 = Ad-Hoc|x64
		Ad-Hoc|x86 = Ad-Hoc|x86
		AppStore|Any CPU = AppStore|Any CPU
		AppStore|ARM = AppStore|ARM
		AppStore|iPhone = AppStore|iPhone
		AppStore|iPhoneSimulator = AppStore|iPhoneSimulator
		AppStore|x64 = AppStore|x64
		AppStore|x86 = AppStore|x86
		Debug|Any CPU = Debug|Any CPU
		Debug|ARM = Debug|ARM
		Debug|iPhone = Debug|iPhone
		Debug|iPhoneSimulator = Debug|iPhoneSimulator
		Debug|x64 = Debug|x64
		Debug|x86 = Debug|x86
		Release|Any CPU = Release|Any CPU
		Release|ARM = Release|ARM
		Release|iPhone = Release|iPhone
		Release|iPhoneSimulator = Release|iPhoneSimulator
		Release|x64 = Release|x64
		Release|x86 = Release|x86
	EndGlobalSection
	GlobalSection(ProjectConfigurationPlatforms) = postSolution
		{6C9506A6-4716-490D-9173-A0C341D90707}.Ad-Hoc|Any CPU.ActiveCfg = Release|Any CPU
		{6C9506A6-4716-490D-9173-A0C341D90707}.Ad-Hoc|Any CPU.Build.0 = Release|Any CPU
		{6C9506A6-4716-490D-9173-A0C341D90707}.Ad-Hoc|Any CPU.Deploy.0 = Release|Any CPU
		{6C9506A6-4716-490D-9173-A0C341D90707}.Ad-Hoc|ARM.ActiveCfg = Release|Any CPU
		{6C9506A6-4716-490D-9173-A0C341D90707}.Ad-Hoc|ARM.Build.0 = Release|Any CPU
		{6C9506A6-4716-490D-9173-A0C341D90707}.Ad-Hoc|ARM.Deploy.0 = Release|Any CPU
		{6C9506A6-4716-490D-9173-A0C341D90707}.Ad-Hoc|iPhone.ActiveCfg = Release|Any CPU
		{6C9506A6-4716-490D-9173-A0C341D90707}.Ad-Hoc|iPhone.Build.0 = Release|Any CPU
		{6C9506A6-4716-490D-9173-A0C341D90707}.Ad-Hoc|iPhone.Deploy.0 = Release|Any CPU
		{6C9506A6-4716-490D-9173-A0C341D90707}.Ad-Hoc|iPhoneSimulator.ActiveCfg = Release|Any CPU
		{6C9506A6-4716-490D-9173-A0C341D90707}.Ad-Hoc|iPhoneSimulator.Build.0 = Release|Any CPU
		{6C9506A6-4716-490D-9173-A0C341D90707}.Ad-Hoc|iPhoneSimulator.Deploy.0 = Release|Any CPU
		{6C9506A6-4716-490D-9173-A0C341D90707}.Ad-Hoc|x64.ActiveCfg = Release|Any CPU
		{6C9506A6-4716-490D-9173-A0C341D90707}.Ad-Hoc|x64.Build.0 = Release|Any CPU
		{6C9506A6-4716-490D-9173-A0C341D90707}.Ad-Hoc|x64.Deploy.0 = Release|Any CPU
		{6C9506A6-4716-490D-9173-A0C341D90707}.Ad-Hoc|x86.ActiveCfg = Release|Any CPU
		{6C9506A6-4716-490D-9173-A0C341D90707}.Ad-Hoc|x86.Build.0 = Release|Any CPU
		{6C9506A6-4716-490D-9173-A0C341D90707}.Ad-Hoc|x86.Deploy.0 = Release|Any CPU
		{6C9506A6-4716-490D-9173-A0C341D90707}.AppStore|Any CPU.ActiveCfg = Release|Any CPU
		{6C9506A6-4716-490D-9173-A0C341D90707}.AppStore|Any CPU.Build.0 = Release|Any CPU
		{6C9506A6-4716-490D-9173-A0C341D90707}.AppStore|Any CPU.Deploy.0 = Release|Any CPU
		{6C9506A6-4716-490D-9173-A0C341D90707}.AppStore|ARM.ActiveCfg = Release|Any CPU
		{6C9506A6-4716-490D-9173-A0C341D90707}.AppStore|ARM.Build.0 = Release|Any CPU
		{6C9506A6-4716-490D-9173-A0C341D90707}.AppStore|ARM.Deploy.0 = Release|Any CPU
		{6C9506A6-4716-490D-9173-A0C341D90707}.AppStore|iPhone.ActiveCfg = Release|Any CPU
		{6C9506A6-4716-490D-9173-A0C341D90707}.AppStore|iPhone.Build.0 = Release|Any CPU
		{6C9506A6-4716-490D-9173-A0C341D90707}.AppStore|iPhone.Deploy.0 = Release|Any CPU
		{6C9506A6-4716-490D-9173-A0C341D90707}.AppStore|iPhoneSimulator.ActiveCfg = Release|Any CPU
		{6C9506A6-4716-490D-9173-A0C341D90707}.AppStore|iPhoneSimulator.Build.0 = Release|Any CPU
		{6C9506A6-4716-490D-9173-A0C341D90707}.AppStore|iPhoneSimulator.Deploy.0 = Release|Any CPU
		{6C9506A6-4716-490D-9173-A0C341D90707}.AppStore|x64.ActiveCfg = Release|Any CPU
		{6C9506A6-4716-490D-9173-A0C341D90707}.AppStore|x64.Build.0 = Release|Any CPU
		{6C9506A6-4716-490D-9173-A0C341D90707}.AppStore|x64.Deploy.0 = Release|Any CPU
		{6C9506A6-4716-490D-9173-A0C341D90707}.AppStore|x86.ActiveCfg = Release|Any CPU
		{6C9506A6-4716-490D-9173-A0C341D90707}.AppStore|x86.Build.0 = Release|Any CPU
		{6C9506A6-4716-490D-9173-A0C341D90707}.AppStore|x86.Deploy.0 = Release|Any CPU
		{6C9506A6-4716-490D-9173-A0C341D90707}.Debug|Any CPU.ActiveCfg = Debug|Any CPU
		{6C9506A6-4716-490D-9173-A0C341D90707}.Debug|Any CPU.Build.0 = Debug|Any CPU
		{6C9506A6-4716-490D-9173-A0C341D90707}.Debug|Any CPU.Deploy.0 = Debug|Any CPU
		{6C9506A6-4716-490D-9173-A0C341D90707}.Debug|ARM.ActiveCfg = Debug|Any CPU
		{6C9506A6-4716-490D-9173-A0C341D90707}.Debug|ARM.Build.0 = Debug|Any CPU
		{6C9506A6-4716-490D-9173-A0C341D90707}.Debug|ARM.Deploy.0 = Debug|Any CPU
		{6C9506A6-4716-490D-9173-A0C341D90707}.Debug|iPhone.ActiveCfg = Debug|Any CPU
		{6C9506A6-4716-490D-9173-A0C341D90707}.Debug|iPhone.Build.0 = Debug|Any CPU
		{6C9506A6-4716-490D-9173-A0C341D90707}.Debug|iPhone.Deploy.0 = Debug|Any CPU
		{6C9506A6-4716-490D-9173-A0C341D90707}.Debug|iPhoneSimulator.ActiveCfg = Debug|Any CPU
		{6C9506A6-4716-490D-9173-A0C341D90707}.Debug|iPhoneSimulator.Build.0 = Debug|Any CPU
		{6C9506A6-4716-490D-9173-A0C341D90707}.Debug|iPhoneSimulator.Deploy.0 = Debug|Any CPU
		{6C9506A6-4716-490D-9173-A0C341D90707}.Debug|x64.ActiveCfg = Debug|Any CPU
		{6C9506A6-4716-490D-9173-A0C341D90707}.Debug|x64.Build.0 = Debug|Any CPU
		{6C9506A6-4716-490D-9173-A0C341D90707}.Debug|x64.Deploy.0 = Debug|Any CPU
		{6C9506A6-4716-490D-9173-A0C341D90707}.Debug|x86.ActiveCfg = Debug|Any CPU
		{6C9506A6-4716-490D-9173-A0C341D90707}.Debug|x86.Build.0 = Debug|Any CPU
		{6C9506A6-4716-490D-9173-A0C341D90707}.Debug|x86.Deploy.0 = Debug|Any CPU
		{6C9506A6-4716-490D-9173-A0C341D90707}.Release|Any CPU.ActiveCfg = Release|Any CPU
		{6C9506A6-4716-490D-9173-A0C341D90707}.Release|Any CPU.Build.0 = Release|Any CPU
		{6C9506A6-4716-490D-9173-A0C341D90707}.Release|Any CPU.Deploy.0 = Release|Any CPU
		{6C9506A6-4716-490D-9173-A0C341D90707}.Release|ARM.ActiveCfg = Release|Any CPU
		{6C9506A6-4716-490D-9173-A0C341D90707}.Release|ARM.Build.0 = Release|Any CPU
		{6C9506A6-4716-490D-9173-A0C341D90707}.Release|ARM.Deploy.0 = Release|Any CPU
		{6C9506A6-4716-490D-9173-A0C341D90707}.Release|iPhone.ActiveCfg = Release|Any CPU
		{6C9506A6-4716-490D-9173-A0C341D90707}.Release|iPhone.Build.0 = Release|Any CPU
		{6C9506A6-4716-490D-9173-A0C341D90707}.Release|iPhone.Deploy.0 = Release|Any CPU
		{6C9506A6-4716-490D-9173-A0C341D90707}.Release|iPhoneSimulator.ActiveCfg = Release|Any CPU
		{6C9506A6-4716-490D-9173-A0C341D90707}.Release|iPhoneSimulator.Build.0 = Release|Any CPU
		{6C9506A6-4716-490D-9173-A0C341D90707}.Release|iPhoneSimulator.Deploy.0 = Release|Any CPU
		{6C9506A6-4716-490D-9173-A0C341D90707}.Release|x64.ActiveCfg = Release|Any CPU
		{6C9506A6-4716-490D-9173-A0C341D90707}.Release|x64.Build.0 = Release|Any CPU
		{6C9506A6-4716-490D-9173-A0C341D90707}.Release|x64.Deploy.0 = Release|Any CPU
		{6C9506A6-4716-490D-9173-A0C341D90707}.Release|x86.ActiveCfg = Release|Any CPU
		{6C9506A6-4716-490D-9173-A0C341D90707}.Release|x86.Build.0 = Release|Any CPU
		{6C9506A6-4716-490D-9173-A0C341D90707}.Release|x86.Deploy.0 = Release|Any CPU
		{7A7B9175-5B49-47CE-88B7-9BBB7B88C0AC}.Ad-Hoc|Any CPU.ActiveCfg = Ad-Hoc|iPhone
		{7A7B9175-5B49-47CE-88B7-9BBB7B88C0AC}.Ad-Hoc|ARM.ActiveCfg = Ad-Hoc|iPhone
		{7A7B9175-5B49-47CE-88B7-9BBB7B88C0AC}.Ad-Hoc|iPhone.ActiveCfg = Ad-Hoc|iPhone
		{7A7B9175-5B49-47CE-88B7-9BBB7B88C0AC}.Ad-Hoc|iPhone.Build.0 = Ad-Hoc|iPhone
		{7A7B9175-5B49-47CE-88B7-9BBB7B88C0AC}.Ad-Hoc|iPhoneSimulator.ActiveCfg = Ad-Hoc|iPhoneSimulator
		{7A7B9175-5B49-47CE-88B7-9BBB7B88C0AC}.Ad-Hoc|iPhoneSimulator.Build.0 = Ad-Hoc|iPhoneSimulator
		{7A7B9175-5B49-47CE-88B7-9BBB7B88C0AC}.Ad-Hoc|x64.ActiveCfg = Ad-Hoc|iPhone
		{7A7B9175-5B49-47CE-88B7-9BBB7B88C0AC}.Ad-Hoc|x86.ActiveCfg = Ad-Hoc|iPhone
		{7A7B9175-5B49-47CE-88B7-9BBB7B88C0AC}.AppStore|Any CPU.ActiveCfg = AppStore|iPhone
		{7A7B9175-5B49-47CE-88B7-9BBB7B88C0AC}.AppStore|ARM.ActiveCfg = AppStore|iPhone
		{7A7B9175-5B49-47CE-88B7-9BBB7B88C0AC}.AppStore|iPhone.ActiveCfg = AppStore|iPhone
		{7A7B9175-5B49-47CE-88B7-9BBB7B88C0AC}.AppStore|iPhone.Build.0 = AppStore|iPhone
		{7A7B9175-5B49-47CE-88B7-9BBB7B88C0AC}.AppStore|iPhoneSimulator.ActiveCfg = AppStore|iPhoneSimulator
		{7A7B9175-5B49-47CE-88B7-9BBB7B88C0AC}.AppStore|iPhoneSimulator.Build.0 = AppStore|iPhoneSimulator
		{7A7B9175-5B49-47CE-88B7-9BBB7B88C0AC}.AppStore|x64.ActiveCfg = AppStore|iPhone
		{7A7B9175-5B49-47CE-88B7-9BBB7B88C0AC}.AppStore|x86.ActiveCfg = AppStore|iPhone
		{7A7B9175-5B49-47CE-88B7-9BBB7B88C0AC}.Debug|Any CPU.ActiveCfg = Debug|iPhone
		{7A7B9175-5B49-47CE-88B7-9BBB7B88C0AC}.Debug|ARM.ActiveCfg = Debug|iPhone
		{7A7B9175-5B49-47CE-88B7-9BBB7B88C0AC}.Debug|iPhone.ActiveCfg = Debug|iPhone
		{7A7B9175-5B49-47CE-88B7-9BBB7B88C0AC}.Debug|iPhone.Build.0 = Debug|iPhone
		{7A7B9175-5B49-47CE-88B7-9BBB7B88C0AC}.Debug|iPhoneSimulator.ActiveCfg = Debug|iPhoneSimulator
		{7A7B9175-5B49-47CE-88B7-9BBB7B88C0AC}.Debug|iPhoneSimulator.Build.0 = Debug|iPhoneSimulator
		{7A7B9175-5B49-47CE-88B7-9BBB7B88C0AC}.Debug|x64.ActiveCfg = Debug|iPhone
		{7A7B9175-5B49-47CE-88B7-9BBB7B88C0AC}.Debug|x86.ActiveCfg = Debug|iPhone
		{7A7B9175-5B49-47CE-88B7-9BBB7B88C0AC}.Release|Any CPU.ActiveCfg = Release|iPhone
		{7A7B9175-5B49-47CE-88B7-9BBB7B88C0AC}.Release|ARM.ActiveCfg = Release|iPhone
		{7A7B9175-5B49-47CE-88B7-9BBB7B88C0AC}.Release|iPhone.ActiveCfg = Release|iPhone
		{7A7B9175-5B49-47CE-88B7-9BBB7B88C0AC}.Release|iPhone.Build.0 = Release|iPhone
		{7A7B9175-5B49-47CE-88B7-9BBB7B88C0AC}.Release|iPhoneSimulator.ActiveCfg = Release|iPhoneSimulator
		{7A7B9175-5B49-47CE-88B7-9BBB7B88C0AC}.Release|iPhoneSimulator.Build.0 = Release|iPhoneSimulator
		{7A7B9175-5B49-47CE-88B7-9BBB7B88C0AC}.Release|x64.ActiveCfg = Release|iPhone
		{7A7B9175-5B49-47CE-88B7-9BBB7B88C0AC}.Release|x86.ActiveCfg = Release|iPhone
		{2673B0E8-A82C-4709-8248-103564227BD4}.Ad-Hoc|Any CPU.ActiveCfg = Release|Any CPU
		{2673B0E8-A82C-4709-8248-103564227BD4}.Ad-Hoc|Any CPU.Build.0 = Release|Any CPU
		{2673B0E8-A82C-4709-8248-103564227BD4}.Ad-Hoc|Any CPU.Deploy.0 = Release|Any CPU
		{2673B0E8-A82C-4709-8248-103564227BD4}.Ad-Hoc|ARM.ActiveCfg = Release|ARM
		{2673B0E8-A82C-4709-8248-103564227BD4}.Ad-Hoc|ARM.Build.0 = Release|ARM
		{2673B0E8-A82C-4709-8248-103564227BD4}.Ad-Hoc|ARM.Deploy.0 = Release|ARM
		{2673B0E8-A82C-4709-8248-103564227BD4}.Ad-Hoc|iPhone.ActiveCfg = Release|Any CPU
		{2673B0E8-A82C-4709-8248-103564227BD4}.Ad-Hoc|iPhone.Build.0 = Release|Any CPU
		{2673B0E8-A82C-4709-8248-103564227BD4}.Ad-Hoc|iPhone.Deploy.0 = Release|Any CPU
		{2673B0E8-A82C-4709-8248-103564227BD4}.Ad-Hoc|iPhoneSimulator.ActiveCfg = Release|Any CPU
		{2673B0E8-A82C-4709-8248-103564227BD4}.Ad-Hoc|iPhoneSimulator.Build.0 = Release|Any CPU
		{2673B0E8-A82C-4709-8248-103564227BD4}.Ad-Hoc|iPhoneSimulator.Deploy.0 = Release|Any CPU
		{2673B0E8-A82C-4709-8248-103564227BD4}.Ad-Hoc|x64.ActiveCfg = Release|Any CPU
		{2673B0E8-A82C-4709-8248-103564227BD4}.Ad-Hoc|x64.Build.0 = Release|Any CPU
		{2673B0E8-A82C-4709-8248-103564227BD4}.Ad-Hoc|x64.Deploy.0 = Release|Any CPU
		{2673B0E8-A82C-4709-8248-103564227BD4}.Ad-Hoc|x86.ActiveCfg = Release|x86
		{2673B0E8-A82C-4709-8248-103564227BD4}.Ad-Hoc|x86.Build.0 = Release|x86
		{2673B0E8-A82C-4709-8248-103564227BD4}.Ad-Hoc|x86.Deploy.0 = Release|x86
		{2673B0E8-A82C-4709-8248-103564227BD4}.AppStore|Any CPU.ActiveCfg = Release|Any CPU
		{2673B0E8-A82C-4709-8248-103564227BD4}.AppStore|Any CPU.Build.0 = Release|Any CPU
		{2673B0E8-A82C-4709-8248-103564227BD4}.AppStore|Any CPU.Deploy.0 = Release|Any CPU
		{2673B0E8-A82C-4709-8248-103564227BD4}.AppStore|ARM.ActiveCfg = Release|ARM
		{2673B0E8-A82C-4709-8248-103564227BD4}.AppStore|ARM.Build.0 = Release|ARM
		{2673B0E8-A82C-4709-8248-103564227BD4}.AppStore|ARM.Deploy.0 = Release|ARM
		{2673B0E8-A82C-4709-8248-103564227BD4}.AppStore|iPhone.ActiveCfg = Release|Any CPU
		{2673B0E8-A82C-4709-8248-103564227BD4}.AppStore|iPhone.Build.0 = Release|Any CPU
		{2673B0E8-A82C-4709-8248-103564227BD4}.AppStore|iPhone.Deploy.0 = Release|Any CPU
		{2673B0E8-A82C-4709-8248-103564227BD4}.AppStore|iPhoneSimulator.ActiveCfg = Release|Any CPU
		{2673B0E8-A82C-4709-8248-103564227BD4}.AppStore|iPhoneSimulator.Build.0 = Release|Any CPU
		{2673B0E8-A82C-4709-8248-103564227BD4}.AppStore|iPhoneSimulator.Deploy.0 = Release|Any CPU
		{2673B0E8-A82C-4709-8248-103564227BD4}.AppStore|x64.ActiveCfg = Release|Any CPU
		{2673B0E8-A82C-4709-8248-103564227BD4}.AppStore|x64.Build.0 = Release|Any CPU
		{2673B0E8-A82C-4709-8248-103564227BD4}.AppStore|x64.Deploy.0 = Release|Any CPU
		{2673B0E8-A82C-4709-8248-103564227BD4}.AppStore|x86.ActiveCfg = Release|x86
		{2673B0E8-A82C-4709-8248-103564227BD4}.AppStore|x86.Build.0 = Release|x86
		{2673B0E8-A82C-4709-8248-103564227BD4}.AppStore|x86.Deploy.0 = Release|x86
		{2673B0E8-A82C-4709-8248-103564227BD4}.Debug|Any CPU.ActiveCfg = Debug|Any CPU
		{2673B0E8-A82C-4709-8248-103564227BD4}.Debug|Any CPU.Build.0 = Debug|Any CPU
		{2673B0E8-A82C-4709-8248-103564227BD4}.Debug|Any CPU.Deploy.0 = Debug|Any CPU
		{2673B0E8-A82C-4709-8248-103564227BD4}.Debug|ARM.ActiveCfg = Debug|ARM
		{2673B0E8-A82C-4709-8248-103564227BD4}.Debug|ARM.Build.0 = Debug|ARM
		{2673B0E8-A82C-4709-8248-103564227BD4}.Debug|ARM.Deploy.0 = Debug|ARM
		{2673B0E8-A82C-4709-8248-103564227BD4}.Debug|iPhone.ActiveCfg = Debug|Any CPU
		{2673B0E8-A82C-4709-8248-103564227BD4}.Debug|iPhone.Build.0 = Debug|Any CPU
		{2673B0E8-A82C-4709-8248-103564227BD4}.Debug|iPhone.Deploy.0 = Debug|Any CPU
		{2673B0E8-A82C-4709-8248-103564227BD4}.Debug|iPhoneSimulator.ActiveCfg = Debug|Any CPU
		{2673B0E8-A82C-4709-8248-103564227BD4}.Debug|iPhoneSimulator.Build.0 = Debug|Any CPU
		{2673B0E8-A82C-4709-8248-103564227BD4}.Debug|iPhoneSimulator.Deploy.0 = Debug|Any CPU
		{2673B0E8-A82C-4709-8248-103564227BD4}.Debug|x64.ActiveCfg = Debug|Any CPU
		{2673B0E8-A82C-4709-8248-103564227BD4}.Debug|x64.Build.0 = Debug|Any CPU
		{2673B0E8-A82C-4709-8248-103564227BD4}.Debug|x64.Deploy.0 = Debug|Any CPU
		{2673B0E8-A82C-4709-8248-103564227BD4}.Debug|x86.ActiveCfg = Debug|x86
		{2673B0E8-A82C-4709-8248-103564227BD4}.Debug|x86.Build.0 = Debug|x86
		{2673B0E8-A82C-4709-8248-103564227BD4}.Debug|x86.Deploy.0 = Debug|x86
		{2673B0E8-A82C-4709-8248-103564227BD4}.Release|Any CPU.ActiveCfg = Release|Any CPU
		{2673B0E8-A82C-4709-8248-103564227BD4}.Release|Any CPU.Build.0 = Release|Any CPU
		{2673B0E8-A82C-4709-8248-103564227BD4}.Release|Any CPU.Deploy.0 = Release|Any CPU
		{2673B0E8-A82C-4709-8248-103564227BD4}.Release|ARM.ActiveCfg = Release|ARM
		{2673B0E8-A82C-4709-8248-103564227BD4}.Release|ARM.Build.0 = Release|ARM
		{2673B0E8-A82C-4709-8248-103564227BD4}.Release|ARM.Deploy.0 = Release|ARM
		{2673B0E8-A82C-4709-8248-103564227BD4}.Release|iPhone.ActiveCfg = Release|Any CPU
		{2673B0E8-A82C-4709-8248-103564227BD4}.Release|iPhone.Build.0 = Release|Any CPU
		{2673B0E8-A82C-4709-8248-103564227BD4}.Release|iPhone.Deploy.0 = Release|Any CPU
		{2673B0E8-A82C-4709-8248-103564227BD4}.Release|iPhoneSimulator.ActiveCfg = Release|Any CPU
		{2673B0E8-A82C-4709-8248-103564227BD4}.Release|iPhoneSimulator.Build.0 = Release|Any CPU
		{2673B0E8-A82C-4709-8248-103564227BD4}.Release|iPhoneSimulator.Deploy.0 = Release|Any CPU
		{2673B0E8-A82C-4709-8248-103564227BD4}.Release|x64.ActiveCfg = Release|Any CPU
		{2673B0E8-A82C-4709-8248-103564227BD4}.Release|x64.Build.0 = Release|Any CPU
		{2673B0E8-A82C-4709-8248-103564227BD4}.Release|x64.Deploy.0 = Release|Any CPU
		{2673B0E8-A82C-4709-8248-103564227BD4}.Release|x86.ActiveCfg = Release|x86
		{2673B0E8-A82C-4709-8248-103564227BD4}.Release|x86.Build.0 = Release|x86
		{2673B0E8-A82C-4709-8248-103564227BD4}.Release|x86.Deploy.0 = Release|x86
		{11E5AF9C-6881-4763-8CE1-4D47AAFEDC71}.Ad-Hoc|Any CPU.ActiveCfg = Release|Any CPU
		{11E5AF9C-6881-4763-8CE1-4D47AAFEDC71}.Ad-Hoc|Any CPU.Build.0 = Release|Any CPU
		{11E5AF9C-6881-4763-8CE1-4D47AAFEDC71}.Ad-Hoc|Any CPU.Deploy.0 = Release|Any CPU
		{11E5AF9C-6881-4763-8CE1-4D47AAFEDC71}.Ad-Hoc|ARM.ActiveCfg = Release|ARM
		{11E5AF9C-6881-4763-8CE1-4D47AAFEDC71}.Ad-Hoc|ARM.Build.0 = Release|ARM
		{11E5AF9C-6881-4763-8CE1-4D47AAFEDC71}.Ad-Hoc|ARM.Deploy.0 = Release|ARM
		{11E5AF9C-6881-4763-8CE1-4D47AAFEDC71}.Ad-Hoc|iPhone.ActiveCfg = Release|Any CPU
		{11E5AF9C-6881-4763-8CE1-4D47AAFEDC71}.Ad-Hoc|iPhone.Build.0 = Release|Any CPU
		{11E5AF9C-6881-4763-8CE1-4D47AAFEDC71}.Ad-Hoc|iPhone.Deploy.0 = Release|Any CPU
		{11E5AF9C-6881-4763-8CE1-4D47AAFEDC71}.Ad-Hoc|iPhoneSimulator.ActiveCfg = Release|Any CPU
		{11E5AF9C-6881-4763-8CE1-4D47AAFEDC71}.Ad-Hoc|iPhoneSimulator.Build.0 = Release|Any CPU
		{11E5AF9C-6881-4763-8CE1-4D47AAFEDC71}.Ad-Hoc|iPhoneSimulator.Deploy.0 = Release|Any CPU
		{11E5AF9C-6881-4763-8CE1-4D47AAFEDC71}.Ad-Hoc|x64.ActiveCfg = Release|x64
		{11E5AF9C-6881-4763-8CE1-4D47AAFEDC71}.Ad-Hoc|x64.Build.0 = Release|x64
		{11E5AF9C-6881-4763-8CE1-4D47AAFEDC71}.Ad-Hoc|x64.Deploy.0 = Release|x64
		{11E5AF9C-6881-4763-8CE1-4D47AAFEDC71}.Ad-Hoc|x86.ActiveCfg = Release|x86
		{11E5AF9C-6881-4763-8CE1-4D47AAFEDC71}.Ad-Hoc|x86.Build.0 = Release|x86
		{11E5AF9C-6881-4763-8CE1-4D47AAFEDC71}.Ad-Hoc|x86.Deploy.0 = Release|x86
		{11E5AF9C-6881-4763-8CE1-4D47AAFEDC71}.AppStore|Any CPU.ActiveCfg = Release|Any CPU
		{11E5AF9C-6881-4763-8CE1-4D47AAFEDC71}.AppStore|Any CPU.Build.0 = Release|Any CPU
		{11E5AF9C-6881-4763-8CE1-4D47AAFEDC71}.AppStore|Any CPU.Deploy.0 = Release|Any CPU
		{11E5AF9C-6881-4763-8CE1-4D47AAFEDC71}.AppStore|ARM.ActiveCfg = Release|ARM
		{11E5AF9C-6881-4763-8CE1-4D47AAFEDC71}.AppStore|ARM.Build.0 = Release|ARM
		{11E5AF9C-6881-4763-8CE1-4D47AAFEDC71}.AppStore|ARM.Deploy.0 = Release|ARM
		{11E5AF9C-6881-4763-8CE1-4D47AAFEDC71}.AppStore|iPhone.ActiveCfg = Release|Any CPU
		{11E5AF9C-6881-4763-8CE1-4D47AAFEDC71}.AppStore|iPhone.Build.0 = Release|Any CPU
		{11E5AF9C-6881-4763-8CE1-4D47AAFEDC71}.AppStore|iPhone.Deploy.0 = Release|Any CPU
		{11E5AF9C-6881-4763-8CE1-4D47AAFEDC71}.AppStore|iPhoneSimulator.ActiveCfg = Release|Any CPU
		{11E5AF9C-6881-4763-8CE1-4D47AAFEDC71}.AppStore|iPhoneSimulator.Build.0 = Release|Any CPU
		{11E5AF9C-6881-4763-8CE1-4D47AAFEDC71}.AppStore|iPhoneSimulator.Deploy.0 = Release|Any CPU
		{11E5AF9C-6881-4763-8CE1-4D47AAFEDC71}.AppStore|x64.ActiveCfg = Release|x64
		{11E5AF9C-6881-4763-8CE1-4D47AAFEDC71}.AppStore|x64.Build.0 = Release|x64
		{11E5AF9C-6881-4763-8CE1-4D47AAFEDC71}.AppStore|x64.Deploy.0 = Release|x64
		{11E5AF9C-6881-4763-8CE1-4D47AAFEDC71}.AppStore|x86.ActiveCfg = Release|x86
		{11E5AF9C-6881-4763-8CE1-4D47AAFEDC71}.AppStore|x86.Build.0 = Release|x86
		{11E5AF9C-6881-4763-8CE1-4D47AAFEDC71}.AppStore|x86.Deploy.0 = Release|x86
		{11E5AF9C-6881-4763-8CE1-4D47AAFEDC71}.Debug|Any CPU.ActiveCfg = Debug|Any CPU
		{11E5AF9C-6881-4763-8CE1-4D47AAFEDC71}.Debug|Any CPU.Build.0 = Debug|Any CPU
		{11E5AF9C-6881-4763-8CE1-4D47AAFEDC71}.Debug|Any CPU.Deploy.0 = Debug|Any CPU
		{11E5AF9C-6881-4763-8CE1-4D47AAFEDC71}.Debug|ARM.ActiveCfg = Debug|ARM
		{11E5AF9C-6881-4763-8CE1-4D47AAFEDC71}.Debug|ARM.Build.0 = Debug|ARM
		{11E5AF9C-6881-4763-8CE1-4D47AAFEDC71}.Debug|ARM.Deploy.0 = Debug|ARM
		{11E5AF9C-6881-4763-8CE1-4D47AAFEDC71}.Debug|iPhone.ActiveCfg = Debug|Any CPU
		{11E5AF9C-6881-4763-8CE1-4D47AAFEDC71}.Debug|iPhone.Build.0 = Debug|Any CPU
		{11E5AF9C-6881-4763-8CE1-4D47AAFEDC71}.Debug|iPhone.Deploy.0 = Debug|Any CPU
		{11E5AF9C-6881-4763-8CE1-4D47AAFEDC71}.Debug|iPhoneSimulator.ActiveCfg = Debug|Any CPU
		{11E5AF9C-6881-4763-8CE1-4D47AAFEDC71}.Debug|iPhoneSimulator.Build.0 = Debug|Any CPU
		{11E5AF9C-6881-4763-8CE1-4D47AAFEDC71}.Debug|iPhoneSimulator.Deploy.0 = Debug|Any CPU
		{11E5AF9C-6881-4763-8CE1-4D47AAFEDC71}.Debug|x64.ActiveCfg = Debug|x64
		{11E5AF9C-6881-4763-8CE1-4D47AAFEDC71}.Debug|x64.Build.0 = Debug|x64
		{11E5AF9C-6881-4763-8CE1-4D47AAFEDC71}.Debug|x64.Deploy.0 = Debug|x64
		{11E5AF9C-6881-4763-8CE1-4D47AAFEDC71}.Debug|x86.ActiveCfg = Debug|x86
		{11E5AF9C-6881-4763-8CE1-4D47AAFEDC71}.Debug|x86.Build.0 = Debug|x86
		{11E5AF9C-6881-4763-8CE1-4D47AAFEDC71}.Debug|x86.Deploy.0 = Debug|x86
		{11E5AF9C-6881-4763-8CE1-4D47AAFEDC71}.Release|Any CPU.ActiveCfg = Release|Any CPU
		{11E5AF9C-6881-4763-8CE1-4D47AAFEDC71}.Release|Any CPU.Build.0 = Release|Any CPU
		{11E5AF9C-6881-4763-8CE1-4D47AAFEDC71}.Release|Any CPU.Deploy.0 = Release|Any CPU
		{11E5AF9C-6881-4763-8CE1-4D47AAFEDC71}.Release|ARM.ActiveCfg = Release|ARM
		{11E5AF9C-6881-4763-8CE1-4D47AAFEDC71}.Release|ARM.Build.0 = Release|ARM
		{11E5AF9C-6881-4763-8CE1-4D47AAFEDC71}.Release|ARM.Deploy.0 = Release|ARM
		{11E5AF9C-6881-4763-8CE1-4D47AAFEDC71}.Release|iPhone.ActiveCfg = Release|Any CPU
		{11E5AF9C-6881-4763-8CE1-4D47AAFEDC71}.Release|iPhone.Build.0 = Release|Any CPU
		{11E5AF9C-6881-4763-8CE1-4D47AAFEDC71}.Release|iPhone.Deploy.0 = Release|Any CPU
		{11E5AF9C-6881-4763-8CE1-4D47AAFEDC71}.Release|iPhoneSimulator.ActiveCfg = Release|Any CPU
		{11E5AF9C-6881-4763-8CE1-4D47AAFEDC71}.Release|iPhoneSimulator.Build.0 = Release|Any CPU
		{11E5AF9C-6881-4763-8CE1-4D47AAFEDC71}.Release|iPhoneSimulator.Deploy.0 = Release|Any CPU
		{11E5AF9C-6881-4763-8CE1-4D47AAFEDC71}.Release|x64.ActiveCfg = Release|x64
		{11E5AF9C-6881-4763-8CE1-4D47AAFEDC71}.Release|x64.Build.0 = Release|x64
		{11E5AF9C-6881-4763-8CE1-4D47AAFEDC71}.Release|x64.Deploy.0 = Release|x64
		{11E5AF9C-6881-4763-8CE1-4D47AAFEDC71}.Release|x86.ActiveCfg = Release|x86
		{11E5AF9C-6881-4763-8CE1-4D47AAFEDC71}.Release|x86.Build.0 = Release|x86
		{11E5AF9C-6881-4763-8CE1-4D47AAFEDC71}.Release|x86.Deploy.0 = Release|x86
		{531C89D9-8C9C-44E2-A666-1BD8AEC02C00}.Ad-Hoc|Any CPU.ActiveCfg = Release|Any CPU
		{531C89D9-8C9C-44E2-A666-1BD8AEC02C00}.Ad-Hoc|Any CPU.Build.0 = Release|Any CPU
		{531C89D9-8C9C-44E2-A666-1BD8AEC02C00}.Ad-Hoc|ARM.ActiveCfg = Release|Any CPU
		{531C89D9-8C9C-44E2-A666-1BD8AEC02C00}.Ad-Hoc|ARM.Build.0 = Release|Any CPU
		{531C89D9-8C9C-44E2-A666-1BD8AEC02C00}.Ad-Hoc|iPhone.ActiveCfg = Release|Any CPU
		{531C89D9-8C9C-44E2-A666-1BD8AEC02C00}.Ad-Hoc|iPhone.Build.0 = Release|Any CPU
		{531C89D9-8C9C-44E2-A666-1BD8AEC02C00}.Ad-Hoc|iPhoneSimulator.ActiveCfg = Release|Any CPU
		{531C89D9-8C9C-44E2-A666-1BD8AEC02C00}.Ad-Hoc|iPhoneSimulator.Build.0 = Release|Any CPU
		{531C89D9-8C9C-44E2-A666-1BD8AEC02C00}.Ad-Hoc|x64.ActiveCfg = Release|Any CPU
		{531C89D9-8C9C-44E2-A666-1BD8AEC02C00}.Ad-Hoc|x64.Build.0 = Release|Any CPU
		{531C89D9-8C9C-44E2-A666-1BD8AEC02C00}.Ad-Hoc|x86.ActiveCfg = Release|Any CPU
		{531C89D9-8C9C-44E2-A666-1BD8AEC02C00}.Ad-Hoc|x86.Build.0 = Release|Any CPU
		{531C89D9-8C9C-44E2-A666-1BD8AEC02C00}.AppStore|Any CPU.ActiveCfg = Release|Any CPU
		{531C89D9-8C9C-44E2-A666-1BD8AEC02C00}.AppStore|Any CPU.Build.0 = Release|Any CPU
		{531C89D9-8C9C-44E2-A666-1BD8AEC02C00}.AppStore|ARM.ActiveCfg = Release|Any CPU
		{531C89D9-8C9C-44E2-A666-1BD8AEC02C00}.AppStore|ARM.Build.0 = Release|Any CPU
		{531C89D9-8C9C-44E2-A666-1BD8AEC02C00}.AppStore|iPhone.ActiveCfg = Release|Any CPU
		{531C89D9-8C9C-44E2-A666-1BD8AEC02C00}.AppStore|iPhone.Build.0 = Release|Any CPU
		{531C89D9-8C9C-44E2-A666-1BD8AEC02C00}.AppStore|iPhoneSimulator.ActiveCfg = Release|Any CPU
		{531C89D9-8C9C-44E2-A666-1BD8AEC02C00}.AppStore|iPhoneSimulator.Build.0 = Release|Any CPU
		{531C89D9-8C9C-44E2-A666-1BD8AEC02C00}.AppStore|x64.ActiveCfg = Release|Any CPU
		{531C89D9-8C9C-44E2-A666-1BD8AEC02C00}.AppStore|x64.Build.0 = Release|Any CPU
		{531C89D9-8C9C-44E2-A666-1BD8AEC02C00}.AppStore|x86.ActiveCfg = Release|Any CPU
		{531C89D9-8C9C-44E2-A666-1BD8AEC02C00}.AppStore|x86.Build.0 = Release|Any CPU
		{531C89D9-8C9C-44E2-A666-1BD8AEC02C00}.Debug|Any CPU.ActiveCfg = Debug|Any CPU
		{531C89D9-8C9C-44E2-A666-1BD8AEC02C00}.Debug|Any CPU.Build.0 = Debug|Any CPU
		{531C89D9-8C9C-44E2-A666-1BD8AEC02C00}.Debug|ARM.ActiveCfg = Debug|Any CPU
		{531C89D9-8C9C-44E2-A666-1BD8AEC02C00}.Debug|ARM.Build.0 = Debug|Any CPU
		{531C89D9-8C9C-44E2-A666-1BD8AEC02C00}.Debug|iPhone.ActiveCfg = Debug|Any CPU
		{531C89D9-8C9C-44E2-A666-1BD8AEC02C00}.Debug|iPhone.Build.0 = Debug|Any CPU
		{531C89D9-8C9C-44E2-A666-1BD8AEC02C00}.Debug|iPhoneSimulator.ActiveCfg = Debug|Any CPU
		{531C89D9-8C9C-44E2-A666-1BD8AEC02C00}.Debug|iPhoneSimulator.Build.0 = Debug|Any CPU
		{531C89D9-8C9C-44E2-A666-1BD8AEC02C00}.Debug|x64.ActiveCfg = Debug|Any CPU
		{531C89D9-8C9C-44E2-A666-1BD8AEC02C00}.Debug|x64.Build.0 = Debug|Any CPU
		{531C89D9-8C9C-44E2-A666-1BD8AEC02C00}.Debug|x86.ActiveCfg = Debug|Any CPU
		{531C89D9-8C9C-44E2-A666-1BD8AEC02C00}.Debug|x86.Build.0 = Debug|Any CPU
		{531C89D9-8C9C-44E2-A666-1BD8AEC02C00}.Release|Any CPU.ActiveCfg = Release|Any CPU
		{531C89D9-8C9C-44E2-A666-1BD8AEC02C00}.Release|Any CPU.Build.0 = Release|Any CPU
		{531C89D9-8C9C-44E2-A666-1BD8AEC02C00}.Release|ARM.ActiveCfg = Release|Any CPU
		{531C89D9-8C9C-44E2-A666-1BD8AEC02C00}.Release|ARM.Build.0 = Release|Any CPU
		{531C89D9-8C9C-44E2-A666-1BD8AEC02C00}.Release|iPhone.ActiveCfg = Release|Any CPU
		{531C89D9-8C9C-44E2-A666-1BD8AEC02C00}.Release|iPhone.Build.0 = Release|Any CPU
		{531C89D9-8C9C-44E2-A666-1BD8AEC02C00}.Release|iPhoneSimulator.ActiveCfg = Release|Any CPU
		{531C89D9-8C9C-44E2-A666-1BD8AEC02C00}.Release|iPhoneSimulator.Build.0 = Release|Any CPU
		{531C89D9-8C9C-44E2-A666-1BD8AEC02C00}.Release|x64.ActiveCfg = Release|Any CPU
		{531C89D9-8C9C-44E2-A666-1BD8AEC02C00}.Release|x64.Build.0 = Release|Any CPU
		{531C89D9-8C9C-44E2-A666-1BD8AEC02C00}.Release|x86.ActiveCfg = Release|Any CPU
		{531C89D9-8C9C-44E2-A666-1BD8AEC02C00}.Release|x86.Build.0 = Release|Any CPU
	EndGlobalSection
	GlobalSection(SolutionProperties) = preSolution
		HideSolutionNode = FALSE
	EndGlobalSection
EndGlobal
