
Microsoft Visual Studio Solution File, Format Version 12.00
# Visual Studio 14
VisualStudioVersion = 14.0.25123.0
MinimumVisualStudioVersion = 10.0.40219.1
Project("{FAE04EC0-301F-11D3-BF4B-00C04F79EFBC}") = "Ders4.Droid", "Ders4\Ders4.Droid\Ders4.Droid.csproj", "{61149519-3B41-4838-BA4D-473B3728FBB0}"
EndProject
Project("{FAE04EC0-301F-11D3-BF4B-00C04F79EFBC}") = "Ders4.iOS", "Ders4\Ders4.iOS\Ders4.iOS.csproj", "{7A19DBDA-CC17-4471-8FB1-EFB7E0FA7638}"
EndProject
Project("{FAE04EC0-301F-11D3-BF4B-00C04F79EFBC}") = "Ders4.WinPhone", "Ders4\Ders4.WinPhone\Ders4.WinPhone.csproj", "{098D98FF-6D32-4024-8D11-74908B1DEA03}"
EndProject
Project("{FAE04EC0-301F-11D3-BF4B-00C04F79EFBC}") = "Ders4.Windows", "Ders4\Ders4.Windows\Ders4.Windows.csproj", "{E342210A-3E75-470C-89B8-67D89D0190D9}"
EndProject
Project("{FAE04EC0-301F-11D3-BF4B-00C04F79EFBC}") = "Ders4", "Ders4\Ders4\Ders4.csproj", "{D171EFE2-C5C5-4FB4-A509-AB3BE78B0290}"
EndProject
Global
	GlobalSection(SolutionConfigurationPlatforms) = preSolution
		Ad-Hoc|Any CPU = Ad-Hoc|Any CPU
		Ad-Hoc|ARM = Ad-Hoc|ARM
		Ad-Hoc|iPhone = Ad-Hoc|iPhone
		Ad-Hoc|iPhoneSimulator = Ad-Hoc|iPhoneSimulator
		Ad-Hoc|x64 = Ad-Hoc|x64
		Ad-Hoc|x86 = Ad-Hoc|x86
		AppStore|Any CPU = AppStore|Any CPU
		AppStore|ARM = AppStore|ARM
		AppStore|iPhone = AppStore|iPhone
		AppStore|iPhoneSimulator = AppStore|iPhoneSimulator
		AppStore|x64 = AppStore|x64
		AppStore|x86 = AppStore|x86
		Debug|Any CPU = Debug|Any CPU
		Debug|ARM = Debug|ARM
		Debug|iPhone = Debug|iPhone
		Debug|iPhoneSimulator = Debug|iPhoneSimulator
		Debug|x64 = Debug|x64
		Debug|x86 = Debug|x86
		Release|Any CPU = Release|Any CPU
		Release|ARM = Release|ARM
		Release|iPhone = Release|iPhone
		Release|iPhoneSimulator = Release|iPhoneSimulator
		Release|x64 = Release|x64
		Release|x86 = Release|x86
	EndGlobalSection
	GlobalSection(ProjectConfigurationPlatforms) = postSolution
		{61149519-3B41-4838-BA4D-473B3728FBB0}.Ad-Hoc|Any CPU.ActiveCfg = Release|Any CPU
		{61149519-3B41-4838-BA4D-473B3728FBB0}.Ad-Hoc|Any CPU.Build.0 = Release|Any CPU
		{61149519-3B41-4838-BA4D-473B3728FBB0}.Ad-Hoc|Any CPU.Deploy.0 = Release|Any CPU
		{61149519-3B41-4838-BA4D-473B3728FBB0}.Ad-Hoc|ARM.ActiveCfg = Release|Any CPU
		{61149519-3B41-4838-BA4D-473B3728FBB0}.Ad-Hoc|ARM.Build.0 = Release|Any CPU
		{61149519-3B41-4838-BA4D-473B3728FBB0}.Ad-Hoc|ARM.Deploy.0 = Release|Any CPU
		{61149519-3B41-4838-BA4D-473B3728FBB0}.Ad-Hoc|iPhone.ActiveCfg = Release|Any CPU
		{61149519-3B41-4838-BA4D-473B3728FBB0}.Ad-Hoc|iPhone.Build.0 = Release|Any CPU
		{61149519-3B41-4838-BA4D-473B3728FBB0}.Ad-Hoc|iPhone.Deploy.0 = Release|Any CPU
		{61149519-3B41-4838-BA4D-473B3728FBB0}.Ad-Hoc|iPhoneSimulator.ActiveCfg = Release|Any CPU
		{61149519-3B41-4838-BA4D-473B3728FBB0}.Ad-Hoc|iPhoneSimulator.Build.0 = Release|Any CPU
		{61149519-3B41-4838-BA4D-473B3728FBB0}.Ad-Hoc|iPhoneSimulator.Deploy.0 = Release|Any CPU
		{61149519-3B41-4838-BA4D-473B3728FBB0}.Ad-Hoc|x64.ActiveCfg = Release|Any CPU
		{61149519-3B41-4838-BA4D-473B3728FBB0}.Ad-Hoc|x64.Build.0 = Release|Any CPU
		{61149519-3B41-4838-BA4D-473B3728FBB0}.Ad-Hoc|x64.Deploy.0 = Release|Any CPU
		{61149519-3B41-4838-BA4D-473B3728FBB0}.Ad-Hoc|x86.ActiveCfg = Release|Any CPU
		{61149519-3B41-4838-BA4D-473B3728FBB0}.Ad-Hoc|x86.Build.0 = Release|Any CPU
		{61149519-3B41-4838-BA4D-473B3728FBB0}.Ad-Hoc|x86.Deploy.0 = Release|Any CPU
		{61149519-3B41-4838-BA4D-473B3728FBB0}.AppStore|Any CPU.ActiveCfg = Release|Any CPU
		{61149519-3B41-4838-BA4D-473B3728FBB0}.AppStore|Any CPU.Build.0 = Release|Any CPU
		{61149519-3B41-4838-BA4D-473B3728FBB0}.AppStore|Any CPU.Deploy.0 = Release|Any CPU
		{61149519-3B41-4838-BA4D-473B3728FBB0}.AppStore|ARM.ActiveCfg = Release|Any CPU
		{61149519-3B41-4838-BA4D-473B3728FBB0}.AppStore|ARM.Build.0 = Release|Any CPU
		{61149519-3B41-4838-BA4D-473B3728FBB0}.AppStore|ARM.Deploy.0 = Release|Any CPU
		{61149519-3B41-4838-BA4D-473B3728FBB0}.AppStore|iPhone.ActiveCfg = Release|Any CPU
		{61149519-3B41-4838-BA4D-473B3728FBB0}.AppStore|iPhone.Build.0 = Release|Any CPU
		{61149519-3B41-4838-BA4D-473B3728FBB0}.AppStore|iPhone.Deploy.0 = Release|Any CPU
		{61149519-3B41-4838-BA4D-473B3728FBB0}.AppStore|iPhoneSimulator.ActiveCfg = Release|Any CPU
		{61149519-3B41-4838-BA4D-473B3728FBB0}.AppStore|iPhoneSimulator.Build.0 = Release|Any CPU
		{61149519-3B41-4838-BA4D-473B3728FBB0}.AppStore|iPhoneSimulator.Deploy.0 = Release|Any CPU
		{61149519-3B41-4838-BA4D-473B3728FBB0}.AppStore|x64.ActiveCfg = Release|Any CPU
		{61149519-3B41-4838-BA4D-473B3728FBB0}.AppStore|x64.Build.0 = Release|Any CPU
		{61149519-3B41-4838-BA4D-473B3728FBB0}.AppStore|x64.Deploy.0 = Release|Any CPU
		{61149519-3B41-4838-BA4D-473B3728FBB0}.AppStore|x86.ActiveCfg = Release|Any CPU
		{61149519-3B41-4838-BA4D-473B3728FBB0}.AppStore|x86.Build.0 = Release|Any CPU
		{61149519-3B41-4838-BA4D-473B3728FBB0}.AppStore|x86.Deploy.0 = Release|Any CPU
		{61149519-3B41-4838-BA4D-473B3728FBB0}.Debug|Any CPU.ActiveCfg = Debug|Any CPU
		{61149519-3B41-4838-BA4D-473B3728FBB0}.Debug|Any CPU.Build.0 = Debug|Any CPU
		{61149519-3B41-4838-BA4D-473B3728FBB0}.Debug|Any CPU.Deploy.0 = Debug|Any CPU
		{61149519-3B41-4838-BA4D-473B3728FBB0}.Debug|ARM.ActiveCfg = Debug|Any CPU
		{61149519-3B41-4838-BA4D-473B3728FBB0}.Debug|ARM.Build.0 = Debug|Any CPU
		{61149519-3B41-4838-BA4D-473B3728FBB0}.Debug|ARM.Deploy.0 = Debug|Any CPU
		{61149519-3B41-4838-BA4D-473B3728FBB0}.Debug|iPhone.ActiveCfg = Debug|Any CPU
		{61149519-3B41-4838-BA4D-473B3728FBB0}.Debug|iPhone.Build.0 = Debug|Any CPU
		{61149519-3B41-4838-BA4D-473B3728FBB0}.Debug|iPhone.Deploy.0 = Debug|Any CPU
		{61149519-3B41-4838-BA4D-473B3728FBB0}.Debug|iPhoneSimulator.ActiveCfg = Debug|Any CPU
		{61149519-3B41-4838-BA4D-473B3728FBB0}.Debug|iPhoneSimulator.Build.0 = Debug|Any CPU
		{61149519-3B41-4838-BA4D-473B3728FBB0}.Debug|iPhoneSimulator.Deploy.0 = Debug|Any CPU
		{61149519-3B41-4838-BA4D-473B3728FBB0}.Debug|x64.ActiveCfg = Debug|Any CPU
		{61149519-3B41-4838-BA4D-473B3728FBB0}.Debug|x64.Build.0 = Debug|Any CPU
		{61149519-3B41-4838-BA4D-473B3728FBB0}.Debug|x64.Deploy.0 = Debug|Any CPU
		{61149519-3B41-4838-BA4D-473B3728FBB0}.Debug|x86.ActiveCfg = Debug|Any CPU
		{61149519-3B41-4838-BA4D-473B3728FBB0}.Debug|x86.Build.0 = Debug|Any CPU
		{61149519-3B41-4838-BA4D-473B3728FBB0}.Debug|x86.Deploy.0 = Debug|Any CPU
		{61149519-3B41-4838-BA4D-473B3728FBB0}.Release|Any CPU.ActiveCfg = Release|Any CPU
		{61149519-3B41-4838-BA4D-473B3728FBB0}.Release|Any CPU.Build.0 = Release|Any CPU
		{61149519-3B41-4838-BA4D-473B3728FBB0}.Release|Any CPU.Deploy.0 = Release|Any CPU
		{61149519-3B41-4838-BA4D-473B3728FBB0}.Release|ARM.ActiveCfg = Release|Any CPU
		{61149519-3B41-4838-BA4D-473B3728FBB0}.Release|ARM.Build.0 = Release|Any CPU
		{61149519-3B41-4838-BA4D-473B3728FBB0}.Release|ARM.Deploy.0 = Release|Any CPU
		{61149519-3B41-4838-BA4D-473B3728FBB0}.Release|iPhone.ActiveCfg = Release|Any CPU
		{61149519-3B41-4838-BA4D-473B3728FBB0}.Release|iPhone.Build.0 = Release|Any CPU
		{61149519-3B41-4838-BA4D-473B3728FBB0}.Release|iPhone.Deploy.0 = Release|Any CPU
		{61149519-3B41-4838-BA4D-473B3728FBB0}.Release|iPhoneSimulator.ActiveCfg = Release|Any CPU
		{61149519-3B41-4838-BA4D-473B3728FBB0}.Release|iPhoneSimulator.Build.0 = Release|Any CPU
		{61149519-3B41-4838-BA4D-473B3728FBB0}.Release|iPhoneSimulator.Deploy.0 = Release|Any CPU
		{61149519-3B41-4838-BA4D-473B3728FBB0}.Release|x64.ActiveCfg = Release|Any CPU
		{61149519-3B41-4838-BA4D-473B3728FBB0}.Release|x64.Build.0 = Release|Any CPU
		{61149519-3B41-4838-BA4D-473B3728FBB0}.Release|x64.Deploy.0 = Release|Any CPU
		{61149519-3B41-4838-BA4D-473B3728FBB0}.Release|x86.ActiveCfg = Release|Any CPU
		{61149519-3B41-4838-BA4D-473B3728FBB0}.Release|x86.Build.0 = Release|Any CPU
		{61149519-3B41-4838-BA4D-473B3728FBB0}.Release|x86.Deploy.0 = Release|Any CPU
		{7A19DBDA-CC17-4471-8FB1-EFB7E0FA7638}.Ad-Hoc|Any CPU.ActiveCfg = Ad-Hoc|iPhone
		{7A19DBDA-CC17-4471-8FB1-EFB7E0FA7638}.Ad-Hoc|ARM.ActiveCfg = Ad-Hoc|iPhone
		{7A19DBDA-CC17-4471-8FB1-EFB7E0FA7638}.Ad-Hoc|iPhone.ActiveCfg = Ad-Hoc|iPhone
		{7A19DBDA-CC17-4471-8FB1-EFB7E0FA7638}.Ad-Hoc|iPhone.Build.0 = Ad-Hoc|iPhone
		{7A19DBDA-CC17-4471-8FB1-EFB7E0FA7638}.Ad-Hoc|iPhoneSimulator.ActiveCfg = Ad-Hoc|iPhoneSimulator
		{7A19DBDA-CC17-4471-8FB1-EFB7E0FA7638}.Ad-Hoc|iPhoneSimulator.Build.0 = Ad-Hoc|iPhoneSimulator
		{7A19DBDA-CC17-4471-8FB1-EFB7E0FA7638}.Ad-Hoc|x64.ActiveCfg = Ad-Hoc|iPhone
		{7A19DBDA-CC17-4471-8FB1-EFB7E0FA7638}.Ad-Hoc|x86.ActiveCfg = Ad-Hoc|iPhone
		{7A19DBDA-CC17-4471-8FB1-EFB7E0FA7638}.AppStore|Any CPU.ActiveCfg = AppStore|iPhone
		{7A19DBDA-CC17-4471-8FB1-EFB7E0FA7638}.AppStore|ARM.ActiveCfg = AppStore|iPhone
		{7A19DBDA-CC17-4471-8FB1-EFB7E0FA7638}.AppStore|iPhone.ActiveCfg = AppStore|iPhone
		{7A19DBDA-CC17-4471-8FB1-EFB7E0FA7638}.AppStore|iPhone.Build.0 = AppStore|iPhone
		{7A19DBDA-CC17-4471-8FB1-EFB7E0FA7638}.AppStore|iPhoneSimulator.ActiveCfg = AppStore|iPhoneSimulator
		{7A19DBDA-CC17-4471-8FB1-EFB7E0FA7638}.AppStore|iPhoneSimulator.Build.0 = AppStore|iPhoneSimulator
		{7A19DBDA-CC17-4471-8FB1-EFB7E0FA7638}.AppStore|x64.ActiveCfg = AppStore|iPhone
		{7A19DBDA-CC17-4471-8FB1-EFB7E0FA7638}.AppStore|x86.ActiveCfg = AppStore|iPhone
		{7A19DBDA-CC17-4471-8FB1-EFB7E0FA7638}.Debug|Any CPU.ActiveCfg = Debug|iPhone
		{7A19DBDA-CC17-4471-8FB1-EFB7E0FA7638}.Debug|ARM.ActiveCfg = Debug|iPhone
		{7A19DBDA-CC17-4471-8FB1-EFB7E0FA7638}.Debug|iPhone.ActiveCfg = Debug|iPhone
		{7A19DBDA-CC17-4471-8FB1-EFB7E0FA7638}.Debug|iPhone.Build.0 = Debug|iPhone
		{7A19DBDA-CC17-4471-8FB1-EFB7E0FA7638}.Debug|iPhoneSimulator.ActiveCfg = Debug|iPhoneSimulator
		{7A19DBDA-CC17-4471-8FB1-EFB7E0FA7638}.Debug|iPhoneSimulator.Build.0 = Debug|iPhoneSimulator
		{7A19DBDA-CC17-4471-8FB1-EFB7E0FA7638}.Debug|x64.ActiveCfg = Debug|iPhone
		{7A19DBDA-CC17-4471-8FB1-EFB7E0FA7638}.Debug|x86.ActiveCfg = Debug|iPhone
		{7A19DBDA-CC17-4471-8FB1-EFB7E0FA7638}.Release|Any CPU.ActiveCfg = Release|iPhone
		{7A19DBDA-CC17-4471-8FB1-EFB7E0FA7638}.Release|ARM.ActiveCfg = Release|iPhone
		{7A19DBDA-CC17-4471-8FB1-EFB7E0FA7638}.Release|iPhone.ActiveCfg = Release|iPhone
		{7A19DBDA-CC17-4471-8FB1-EFB7E0FA7638}.Release|iPhone.Build.0 = Release|iPhone
		{7A19DBDA-CC17-4471-8FB1-EFB7E0FA7638}.Release|iPhoneSimulator.ActiveCfg = Release|iPhoneSimulator
		{7A19DBDA-CC17-4471-8FB1-EFB7E0FA7638}.Release|iPhoneSimulator.Build.0 = Release|iPhoneSimulator
		{7A19DBDA-CC17-4471-8FB1-EFB7E0FA7638}.Release|x64.ActiveCfg = Release|iPhone
		{7A19DBDA-CC17-4471-8FB1-EFB7E0FA7638}.Release|x86.ActiveCfg = Release|iPhone
		{098D98FF-6D32-4024-8D11-74908B1DEA03}.Ad-Hoc|Any CPU.ActiveCfg = Release|Any CPU
		{098D98FF-6D32-4024-8D11-74908B1DEA03}.Ad-Hoc|Any CPU.Build.0 = Release|Any CPU
		{098D98FF-6D32-4024-8D11-74908B1DEA03}.Ad-Hoc|Any CPU.Deploy.0 = Release|Any CPU
		{098D98FF-6D32-4024-8D11-74908B1DEA03}.Ad-Hoc|ARM.ActiveCfg = Release|ARM
		{098D98FF-6D32-4024-8D11-74908B1DEA03}.Ad-Hoc|ARM.Build.0 = Release|ARM
		{098D98FF-6D32-4024-8D11-74908B1DEA03}.Ad-Hoc|ARM.Deploy.0 = Release|ARM
		{098D98FF-6D32-4024-8D11-74908B1DEA03}.Ad-Hoc|iPhone.ActiveCfg = Release|Any CPU
		{098D98FF-6D32-4024-8D11-74908B1DEA03}.Ad-Hoc|iPhone.Build.0 = Release|Any CPU
		{098D98FF-6D32-4024-8D11-74908B1DEA03}.Ad-Hoc|iPhone.Deploy.0 = Release|Any CPU
		{098D98FF-6D32-4024-8D11-74908B1DEA03}.Ad-Hoc|iPhoneSimulator.ActiveCfg = Release|Any CPU
		{098D98FF-6D32-4024-8D11-74908B1DEA03}.Ad-Hoc|iPhoneSimulator.Build.0 = Release|Any CPU
		{098D98FF-6D32-4024-8D11-74908B1DEA03}.Ad-Hoc|iPhoneSimulator.Deploy.0 = Release|Any CPU
		{098D98FF-6D32-4024-8D11-74908B1DEA03}.Ad-Hoc|x64.ActiveCfg = Release|Any CPU
		{098D98FF-6D32-4024-8D11-74908B1DEA03}.Ad-Hoc|x64.Build.0 = Release|Any CPU
		{098D98FF-6D32-4024-8D11-74908B1DEA03}.Ad-Hoc|x64.Deploy.0 = Release|Any CPU
		{098D98FF-6D32-4024-8D11-74908B1DEA03}.Ad-Hoc|x86.ActiveCfg = Release|x86
		{098D98FF-6D32-4024-8D11-74908B1DEA03}.Ad-Hoc|x86.Build.0 = Release|x86
		{098D98FF-6D32-4024-8D11-74908B1DEA03}.Ad-Hoc|x86.Deploy.0 = Release|x86
		{098D98FF-6D32-4024-8D11-74908B1DEA03}.AppStore|Any CPU.ActiveCfg = Release|Any CPU
		{098D98FF-6D32-4024-8D11-74908B1DEA03}.AppStore|Any CPU.Build.0 = Release|Any CPU
		{098D98FF-6D32-4024-8D11-74908B1DEA03}.AppStore|Any CPU.Deploy.0 = Release|Any CPU
		{098D98FF-6D32-4024-8D11-74908B1DEA03}.AppStore|ARM.ActiveCfg = Release|ARM
		{098D98FF-6D32-4024-8D11-74908B1DEA03}.AppStore|ARM.Build.0 = Release|ARM
		{098D98FF-6D32-4024-8D11-74908B1DEA03}.AppStore|ARM.Deploy.0 = Release|ARM
		{098D98FF-6D32-4024-8D11-74908B1DEA03}.AppStore|iPhone.ActiveCfg = Release|Any CPU
		{098D98FF-6D32-4024-8D11-74908B1DEA03}.AppStore|iPhone.Build.0 = Release|Any CPU
		{098D98FF-6D32-4024-8D11-74908B1DEA03}.AppStore|iPhone.Deploy.0 = Release|Any CPU
		{098D98FF-6D32-4024-8D11-74908B1DEA03}.AppStore|iPhoneSimulator.ActiveCfg = Release|Any CPU
		{098D98FF-6D32-4024-8D11-74908B1DEA03}.AppStore|iPhoneSimulator.Build.0 = Release|Any CPU
		{098D98FF-6D32-4024-8D11-74908B1DEA03}.AppStore|iPhoneSimulator.Deploy.0 = Release|Any CPU
		{098D98FF-6D32-4024-8D11-74908B1DEA03}.AppStore|x64.ActiveCfg = Release|Any CPU
		{098D98FF-6D32-4024-8D11-74908B1DEA03}.AppStore|x64.Build.0 = Release|Any CPU
		{098D98FF-6D32-4024-8D11-74908B1DEA03}.AppStore|x64.Deploy.0 = Release|Any CPU
		{098D98FF-6D32-4024-8D11-74908B1DEA03}.AppStore|x86.ActiveCfg = Release|x86
		{098D98FF-6D32-4024-8D11-74908B1DEA03}.AppStore|x86.Build.0 = Release|x86
		{098D98FF-6D32-4024-8D11-74908B1DEA03}.AppStore|x86.Deploy.0 = Release|x86
		{098D98FF-6D32-4024-8D11-74908B1DEA03}.Debug|Any CPU.ActiveCfg = Debug|Any CPU
		{098D98FF-6D32-4024-8D11-74908B1DEA03}.Debug|Any CPU.Build.0 = Debug|Any CPU
		{098D98FF-6D32-4024-8D11-74908B1DEA03}.Debug|Any CPU.Deploy.0 = Debug|Any CPU
		{098D98FF-6D32-4024-8D11-74908B1DEA03}.Debug|ARM.ActiveCfg = Debug|ARM
		{098D98FF-6D32-4024-8D11-74908B1DEA03}.Debug|ARM.Build.0 = Debug|ARM
		{098D98FF-6D32-4024-8D11-74908B1DEA03}.Debug|ARM.Deploy.0 = Debug|ARM
		{098D98FF-6D32-4024-8D11-74908B1DEA03}.Debug|iPhone.ActiveCfg = Debug|Any CPU
		{098D98FF-6D32-4024-8D11-74908B1DEA03}.Debug|iPhone.Build.0 = Debug|Any CPU
		{098D98FF-6D32-4024-8D11-74908B1DEA03}.Debug|iPhone.Deploy.0 = Debug|Any CPU
		{098D98FF-6D32-4024-8D11-74908B1DEA03}.Debug|iPhoneSimulator.ActiveCfg = Debug|x86
		{098D98FF-6D32-4024-8D11-74908B1DEA03}.Debug|iPhoneSimulator.Build.0 = Debug|x86
		{098D98FF-6D32-4024-8D11-74908B1DEA03}.Debug|iPhoneSimulator.Deploy.0 = Debug|x86
		{098D98FF-6D32-4024-8D11-74908B1DEA03}.Debug|x64.ActiveCfg = Debug|Any CPU
		{098D98FF-6D32-4024-8D11-74908B1DEA03}.Debug|x64.Build.0 = Debug|Any CPU
		{098D98FF-6D32-4024-8D11-74908B1DEA03}.Debug|x64.Deploy.0 = Debug|Any CPU
		{098D98FF-6D32-4024-8D11-74908B1DEA03}.Debug|x86.ActiveCfg = Debug|x86
		{098D98FF-6D32-4024-8D11-74908B1DEA03}.Debug|x86.Build.0 = Debug|x86
		{098D98FF-6D32-4024-8D11-74908B1DEA03}.Debug|x86.Deploy.0 = Debug|x86
		{098D98FF-6D32-4024-8D11-74908B1DEA03}.Release|Any CPU.ActiveCfg = Release|Any CPU
		{098D98FF-6D32-4024-8D11-74908B1DEA03}.Release|Any CPU.Build.0 = Release|Any CPU
		{098D98FF-6D32-4024-8D11-74908B1DEA03}.Release|Any CPU.Deploy.0 = Release|Any CPU
		{098D98FF-6D32-4024-8D11-74908B1DEA03}.Release|ARM.ActiveCfg = Release|ARM
		{098D98FF-6D32-4024-8D11-74908B1DEA03}.Release|ARM.Build.0 = Release|ARM
		{098D98FF-6D32-4024-8D11-74908B1DEA03}.Release|ARM.Deploy.0 = Release|ARM
		{098D98FF-6D32-4024-8D11-74908B1DEA03}.Release|iPhone.ActiveCfg = Release|Any CPU
		{098D98FF-6D32-4024-8D11-74908B1DEA03}.Release|iPhone.Build.0 = Release|Any CPU
		{098D98FF-6D32-4024-8D11-74908B1DEA03}.Release|iPhone.Deploy.0 = Release|Any CPU
		{098D98FF-6D32-4024-8D11-74908B1DEA03}.Release|iPhoneSimulator.ActiveCfg = Release|Any CPU
		{098D98FF-6D32-4024-8D11-74908B1DEA03}.Release|iPhoneSimulator.Build.0 = Release|Any CPU
		{098D98FF-6D32-4024-8D11-74908B1DEA03}.Release|iPhoneSimulator.Deploy.0 = Release|Any CPU
		{098D98FF-6D32-4024-8D11-74908B1DEA03}.Release|x64.ActiveCfg = Release|Any CPU
		{098D98FF-6D32-4024-8D11-74908B1DEA03}.Release|x64.Build.0 = Release|Any CPU
		{098D98FF-6D32-4024-8D11-74908B1DEA03}.Release|x64.Deploy.0 = Release|Any CPU
		{098D98FF-6D32-4024-8D11-74908B1DEA03}.Release|x86.ActiveCfg = Release|x86
		{098D98FF-6D32-4024-8D11-74908B1DEA03}.Release|x86.Build.0 = Release|x86
		{098D98FF-6D32-4024-8D11-74908B1DEA03}.Release|x86.Deploy.0 = Release|x86
		{E342210A-3E75-470C-89B8-67D89D0190D9}.Ad-Hoc|Any CPU.ActiveCfg = Release|Any CPU
		{E342210A-3E75-470C-89B8-67D89D0190D9}.Ad-Hoc|Any CPU.Build.0 = Release|Any CPU
		{E342210A-3E75-470C-89B8-67D89D0190D9}.Ad-Hoc|Any CPU.Deploy.0 = Release|Any CPU
		{E342210A-3E75-470C-89B8-67D89D0190D9}.Ad-Hoc|ARM.ActiveCfg = Release|ARM
		{E342210A-3E75-470C-89B8-67D89D0190D9}.Ad-Hoc|ARM.Build.0 = Release|ARM
		{E342210A-3E75-470C-89B8-67D89D0190D9}.Ad-Hoc|ARM.Deploy.0 = Release|ARM
		{E342210A-3E75-470C-89B8-67D89D0190D9}.Ad-Hoc|iPhone.ActiveCfg = Release|Any CPU
		{E342210A-3E75-470C-89B8-67D89D0190D9}.Ad-Hoc|iPhone.Build.0 = Release|Any CPU
		{E342210A-3E75-470C-89B8-67D89D0190D9}.Ad-Hoc|iPhone.Deploy.0 = Release|Any CPU
		{E342210A-3E75-470C-89B8-67D89D0190D9}.Ad-Hoc|iPhoneSimulator.ActiveCfg = Release|Any CPU
		{E342210A-3E75-470C-89B8-67D89D0190D9}.Ad-Hoc|iPhoneSimulator.Build.0 = Release|Any CPU
		{E342210A-3E75-470C-89B8-67D89D0190D9}.Ad-Hoc|iPhoneSimulator.Deploy.0 = Release|Any CPU
		{E342210A-3E75-470C-89B8-67D89D0190D9}.Ad-Hoc|x64.ActiveCfg = Release|x64
		{E342210A-3E75-470C-89B8-67D89D0190D9}.Ad-Hoc|x64.Build.0 = Release|x64
		{E342210A-3E75-470C-89B8-67D89D0190D9}.Ad-Hoc|x64.Deploy.0 = Release|x64
		{E342210A-3E75-470C-89B8-67D89D0190D9}.Ad-Hoc|x86.ActiveCfg = Release|x86
		{E342210A-3E75-470C-89B8-67D89D0190D9}.Ad-Hoc|x86.Build.0 = Release|x86
		{E342210A-3E75-470C-89B8-67D89D0190D9}.Ad-Hoc|x86.Deploy.0 = Release|x86
		{E342210A-3E75-470C-89B8-67D89D0190D9}.AppStore|Any CPU.ActiveCfg = Release|Any CPU
		{E342210A-3E75-470C-89B8-67D89D0190D9}.AppStore|Any CPU.Build.0 = Release|Any CPU
		{E342210A-3E75-470C-89B8-67D89D0190D9}.AppStore|Any CPU.Deploy.0 = Release|Any CPU
		{E342210A-3E75-470C-89B8-67D89D0190D9}.AppStore|ARM.ActiveCfg = Release|ARM
		{E342210A-3E75-470C-89B8-67D89D0190D9}.AppStore|ARM.Build.0 = Release|ARM
		{E342210A-3E75-470C-89B8-67D89D0190D9}.AppStore|ARM.Deploy.0 = Release|ARM
		{E342210A-3E75-470C-89B8-67D89D0190D9}.AppStore|iPhone.ActiveCfg = Release|Any CPU
		{E342210A-3E75-470C-89B8-67D89D0190D9}.AppStore|iPhone.Build.0 = Release|Any CPU
		{E342210A-3E75-470C-89B8-67D89D0190D9}.AppStore|iPhone.Deploy.0 = Release|Any CPU
		{E342210A-3E75-470C-89B8-67D89D0190D9}.AppStore|iPhoneSimulator.ActiveCfg = Release|Any CPU
		{E342210A-3E75-470C-89B8-67D89D0190D9}.AppStore|iPhoneSimulator.Build.0 = Release|Any CPU
		{E342210A-3E75-470C-89B8-67D89D0190D9}.AppStore|iPhoneSimulator.Deploy.0 = Release|Any CPU
		{E342210A-3E75-470C-89B8-67D89D0190D9}.AppStore|x64.ActiveCfg = Release|x64
		{E342210A-3E75-470C-89B8-67D89D0190D9}.AppStore|x64.Build.0 = Release|x64
		{E342210A-3E75-470C-89B8-67D89D0190D9}.AppStore|x64.Deploy.0 = Release|x64
		{E342210A-3E75-470C-89B8-67D89D0190D9}.AppStore|x86.ActiveCfg = Release|x86
		{E342210A-3E75-470C-89B8-67D89D0190D9}.AppStore|x86.Build.0 = Release|x86
		{E342210A-3E75-470C-89B8-67D89D0190D9}.AppStore|x86.Deploy.0 = Release|x86
		{E342210A-3E75-470C-89B8-67D89D0190D9}.Debug|Any CPU.ActiveCfg = Debug|Any CPU
		{E342210A-3E75-470C-89B8-67D89D0190D9}.Debug|Any CPU.Build.0 = Debug|Any CPU
		{E342210A-3E75-470C-89B8-67D89D0190D9}.Debug|Any CPU.Deploy.0 = Debug|Any CPU
		{E342210A-3E75-470C-89B8-67D89D0190D9}.Debug|ARM.ActiveCfg = Debug|ARM
		{E342210A-3E75-470C-89B8-67D89D0190D9}.Debug|ARM.Build.0 = Debug|ARM
		{E342210A-3E75-470C-89B8-67D89D0190D9}.Debug|ARM.Deploy.0 = Debug|ARM
		{E342210A-3E75-470C-89B8-67D89D0190D9}.Debug|iPhone.ActiveCfg = Debug|Any CPU
		{E342210A-3E75-470C-89B8-67D89D0190D9}.Debug|iPhone.Build.0 = Debug|Any CPU
		{E342210A-3E75-470C-89B8-67D89D0190D9}.Debug|iPhone.Deploy.0 = Debug|Any CPU
		{E342210A-3E75-470C-89B8-67D89D0190D9}.Debug|iPhoneSimulator.ActiveCfg = Debug|Any CPU
		{E342210A-3E75-470C-89B8-67D89D0190D9}.Debug|iPhoneSimulator.Build.0 = Debug|Any CPU
		{E342210A-3E75-470C-89B8-67D89D0190D9}.Debug|iPhoneSimulator.Deploy.0 = Debug|Any CPU
		{E342210A-3E75-470C-89B8-67D89D0190D9}.Debug|x64.ActiveCfg = Debug|x64
		{E342210A-3E75-470C-89B8-67D89D0190D9}.Debug|x64.Build.0 = Debug|x64
		{E342210A-3E75-470C-89B8-67D89D0190D9}.Debug|x64.Deploy.0 = Debug|x64
		{E342210A-3E75-470C-89B8-67D89D0190D9}.Debug|x86.ActiveCfg = Debug|x86
		{E342210A-3E75-470C-89B8-67D89D0190D9}.Debug|x86.Build.0 = Debug|x86
		{E342210A-3E75-470C-89B8-67D89D0190D9}.Debug|x86.Deploy.0 = Debug|x86
		{E342210A-3E75-470C-89B8-67D89D0190D9}.Release|Any CPU.ActiveCfg = Release|Any CPU
		{E342210A-3E75-470C-89B8-67D89D0190D9}.Release|Any CPU.Build.0 = Release|Any CPU
		{E342210A-3E75-470C-89B8-67D89D0190D9}.Release|Any CPU.Deploy.0 = Release|Any CPU
		{E342210A-3E75-470C-89B8-67D89D0190D9}.Release|ARM.ActiveCfg = Release|ARM
		{E342210A-3E75-470C-89B8-67D89D0190D9}.Release|ARM.Build.0 = Release|ARM
		{E342210A-3E75-470C-89B8-67D89D0190D9}.Release|ARM.Deploy.0 = Release|ARM
		{E342210A-3E75-470C-89B8-67D89D0190D9}.Release|iPhone.ActiveCfg = Release|Any CPU
		{E342210A-3E75-470C-89B8-67D89D0190D9}.Release|iPhone.Build.0 = Release|Any CPU
		{E342210A-3E75-470C-89B8-67D89D0190D9}.Release|iPhone.Deploy.0 = Release|Any CPU
		{E342210A-3E75-470C-89B8-67D89D0190D9}.Release|iPhoneSimulator.ActiveCfg = Release|Any CPU
		{E342210A-3E75-470C-89B8-67D89D0190D9}.Release|iPhoneSimulator.Build.0 = Release|Any CPU
		{E342210A-3E75-470C-89B8-67D89D0190D9}.Release|iPhoneSimulator.Deploy.0 = Release|Any CPU
		{E342210A-3E75-470C-89B8-67D89D0190D9}.Release|x64.ActiveCfg = Release|x64
		{E342210A-3E75-470C-89B8-67D89D0190D9}.Release|x64.Build.0 = Release|x64
		{E342210A-3E75-470C-89B8-67D89D0190D9}.Release|x64.Deploy.0 = Release|x64
		{E342210A-3E75-470C-89B8-67D89D0190D9}.Release|x86.ActiveCfg = Release|x86
		{E342210A-3E75-470C-89B8-67D89D0190D9}.Release|x86.Build.0 = Release|x86
		{E342210A-3E75-470C-89B8-67D89D0190D9}.Release|x86.Deploy.0 = Release|x86
		{D171EFE2-C5C5-4FB4-A509-AB3BE78B0290}.Ad-Hoc|Any CPU.ActiveCfg = Release|Any CPU
		{D171EFE2-C5C5-4FB4-A509-AB3BE78B0290}.Ad-Hoc|Any CPU.Build.0 = Release|Any CPU
		{D171EFE2-C5C5-4FB4-A509-AB3BE78B0290}.Ad-Hoc|ARM.ActiveCfg = Release|Any CPU
		{D171EFE2-C5C5-4FB4-A509-AB3BE78B0290}.Ad-Hoc|ARM.Build.0 = Release|Any CPU
		{D171EFE2-C5C5-4FB4-A509-AB3BE78B0290}.Ad-Hoc|iPhone.ActiveCfg = Release|Any CPU
		{D171EFE2-C5C5-4FB4-A509-AB3BE78B0290}.Ad-Hoc|iPhone.Build.0 = Release|Any CPU
		{D171EFE2-C5C5-4FB4-A509-AB3BE78B0290}.Ad-Hoc|iPhoneSimulator.ActiveCfg = Release|Any CPU
		{D171EFE2-C5C5-4FB4-A509-AB3BE78B0290}.Ad-Hoc|iPhoneSimulator.Build.0 = Release|Any CPU
		{D171EFE2-C5C5-4FB4-A509-AB3BE78B0290}.Ad-Hoc|x64.ActiveCfg = Release|Any CPU
		{D171EFE2-C5C5-4FB4-A509-AB3BE78B0290}.Ad-Hoc|x64.Build.0 = Release|Any CPU
		{D171EFE2-C5C5-4FB4-A509-AB3BE78B0290}.Ad-Hoc|x86.ActiveCfg = Release|Any CPU
		{D171EFE2-C5C5-4FB4-A509-AB3BE78B0290}.Ad-Hoc|x86.Build.0 = Release|Any CPU
		{D171EFE2-C5C5-4FB4-A509-AB3BE78B0290}.AppStore|Any CPU.ActiveCfg = Release|Any CPU
		{D171EFE2-C5C5-4FB4-A509-AB3BE78B0290}.AppStore|Any CPU.Build.0 = Release|Any CPU
		{D171EFE2-C5C5-4FB4-A509-AB3BE78B0290}.AppStore|ARM.ActiveCfg = Release|Any CPU
		{D171EFE2-C5C5-4FB4-A509-AB3BE78B0290}.AppStore|ARM.Build.0 = Release|Any CPU
		{D171EFE2-C5C5-4FB4-A509-AB3BE78B0290}.AppStore|iPhone.ActiveCfg = Release|Any CPU
		{D171EFE2-C5C5-4FB4-A509-AB3BE78B0290}.AppStore|iPhone.Build.0 = Release|Any CPU
		{D171EFE2-C5C5-4FB4-A509-AB3BE78B0290}.AppStore|iPhoneSimulator.ActiveCfg = Release|Any CPU
		{D171EFE2-C5C5-4FB4-A509-AB3BE78B0290}.AppStore|iPhoneSimulator.Build.0 = Release|Any CPU
		{D171EFE2-C5C5-4FB4-A509-AB3BE78B0290}.AppStore|x64.ActiveCfg = Release|Any CPU
		{D171EFE2-C5C5-4FB4-A509-AB3BE78B0290}.AppStore|x64.Build.0 = Release|Any CPU
		{D171EFE2-C5C5-4FB4-A509-AB3BE78B0290}.AppStore|x86.ActiveCfg = Release|Any CPU
		{D171EFE2-C5C5-4FB4-A509-AB3BE78B0290}.AppStore|x86.Build.0 = Release|Any CPU
		{D171EFE2-C5C5-4FB4-A509-AB3BE78B0290}.Debug|Any CPU.ActiveCfg = Debug|Any CPU
		{D171EFE2-C5C5-4FB4-A509-AB3BE78B0290}.Debug|Any CPU.Build.0 = Debug|Any CPU
		{D171EFE2-C5C5-4FB4-A509-AB3BE78B0290}.Debug|ARM.ActiveCfg = Debug|Any CPU
		{D171EFE2-C5C5-4FB4-A509-AB3BE78B0290}.Debug|ARM.Build.0 = Debug|Any CPU
		{D171EFE2-C5C5-4FB4-A509-AB3BE78B0290}.Debug|iPhone.ActiveCfg = Debug|Any CPU
		{D171EFE2-C5C5-4FB4-A509-AB3BE78B0290}.Debug|iPhone.Build.0 = Debug|Any CPU
		{D171EFE2-C5C5-4FB4-A509-AB3BE78B0290}.Debug|iPhoneSimulator.ActiveCfg = Debug|Any CPU
		{D171EFE2-C5C5-4FB4-A509-AB3BE78B0290}.Debug|iPhoneSimulator.Build.0 = Debug|Any CPU
		{D171EFE2-C5C5-4FB4-A509-AB3BE78B0290}.Debug|x64.ActiveCfg = Debug|Any CPU
		{D171EFE2-C5C5-4FB4-A509-AB3BE78B0290}.Debug|x64.Build.0 = Debug|Any CPU
		{D171EFE2-C5C5-4FB4-A509-AB3BE78B0290}.Debug|x86.ActiveCfg = Debug|Any CPU
		{D171EFE2-C5C5-4FB4-A509-AB3BE78B0290}.Debug|x86.Build.0 = Debug|Any CPU
		{D171EFE2-C5C5-4FB4-A509-AB3BE78B0290}.Release|Any CPU.ActiveCfg = Release|Any CPU
		{D171EFE2-C5C5-4FB4-A509-AB3BE78B0290}.Release|Any CPU.Build.0 = Release|Any CPU
		{D171EFE2-C5C5-4FB4-A509-AB3BE78B0290}.Release|ARM.ActiveCfg = Release|Any CPU
		{D171EFE2-C5C5-4FB4-A509-AB3BE78B0290}.Release|ARM.Build.0 = Release|Any CPU
		{D171EFE2-C5C5-4FB4-A509-AB3BE78B0290}.Release|iPhone.ActiveCfg = Release|Any CPU
		{D171EFE2-C5C5-4FB4-A509-AB3BE78B0290}.Release|iPhone.Build.0 = Release|Any CPU
		{D171EFE2-C5C5-4FB4-A509-AB3BE78B0290}.Release|iPhoneSimulator.ActiveCfg = Release|Any CPU
		{D171EFE2-C5C5-4FB4-A509-AB3BE78B0290}.Release|iPhoneSimulator.Build.0 = Release|Any CPU
		{D171EFE2-C5C5-4FB4-A509-AB3BE78B0290}.Release|x64.ActiveCfg = Release|Any CPU
		{D171EFE2-C5C5-4FB4-A509-AB3BE78B0290}.Release|x64.Build.0 = Release|Any CPU
		{D171EFE2-C5C5-4FB4-A509-AB3BE78B0290}.Release|x86.ActiveCfg = Release|Any CPU
		{D171EFE2-C5C5-4FB4-A509-AB3BE78B0290}.Release|x86.Build.0 = Release|Any CPU
	EndGlobalSection
	GlobalSection(SolutionProperties) = preSolution
		HideSolutionNode = FALSE
	EndGlobalSection
EndGlobal
