
Microsoft Visual Studio Solution File, Format Version 12.00
# Visual Studio 14
VisualStudioVersion = 14.0.25123.0
MinimumVisualStudioVersion = 10.0.40219.1
Project("{FAE04EC0-301F-11D3-BF4B-00C04F79EFBC}") = "AcikAkademi5.Droid", "AcikAkademi5\AcikAkademi5.Droid\AcikAkademi5.Droid.csproj", "{1DBFBDBF-5AFC-4E2A-84E7-7E1468B24F7A}"
EndProject
Project("{FAE04EC0-301F-11D3-BF4B-00C04F79EFBC}") = "AcikAkademi5.iOS", "AcikAkademi5\AcikAkademi5.iOS\AcikAkademi5.iOS.csproj", "{009421B0-F77A-4D80-99C8-56FE3025B6A7}"
EndProject
Project("{FAE04EC0-301F-11D3-BF4B-00C04F79EFBC}") = "AcikAkademi5.WinPhone", "AcikAkademi5\AcikAkademi5.WinPhone\AcikAkademi5.WinPhone.csproj", "{B2178810-7C4F-44A1-ADDC-965082ACCDDE}"
EndProject
Project("{FAE04EC0-301F-11D3-BF4B-00C04F79EFBC}") = "AcikAkademi5.Windows", "AcikAkademi5\AcikAkademi5.Windows\AcikAkademi5.Windows.csproj", "{653DB25B-6A83-4A42-87CC-1E352184C37E}"
EndProject
Project("{FAE04EC0-301F-11D3-BF4B-00C04F79EFBC}") = "AcikAkademi5", "AcikAkademi5\AcikAkademi5\AcikAkademi5.csproj", "{CB6A2931-D727-4A9D-8D83-E85C5E5E1FD0}"
EndProject
Global
	GlobalSection(SolutionConfigurationPlatforms) = preSolution
		Ad-Hoc|Any CPU = Ad-Hoc|Any CPU
		Ad-Hoc|ARM = Ad-Hoc|ARM
		Ad-Hoc|iPhone = Ad-Hoc|iPhone
		Ad-Hoc|iPhoneSimulator = Ad-Hoc|iPhoneSimulator
		Ad-Hoc|x64 = Ad-Hoc|x64
		Ad-Hoc|x86 = Ad-Hoc|x86
		AppStore|Any CPU = AppStore|Any CPU
		AppStore|ARM = AppStore|ARM
		AppStore|iPhone = AppStore|iPhone
		AppStore|iPhoneSimulator = AppStore|iPhoneSimulator
		AppStore|x64 = AppStore|x64
		AppStore|x86 = AppStore|x86
		Debug|Any CPU = Debug|Any CPU
		Debug|ARM = Debug|ARM
		Debug|iPhone = Debug|iPhone
		Debug|iPhoneSimulator = Debug|iPhoneSimulator
		Debug|x64 = Debug|x64
		Debug|x86 = Debug|x86
		Release|Any CPU = Release|Any CPU
		Release|ARM = Release|ARM
		Release|iPhone = Release|iPhone
		Release|iPhoneSimulator = Release|iPhoneSimulator
		Release|x64 = Release|x64
		Release|x86 = Release|x86
	EndGlobalSection
	GlobalSection(ProjectConfigurationPlatforms) = postSolution
		{1DBFBDBF-5AFC-4E2A-84E7-7E1468B24F7A}.Ad-Hoc|Any CPU.ActiveCfg = Release|Any CPU
		{1DBFBDBF-5AFC-4E2A-84E7-7E1468B24F7A}.Ad-Hoc|Any CPU.Build.0 = Release|Any CPU
		{1DBFBDBF-5AFC-4E2A-84E7-7E1468B24F7A}.Ad-Hoc|Any CPU.Deploy.0 = Release|Any CPU
		{1DBFBDBF-5AFC-4E2A-84E7-7E1468B24F7A}.Ad-Hoc|ARM.ActiveCfg = Release|Any CPU
		{1DBFBDBF-5AFC-4E2A-84E7-7E1468B24F7A}.Ad-Hoc|ARM.Build.0 = Release|Any CPU
		{1DBFBDBF-5AFC-4E2A-84E7-7E1468B24F7A}.Ad-Hoc|ARM.Deploy.0 = Release|Any CPU
		{1DBFBDBF-5AFC-4E2A-84E7-7E1468B24F7A}.Ad-Hoc|iPhone.ActiveCfg = Release|Any CPU
		{1DBFBDBF-5AFC-4E2A-84E7-7E1468B24F7A}.Ad-Hoc|iPhone.Build.0 = Release|Any CPU
		{1DBFBDBF-5AFC-4E2A-84E7-7E1468B24F7A}.Ad-Hoc|iPhone.Deploy.0 = Release|Any CPU
		{1DBFBDBF-5AFC-4E2A-84E7-7E1468B24F7A}.Ad-Hoc|iPhoneSimulator.ActiveCfg = Release|Any CPU
		{1DBFBDBF-5AFC-4E2A-84E7-7E1468B24F7A}.Ad-Hoc|iPhoneSimulator.Build.0 = Release|Any CPU
		{1DBFBDBF-5AFC-4E2A-84E7-7E1468B24F7A}.Ad-Hoc|iPhoneSimulator.Deploy.0 = Release|Any CPU
		{1DBFBDBF-5AFC-4E2A-84E7-7E1468B24F7A}.Ad-Hoc|x64.ActiveCfg = Release|Any CPU
		{1DBFBDBF-5AFC-4E2A-84E7-7E1468B24F7A}.Ad-Hoc|x64.Build.0 = Release|Any CPU
		{1DBFBDBF-5AFC-4E2A-84E7-7E1468B24F7A}.Ad-Hoc|x64.Deploy.0 = Release|Any CPU
		{1DBFBDBF-5AFC-4E2A-84E7-7E1468B24F7A}.Ad-Hoc|x86.ActiveCfg = Release|Any CPU
		{1DBFBDBF-5AFC-4E2A-84E7-7E1468B24F7A}.Ad-Hoc|x86.Build.0 = Release|Any CPU
		{1DBFBDBF-5AFC-4E2A-84E7-7E1468B24F7A}.Ad-Hoc|x86.Deploy.0 = Release|Any CPU
		{1DBFBDBF-5AFC-4E2A-84E7-7E1468B24F7A}.AppStore|Any CPU.ActiveCfg = Release|Any CPU
		{1DBFBDBF-5AFC-4E2A-84E7-7E1468B24F7A}.AppStore|Any CPU.Build.0 = Release|Any CPU
		{1DBFBDBF-5AFC-4E2A-84E7-7E1468B24F7A}.AppStore|Any CPU.Deploy.0 = Release|Any CPU
		{1DBFBDBF-5AFC-4E2A-84E7-7E1468B24F7A}.AppStore|ARM.ActiveCfg = Release|Any CPU
		{1DBFBDBF-5AFC-4E2A-84E7-7E1468B24F7A}.AppStore|ARM.Build.0 = Release|Any CPU
		{1DBFBDBF-5AFC-4E2A-84E7-7E1468B24F7A}.AppStore|ARM.Deploy.0 = Release|Any CPU
		{1DBFBDBF-5AFC-4E2A-84E7-7E1468B24F7A}.AppStore|iPhone.ActiveCfg = Release|Any CPU
		{1DBFBDBF-5AFC-4E2A-84E7-7E1468B24F7A}.AppStore|iPhone.Build.0 = Release|Any CPU
		{1DBFBDBF-5AFC-4E2A-84E7-7E1468B24F7A}.AppStore|iPhone.Deploy.0 = Release|Any CPU
		{1DBFBDBF-5AFC-4E2A-84E7-7E1468B24F7A}.AppStore|iPhoneSimulator.ActiveCfg = Release|Any CPU
		{1DBFBDBF-5AFC-4E2A-84E7-7E1468B24F7A}.AppStore|iPhoneSimulator.Build.0 = Release|Any CPU
		{1DBFBDBF-5AFC-4E2A-84E7-7E1468B24F7A}.AppStore|iPhoneSimulator.Deploy.0 = Release|Any CPU
		{1DBFBDBF-5AFC-4E2A-84E7-7E1468B24F7A}.AppStore|x64.ActiveCfg = Release|Any CPU
		{1DBFBDBF-5AFC-4E2A-84E7-7E1468B24F7A}.AppStore|x64.Build.0 = Release|Any CPU
		{1DBFBDBF-5AFC-4E2A-84E7-7E1468B24F7A}.AppStore|x64.Deploy.0 = Release|Any CPU
		{1DBFBDBF-5AFC-4E2A-84E7-7E1468B24F7A}.AppStore|x86.ActiveCfg = Release|Any CPU
		{1DBFBDBF-5AFC-4E2A-84E7-7E1468B24F7A}.AppStore|x86.Build.0 = Release|Any CPU
		{1DBFBDBF-5AFC-4E2A-84E7-7E1468B24F7A}.AppStore|x86.Deploy.0 = Release|Any CPU
		{1DBFBDBF-5AFC-4E2A-84E7-7E1468B24F7A}.Debug|Any CPU.ActiveCfg = Debug|Any CPU
		{1DBFBDBF-5AFC-4E2A-84E7-7E1468B24F7A}.Debug|Any CPU.Build.0 = Debug|Any CPU
		{1DBFBDBF-5AFC-4E2A-84E7-7E1468B24F7A}.Debug|Any CPU.Deploy.0 = Debug|Any CPU
		{1DBFBDBF-5AFC-4E2A-84E7-7E1468B24F7A}.Debug|ARM.ActiveCfg = Debug|Any CPU
		{1DBFBDBF-5AFC-4E2A-84E7-7E1468B24F7A}.Debug|ARM.Build.0 = Debug|Any CPU
		{1DBFBDBF-5AFC-4E2A-84E7-7E1468B24F7A}.Debug|ARM.Deploy.0 = Debug|Any CPU
		{1DBFBDBF-5AFC-4E2A-84E7-7E1468B24F7A}.Debug|iPhone.ActiveCfg = Debug|Any CPU
		{1DBFBDBF-5AFC-4E2A-84E7-7E1468B24F7A}.Debug|iPhone.Build.0 = Debug|Any CPU
		{1DBFBDBF-5AFC-4E2A-84E7-7E1468B24F7A}.Debug|iPhone.Deploy.0 = Debug|Any CPU
		{1DBFBDBF-5AFC-4E2A-84E7-7E1468B24F7A}.Debug|iPhoneSimulator.ActiveCfg = Debug|Any CPU
		{1DBFBDBF-5AFC-4E2A-84E7-7E1468B24F7A}.Debug|iPhoneSimulator.Build.0 = Debug|Any CPU
		{1DBFBDBF-5AFC-4E2A-84E7-7E1468B24F7A}.Debug|iPhoneSimulator.Deploy.0 = Debug|Any CPU
		{1DBFBDBF-5AFC-4E2A-84E7-7E1468B24F7A}.Debug|x64.ActiveCfg = Debug|Any CPU
		{1DBFBDBF-5AFC-4E2A-84E7-7E1468B24F7A}.Debug|x64.Build.0 = Debug|Any CPU
		{1DBFBDBF-5AFC-4E2A-84E7-7E1468B24F7A}.Debug|x64.Deploy.0 = Debug|Any CPU
		{1DBFBDBF-5AFC-4E2A-84E7-7E1468B24F7A}.Debug|x86.ActiveCfg = Debug|Any CPU
		{1DBFBDBF-5AFC-4E2A-84E7-7E1468B24F7A}.Debug|x86.Build.0 = Debug|Any CPU
		{1DBFBDBF-5AFC-4E2A-84E7-7E1468B24F7A}.Debug|x86.Deploy.0 = Debug|Any CPU
		{1DBFBDBF-5AFC-4E2A-84E7-7E1468B24F7A}.Release|Any CPU.ActiveCfg = Release|Any CPU
		{1DBFBDBF-5AFC-4E2A-84E7-7E1468B24F7A}.Release|Any CPU.Build.0 = Release|Any CPU
		{1DBFBDBF-5AFC-4E2A-84E7-7E1468B24F7A}.Release|Any CPU.Deploy.0 = Release|Any CPU
		{1DBFBDBF-5AFC-4E2A-84E7-7E1468B24F7A}.Release|ARM.ActiveCfg = Release|Any CPU
		{1DBFBDBF-5AFC-4E2A-84E7-7E1468B24F7A}.Release|ARM.Build.0 = Release|Any CPU
		{1DBFBDBF-5AFC-4E2A-84E7-7E1468B24F7A}.Release|ARM.Deploy.0 = Release|Any CPU
		{1DBFBDBF-5AFC-4E2A-84E7-7E1468B24F7A}.Release|iPhone.ActiveCfg = Release|Any CPU
		{1DBFBDBF-5AFC-4E2A-84E7-7E1468B24F7A}.Release|iPhone.Build.0 = Release|Any CPU
		{1DBFBDBF-5AFC-4E2A-84E7-7E1468B24F7A}.Release|iPhone.Deploy.0 = Release|Any CPU
		{1DBFBDBF-5AFC-4E2A-84E7-7E1468B24F7A}.Release|iPhoneSimulator.ActiveCfg = Release|Any CPU
		{1DBFBDBF-5AFC-4E2A-84E7-7E1468B24F7A}.Release|iPhoneSimulator.Build.0 = Release|Any CPU
		{1DBFBDBF-5AFC-4E2A-84E7-7E1468B24F7A}.Release|iPhoneSimulator.Deploy.0 = Release|Any CPU
		{1DBFBDBF-5AFC-4E2A-84E7-7E1468B24F7A}.Release|x64.ActiveCfg = Release|Any CPU
		{1DBFBDBF-5AFC-4E2A-84E7-7E1468B24F7A}.Release|x64.Build.0 = Release|Any CPU
		{1DBFBDBF-5AFC-4E2A-84E7-7E1468B24F7A}.Release|x64.Deploy.0 = Release|Any CPU
		{1DBFBDBF-5AFC-4E2A-84E7-7E1468B24F7A}.Release|x86.ActiveCfg = Release|Any CPU
		{1DBFBDBF-5AFC-4E2A-84E7-7E1468B24F7A}.Release|x86.Build.0 = Release|Any CPU
		{1DBFBDBF-5AFC-4E2A-84E7-7E1468B24F7A}.Release|x86.Deploy.0 = Release|Any CPU
		{009421B0-F77A-4D80-99C8-56FE3025B6A7}.Ad-Hoc|Any CPU.ActiveCfg = Ad-Hoc|iPhone
		{009421B0-F77A-4D80-99C8-56FE3025B6A7}.Ad-Hoc|ARM.ActiveCfg = Ad-Hoc|iPhone
		{009421B0-F77A-4D80-99C8-56FE3025B6A7}.Ad-Hoc|iPhone.ActiveCfg = Ad-Hoc|iPhone
		{009421B0-F77A-4D80-99C8-56FE3025B6A7}.Ad-Hoc|iPhone.Build.0 = Ad-Hoc|iPhone
		{009421B0-F77A-4D80-99C8-56FE3025B6A7}.Ad-Hoc|iPhoneSimulator.ActiveCfg = Ad-Hoc|iPhoneSimulator
		{009421B0-F77A-4D80-99C8-56FE3025B6A7}.Ad-Hoc|iPhoneSimulator.Build.0 = Ad-Hoc|iPhoneSimulator
		{009421B0-F77A-4D80-99C8-56FE3025B6A7}.Ad-Hoc|x64.ActiveCfg = Ad-Hoc|iPhone
		{009421B0-F77A-4D80-99C8-56FE3025B6A7}.Ad-Hoc|x86.ActiveCfg = Ad-Hoc|iPhone
		{009421B0-F77A-4D80-99C8-56FE3025B6A7}.AppStore|Any CPU.ActiveCfg = AppStore|iPhone
		{009421B0-F77A-4D80-99C8-56FE3025B6A7}.AppStore|ARM.ActiveCfg = AppStore|iPhone
		{009421B0-F77A-4D80-99C8-56FE3025B6A7}.AppStore|iPhone.ActiveCfg = AppStore|iPhone
		{009421B0-F77A-4D80-99C8-56FE3025B6A7}.AppStore|iPhone.Build.0 = AppStore|iPhone
		{009421B0-F77A-4D80-99C8-56FE3025B6A7}.AppStore|iPhoneSimulator.ActiveCfg = AppStore|iPhoneSimulator
		{009421B0-F77A-4D80-99C8-56FE3025B6A7}.AppStore|iPhoneSimulator.Build.0 = AppStore|iPhoneSimulator
		{009421B0-F77A-4D80-99C8-56FE3025B6A7}.AppStore|x64.ActiveCfg = AppStore|iPhone
		{009421B0-F77A-4D80-99C8-56FE3025B6A7}.AppStore|x86.ActiveCfg = AppStore|iPhone
		{009421B0-F77A-4D80-99C8-56FE3025B6A7}.Debug|Any CPU.ActiveCfg = Debug|iPhone
		{009421B0-F77A-4D80-99C8-56FE3025B6A7}.Debug|ARM.ActiveCfg = Debug|iPhone
		{009421B0-F77A-4D80-99C8-56FE3025B6A7}.Debug|iPhone.ActiveCfg = Debug|iPhone
		{009421B0-F77A-4D80-99C8-56FE3025B6A7}.Debug|iPhone.Build.0 = Debug|iPhone
		{009421B0-F77A-4D80-99C8-56FE3025B6A7}.Debug|iPhoneSimulator.ActiveCfg = Debug|iPhoneSimulator
		{009421B0-F77A-4D80-99C8-56FE3025B6A7}.Debug|iPhoneSimulator.Build.0 = Debug|iPhoneSimulator
		{009421B0-F77A-4D80-99C8-56FE3025B6A7}.Debug|x64.ActiveCfg = Debug|iPhone
		{009421B0-F77A-4D80-99C8-56FE3025B6A7}.Debug|x86.ActiveCfg = Debug|iPhone
		{009421B0-F77A-4D80-99C8-56FE3025B6A7}.Release|Any CPU.ActiveCfg = Release|iPhone
		{009421B0-F77A-4D80-99C8-56FE3025B6A7}.Release|ARM.ActiveCfg = Release|iPhone
		{009421B0-F77A-4D80-99C8-56FE3025B6A7}.Release|iPhone.ActiveCfg = Release|iPhone
		{009421B0-F77A-4D80-99C8-56FE3025B6A7}.Release|iPhone.Build.0 = Release|iPhone
		{009421B0-F77A-4D80-99C8-56FE3025B6A7}.Release|iPhoneSimulator.ActiveCfg = Release|iPhoneSimulator
		{009421B0-F77A-4D80-99C8-56FE3025B6A7}.Release|iPhoneSimulator.Build.0 = Release|iPhoneSimulator
		{009421B0-F77A-4D80-99C8-56FE3025B6A7}.Release|x64.ActiveCfg = Release|iPhone
		{009421B0-F77A-4D80-99C8-56FE3025B6A7}.Release|x86.ActiveCfg = Release|iPhone
		{B2178810-7C4F-44A1-ADDC-965082ACCDDE}.Ad-Hoc|Any CPU.ActiveCfg = Release|Any CPU
		{B2178810-7C4F-44A1-ADDC-965082ACCDDE}.Ad-Hoc|Any CPU.Build.0 = Release|Any CPU
		{B2178810-7C4F-44A1-ADDC-965082ACCDDE}.Ad-Hoc|Any CPU.Deploy.0 = Release|Any CPU
		{B2178810-7C4F-44A1-ADDC-965082ACCDDE}.Ad-Hoc|ARM.ActiveCfg = Release|ARM
		{B2178810-7C4F-44A1-ADDC-965082ACCDDE}.Ad-Hoc|ARM.Build.0 = Release|ARM
		{B2178810-7C4F-44A1-ADDC-965082ACCDDE}.Ad-Hoc|ARM.Deploy.0 = Release|ARM
		{B2178810-7C4F-44A1-ADDC-965082ACCDDE}.Ad-Hoc|iPhone.ActiveCfg = Release|Any CPU
		{B2178810-7C4F-44A1-ADDC-965082ACCDDE}.Ad-Hoc|iPhone.Build.0 = Release|Any CPU
		{B2178810-7C4F-44A1-ADDC-965082ACCDDE}.Ad-Hoc|iPhone.Deploy.0 = Release|Any CPU
		{B2178810-7C4F-44A1-ADDC-965082ACCDDE}.Ad-Hoc|iPhoneSimulator.ActiveCfg = Release|Any CPU
		{B2178810-7C4F-44A1-ADDC-965082ACCDDE}.Ad-Hoc|iPhoneSimulator.Build.0 = Release|Any CPU
		{B2178810-7C4F-44A1-ADDC-965082ACCDDE}.Ad-Hoc|iPhoneSimulator.Deploy.0 = Release|Any CPU
		{B2178810-7C4F-44A1-ADDC-965082ACCDDE}.Ad-Hoc|x64.ActiveCfg = Release|Any CPU
		{B2178810-7C4F-44A1-ADDC-965082ACCDDE}.Ad-Hoc|x64.Build.0 = Release|Any CPU
		{B2178810-7C4F-44A1-ADDC-965082ACCDDE}.Ad-Hoc|x64.Deploy.0 = Release|Any CPU
		{B2178810-7C4F-44A1-ADDC-965082ACCDDE}.Ad-Hoc|x86.ActiveCfg = Release|x86
		{B2178810-7C4F-44A1-ADDC-965082ACCDDE}.Ad-Hoc|x86.Build.0 = Release|x86
		{B2178810-7C4F-44A1-ADDC-965082ACCDDE}.Ad-Hoc|x86.Deploy.0 = Release|x86
		{B2178810-7C4F-44A1-ADDC-965082ACCDDE}.AppStore|Any CPU.ActiveCfg = Release|Any CPU
		{B2178810-7C4F-44A1-ADDC-965082ACCDDE}.AppStore|Any CPU.Build.0 = Release|Any CPU
		{B2178810-7C4F-44A1-ADDC-965082ACCDDE}.AppStore|Any CPU.Deploy.0 = Release|Any CPU
		{B2178810-7C4F-44A1-ADDC-965082ACCDDE}.AppStore|ARM.ActiveCfg = Release|ARM
		{B2178810-7C4F-44A1-ADDC-965082ACCDDE}.AppStore|ARM.Build.0 = Release|ARM
		{B2178810-7C4F-44A1-ADDC-965082ACCDDE}.AppStore|ARM.Deploy.0 = Release|ARM
		{B2178810-7C4F-44A1-ADDC-965082ACCDDE}.AppStore|iPhone.ActiveCfg = Release|Any CPU
		{B2178810-7C4F-44A1-ADDC-965082ACCDDE}.AppStore|iPhone.Build.0 = Release|Any CPU
		{B2178810-7C4F-44A1-ADDC-965082ACCDDE}.AppStore|iPhone.Deploy.0 = Release|Any CPU
		{B2178810-7C4F-44A1-ADDC-965082ACCDDE}.AppStore|iPhoneSimulator.ActiveCfg = Release|Any CPU
		{B2178810-7C4F-44A1-ADDC-965082ACCDDE}.AppStore|iPhoneSimulator.Build.0 = Release|Any CPU
		{B2178810-7C4F-44A1-ADDC-965082ACCDDE}.AppStore|iPhoneSimulator.Deploy.0 = Release|Any CPU
		{B2178810-7C4F-44A1-ADDC-965082ACCDDE}.AppStore|x64.ActiveCfg = Release|Any CPU
		{B2178810-7C4F-44A1-ADDC-965082ACCDDE}.AppStore|x64.Build.0 = Release|Any CPU
		{B2178810-7C4F-44A1-ADDC-965082ACCDDE}.AppStore|x64.Deploy.0 = Release|Any CPU
		{B2178810-7C4F-44A1-ADDC-965082ACCDDE}.AppStore|x86.ActiveCfg = Release|x86
		{B2178810-7C4F-44A1-ADDC-965082ACCDDE}.AppStore|x86.Build.0 = Release|x86
		{B2178810-7C4F-44A1-ADDC-965082ACCDDE}.AppStore|x86.Deploy.0 = Release|x86
		{B2178810-7C4F-44A1-ADDC-965082ACCDDE}.Debug|Any CPU.ActiveCfg = Debug|Any CPU
		{B2178810-7C4F-44A1-ADDC-965082ACCDDE}.Debug|Any CPU.Build.0 = Debug|Any CPU
		{B2178810-7C4F-44A1-ADDC-965082ACCDDE}.Debug|Any CPU.Deploy.0 = Debug|Any CPU
		{B2178810-7C4F-44A1-ADDC-965082ACCDDE}.Debug|ARM.ActiveCfg = Debug|ARM
		{B2178810-7C4F-44A1-ADDC-965082ACCDDE}.Debug|ARM.Build.0 = Debug|ARM
		{B2178810-7C4F-44A1-ADDC-965082ACCDDE}.Debug|ARM.Deploy.0 = Debug|ARM
		{B2178810-7C4F-44A1-ADDC-965082ACCDDE}.Debug|iPhone.ActiveCfg = Debug|Any CPU
		{B2178810-7C4F-44A1-ADDC-965082ACCDDE}.Debug|iPhone.Build.0 = Debug|Any CPU
		{B2178810-7C4F-44A1-ADDC-965082ACCDDE}.Debug|iPhone.Deploy.0 = Debug|Any CPU
		{B2178810-7C4F-44A1-ADDC-965082ACCDDE}.Debug|iPhoneSimulator.ActiveCfg = Debug|Any CPU
		{B2178810-7C4F-44A1-ADDC-965082ACCDDE}.Debug|iPhoneSimulator.Build.0 = Debug|Any CPU
		{B2178810-7C4F-44A1-ADDC-965082ACCDDE}.Debug|iPhoneSimulator.Deploy.0 = Debug|Any CPU
		{B2178810-7C4F-44A1-ADDC-965082ACCDDE}.Debug|x64.ActiveCfg = Debug|Any CPU
		{B2178810-7C4F-44A1-ADDC-965082ACCDDE}.Debug|x64.Build.0 = Debug|Any CPU
		{B2178810-7C4F-44A1-ADDC-965082ACCDDE}.Debug|x64.Deploy.0 = Debug|Any CPU
		{B2178810-7C4F-44A1-ADDC-965082ACCDDE}.Debug|x86.ActiveCfg = Debug|x86
		{B2178810-7C4F-44A1-ADDC-965082ACCDDE}.Debug|x86.Build.0 = Debug|x86
		{B2178810-7C4F-44A1-ADDC-965082ACCDDE}.Debug|x86.Deploy.0 = Debug|x86
		{B2178810-7C4F-44A1-ADDC-965082ACCDDE}.Release|Any CPU.ActiveCfg = Release|Any CPU
		{B2178810-7C4F-44A1-ADDC-965082ACCDDE}.Release|Any CPU.Build.0 = Release|Any CPU
		{B2178810-7C4F-44A1-ADDC-965082ACCDDE}.Release|Any CPU.Deploy.0 = Release|Any CPU
		{B2178810-7C4F-44A1-ADDC-965082ACCDDE}.Release|ARM.ActiveCfg = Release|ARM
		{B2178810-7C4F-44A1-ADDC-965082ACCDDE}.Release|ARM.Build.0 = Release|ARM
		{B2178810-7C4F-44A1-ADDC-965082ACCDDE}.Release|ARM.Deploy.0 = Release|ARM
		{B2178810-7C4F-44A1-ADDC-965082ACCDDE}.Release|iPhone.ActiveCfg = Release|Any CPU
		{B2178810-7C4F-44A1-ADDC-965082ACCDDE}.Release|iPhone.Build.0 = Release|Any CPU
		{B2178810-7C4F-44A1-ADDC-965082ACCDDE}.Release|iPhone.Deploy.0 = Release|Any CPU
		{B2178810-7C4F-44A1-ADDC-965082ACCDDE}.Release|iPhoneSimulator.ActiveCfg = Release|Any CPU
		{B2178810-7C4F-44A1-ADDC-965082ACCDDE}.Release|iPhoneSimulator.Build.0 = Release|Any CPU
		{B2178810-7C4F-44A1-ADDC-965082ACCDDE}.Release|iPhoneSimulator.Deploy.0 = Release|Any CPU
		{B2178810-7C4F-44A1-ADDC-965082ACCDDE}.Release|x64.ActiveCfg = Release|Any CPU
		{B2178810-7C4F-44A1-ADDC-965082ACCDDE}.Release|x64.Build.0 = Release|Any CPU
		{B2178810-7C4F-44A1-ADDC-965082ACCDDE}.Release|x64.Deploy.0 = Release|Any CPU
		{B2178810-7C4F-44A1-ADDC-965082ACCDDE}.Release|x86.ActiveCfg = Release|x86
		{B2178810-7C4F-44A1-ADDC-965082ACCDDE}.Release|x86.Build.0 = Release|x86
		{B2178810-7C4F-44A1-ADDC-965082ACCDDE}.Release|x86.Deploy.0 = Release|x86
		{653DB25B-6A83-4A42-87CC-1E352184C37E}.Ad-Hoc|Any CPU.ActiveCfg = Release|Any CPU
		{653DB25B-6A83-4A42-87CC-1E352184C37E}.Ad-Hoc|Any CPU.Build.0 = Release|Any CPU
		{653DB25B-6A83-4A42-87CC-1E352184C37E}.Ad-Hoc|Any CPU.Deploy.0 = Release|Any CPU
		{653DB25B-6A83-4A42-87CC-1E352184C37E}.Ad-Hoc|ARM.ActiveCfg = Release|ARM
		{653DB25B-6A83-4A42-87CC-1E352184C37E}.Ad-Hoc|ARM.Build.0 = Release|ARM
		{653DB25B-6A83-4A42-87CC-1E352184C37E}.Ad-Hoc|ARM.Deploy.0 = Release|ARM
		{653DB25B-6A83-4A42-87CC-1E352184C37E}.Ad-Hoc|iPhone.ActiveCfg = Release|Any CPU
		{653DB25B-6A83-4A42-87CC-1E352184C37E}.Ad-Hoc|iPhone.Build.0 = Release|Any CPU
		{653DB25B-6A83-4A42-87CC-1E352184C37E}.Ad-Hoc|iPhone.Deploy.0 = Release|Any CPU
		{653DB25B-6A83-4A42-87CC-1E352184C37E}.Ad-Hoc|iPhoneSimulator.ActiveCfg = Release|Any CPU
		{653DB25B-6A83-4A42-87CC-1E352184C37E}.Ad-Hoc|iPhoneSimulator.Build.0 = Release|Any CPU
		{653DB25B-6A83-4A42-87CC-1E352184C37E}.Ad-Hoc|iPhoneSimulator.Deploy.0 = Release|Any CPU
		{653DB25B-6A83-4A42-87CC-1E352184C37E}.Ad-Hoc|x64.ActiveCfg = Release|x64
		{653DB25B-6A83-4A42-87CC-1E352184C37E}.Ad-Hoc|x64.Build.0 = Release|x64
		{653DB25B-6A83-4A42-87CC-1E352184C37E}.Ad-Hoc|x64.Deploy.0 = Release|x64
		{653DB25B-6A83-4A42-87CC-1E352184C37E}.Ad-Hoc|x86.ActiveCfg = Release|x86
		{653DB25B-6A83-4A42-87CC-1E352184C37E}.Ad-Hoc|x86.Build.0 = Release|x86
		{653DB25B-6A83-4A42-87CC-1E352184C37E}.Ad-Hoc|x86.Deploy.0 = Release|x86
		{653DB25B-6A83-4A42-87CC-1E352184C37E}.AppStore|Any CPU.ActiveCfg = Release|Any CPU
		{653DB25B-6A83-4A42-87CC-1E352184C37E}.AppStore|Any CPU.Build.0 = Release|Any CPU
		{653DB25B-6A83-4A42-87CC-1E352184C37E}.AppStore|Any CPU.Deploy.0 = Release|Any CPU
		{653DB25B-6A83-4A42-87CC-1E352184C37E}.AppStore|ARM.ActiveCfg = Release|ARM
		{653DB25B-6A83-4A42-87CC-1E352184C37E}.AppStore|ARM.Build.0 = Release|ARM
		{653DB25B-6A83-4A42-87CC-1E352184C37E}.AppStore|ARM.Deploy.0 = Release|ARM
		{653DB25B-6A83-4A42-87CC-1E352184C37E}.AppStore|iPhone.ActiveCfg = Release|Any CPU
		{653DB25B-6A83-4A42-87CC-1E352184C37E}.AppStore|iPhone.Build.0 = Release|Any CPU
		{653DB25B-6A83-4A42-87CC-1E352184C37E}.AppStore|iPhone.Deploy.0 = Release|Any CPU
		{653DB25B-6A83-4A42-87CC-1E352184C37E}.AppStore|iPhoneSimulator.ActiveCfg = Release|Any CPU
		{653DB25B-6A83-4A42-87CC-1E352184C37E}.AppStore|iPhoneSimulator.Build.0 = Release|Any CPU
		{653DB25B-6A83-4A42-87CC-1E352184C37E}.AppStore|iPhoneSimulator.Deploy.0 = Release|Any CPU
		{653DB25B-6A83-4A42-87CC-1E352184C37E}.AppStore|x64.ActiveCfg = Release|x64
		{653DB25B-6A83-4A42-87CC-1E352184C37E}.AppStore|x64.Build.0 = Release|x64
		{653DB25B-6A83-4A42-87CC-1E352184C37E}.AppStore|x64.Deploy.0 = Release|x64
		{653DB25B-6A83-4A42-87CC-1E352184C37E}.AppStore|x86.ActiveCfg = Release|x86
		{653DB25B-6A83-4A42-87CC-1E352184C37E}.AppStore|x86.Build.0 = Release|x86
		{653DB25B-6A83-4A42-87CC-1E352184C37E}.AppStore|x86.Deploy.0 = Release|x86
		{653DB25B-6A83-4A42-87CC-1E352184C37E}.Debug|Any CPU.ActiveCfg = Debug|Any CPU
		{653DB25B-6A83-4A42-87CC-1E352184C37E}.Debug|Any CPU.Build.0 = Debug|Any CPU
		{653DB25B-6A83-4A42-87CC-1E352184C37E}.Debug|Any CPU.Deploy.0 = Debug|Any CPU
		{653DB25B-6A83-4A42-87CC-1E352184C37E}.Debug|ARM.ActiveCfg = Debug|ARM
		{653DB25B-6A83-4A42-87CC-1E352184C37E}.Debug|ARM.Build.0 = Debug|ARM
		{653DB25B-6A83-4A42-87CC-1E352184C37E}.Debug|ARM.Deploy.0 = Debug|ARM
		{653DB25B-6A83-4A42-87CC-1E352184C37E}.Debug|iPhone.ActiveCfg = Debug|Any CPU
		{653DB25B-6A83-4A42-87CC-1E352184C37E}.Debug|iPhone.Build.0 = Debug|Any CPU
		{653DB25B-6A83-4A42-87CC-1E352184C37E}.Debug|iPhone.Deploy.0 = Debug|Any CPU
		{653DB25B-6A83-4A42-87CC-1E352184C37E}.Debug|iPhoneSimulator.ActiveCfg = Debug|Any CPU
		{653DB25B-6A83-4A42-87CC-1E352184C37E}.Debug|iPhoneSimulator.Build.0 = Debug|Any CPU
		{653DB25B-6A83-4A42-87CC-1E352184C37E}.Debug|iPhoneSimulator.Deploy.0 = Debug|Any CPU
		{653DB25B-6A83-4A42-87CC-1E352184C37E}.Debug|x64.ActiveCfg = Debug|x64
		{653DB25B-6A83-4A42-87CC-1E352184C37E}.Debug|x64.Build.0 = Debug|x64
		{653DB25B-6A83-4A42-87CC-1E352184C37E}.Debug|x64.Deploy.0 = Debug|x64
		{653DB25B-6A83-4A42-87CC-1E352184C37E}.Debug|x86.ActiveCfg = Debug|x86
		{653DB25B-6A83-4A42-87CC-1E352184C37E}.Debug|x86.Build.0 = Debug|x86
		{653DB25B-6A83-4A42-87CC-1E352184C37E}.Debug|x86.Deploy.0 = Debug|x86
		{653DB25B-6A83-4A42-87CC-1E352184C37E}.Release|Any CPU.ActiveCfg = Release|Any CPU
		{653DB25B-6A83-4A42-87CC-1E352184C37E}.Release|Any CPU.Build.0 = Release|Any CPU
		{653DB25B-6A83-4A42-87CC-1E352184C37E}.Release|Any CPU.Deploy.0 = Release|Any CPU
		{653DB25B-6A83-4A42-87CC-1E352184C37E}.Release|ARM.ActiveCfg = Release|ARM
		{653DB25B-6A83-4A42-87CC-1E352184C37E}.Release|ARM.Build.0 = Release|ARM
		{653DB25B-6A83-4A42-87CC-1E352184C37E}.Release|ARM.Deploy.0 = Release|ARM
		{653DB25B-6A83-4A42-87CC-1E352184C37E}.Release|iPhone.ActiveCfg = Release|Any CPU
		{653DB25B-6A83-4A42-87CC-1E352184C37E}.Release|iPhone.Build.0 = Release|Any CPU
		{653DB25B-6A83-4A42-87CC-1E352184C37E}.Release|iPhone.Deploy.0 = Release|Any CPU
		{653DB25B-6A83-4A42-87CC-1E352184C37E}.Release|iPhoneSimulator.ActiveCfg = Release|Any CPU
		{653DB25B-6A83-4A42-87CC-1E352184C37E}.Release|iPhoneSimulator.Build.0 = Release|Any CPU
		{653DB25B-6A83-4A42-87CC-1E352184C37E}.Release|iPhoneSimulator.Deploy.0 = Release|Any CPU
		{653DB25B-6A83-4A42-87CC-1E352184C37E}.Release|x64.ActiveCfg = Release|x64
		{653DB25B-6A83-4A42-87CC-1E352184C37E}.Release|x64.Build.0 = Release|x64
		{653DB25B-6A83-4A42-87CC-1E352184C37E}.Release|x64.Deploy.0 = Release|x64
		{653DB25B-6A83-4A42-87CC-1E352184C37E}.Release|x86.ActiveCfg = Release|x86
		{653DB25B-6A83-4A42-87CC-1E352184C37E}.Release|x86.Build.0 = Release|x86
		{653DB25B-6A83-4A42-87CC-1E352184C37E}.Release|x86.Deploy.0 = Release|x86
		{CB6A2931-D727-4A9D-8D83-E85C5E5E1FD0}.Ad-Hoc|Any CPU.ActiveCfg = Release|Any CPU
		{CB6A2931-D727-4A9D-8D83-E85C5E5E1FD0}.Ad-Hoc|Any CPU.Build.0 = Release|Any CPU
		{CB6A2931-D727-4A9D-8D83-E85C5E5E1FD0}.Ad-Hoc|ARM.ActiveCfg = Release|Any CPU
		{CB6A2931-D727-4A9D-8D83-E85C5E5E1FD0}.Ad-Hoc|ARM.Build.0 = Release|Any CPU
		{CB6A2931-D727-4A9D-8D83-E85C5E5E1FD0}.Ad-Hoc|iPhone.ActiveCfg = Release|Any CPU
		{CB6A2931-D727-4A9D-8D83-E85C5E5E1FD0}.Ad-Hoc|iPhone.Build.0 = Release|Any CPU
		{CB6A2931-D727-4A9D-8D83-E85C5E5E1FD0}.Ad-Hoc|iPhoneSimulator.ActiveCfg = Release|Any CPU
		{CB6A2931-D727-4A9D-8D83-E85C5E5E1FD0}.Ad-Hoc|iPhoneSimulator.Build.0 = Release|Any CPU
		{CB6A2931-D727-4A9D-8D83-E85C5E5E1FD0}.Ad-Hoc|x64.ActiveCfg = Release|Any CPU
		{CB6A2931-D727-4A9D-8D83-E85C5E5E1FD0}.Ad-Hoc|x64.Build.0 = Release|Any CPU
		{CB6A2931-D727-4A9D-8D83-E85C5E5E1FD0}.Ad-Hoc|x86.ActiveCfg = Release|Any CPU
		{CB6A2931-D727-4A9D-8D83-E85C5E5E1FD0}.Ad-Hoc|x86.Build.0 = Release|Any CPU
		{CB6A2931-D727-4A9D-8D83-E85C5E5E1FD0}.AppStore|Any CPU.ActiveCfg = Release|Any CPU
		{CB6A2931-D727-4A9D-8D83-E85C5E5E1FD0}.AppStore|Any CPU.Build.0 = Release|Any CPU
		{CB6A2931-D727-4A9D-8D83-E85C5E5E1FD0}.AppStore|ARM.ActiveCfg = Release|Any CPU
		{CB6A2931-D727-4A9D-8D83-E85C5E5E1FD0}.AppStore|ARM.Build.0 = Release|Any CPU
		{CB6A2931-D727-4A9D-8D83-E85C5E5E1FD0}.AppStore|iPhone.ActiveCfg = Release|Any CPU
		{CB6A2931-D727-4A9D-8D83-E85C5E5E1FD0}.AppStore|iPhone.Build.0 = Release|Any CPU
		{CB6A2931-D727-4A9D-8D83-E85C5E5E1FD0}.AppStore|iPhoneSimulator.ActiveCfg = Release|Any CPU
		{CB6A2931-D727-4A9D-8D83-E85C5E5E1FD0}.AppStore|iPhoneSimulator.Build.0 = Release|Any CPU
		{CB6A2931-D727-4A9D-8D83-E85C5E5E1FD0}.AppStore|x64.ActiveCfg = Release|Any CPU
		{CB6A2931-D727-4A9D-8D83-E85C5E5E1FD0}.AppStore|x64.Build.0 = Release|Any CPU
		{CB6A2931-D727-4A9D-8D83-E85C5E5E1FD0}.AppStore|x86.ActiveCfg = Release|Any CPU
		{CB6A2931-D727-4A9D-8D83-E85C5E5E1FD0}.AppStore|x86.Build.0 = Release|Any CPU
		{CB6A2931-D727-4A9D-8D83-E85C5E5E1FD0}.Debug|Any CPU.ActiveCfg = Debug|Any CPU
		{CB6A2931-D727-4A9D-8D83-E85C5E5E1FD0}.Debug|Any CPU.Build.0 = Debug|Any CPU
		{CB6A2931-D727-4A9D-8D83-E85C5E5E1FD0}.Debug|ARM.ActiveCfg = Debug|Any CPU
		{CB6A2931-D727-4A9D-8D83-E85C5E5E1FD0}.Debug|ARM.Build.0 = Debug|Any CPU
		{CB6A2931-D727-4A9D-8D83-E85C5E5E1FD0}.Debug|iPhone.ActiveCfg = Debug|Any CPU
		{CB6A2931-D727-4A9D-8D83-E85C5E5E1FD0}.Debug|iPhone.Build.0 = Debug|Any CPU
		{CB6A2931-D727-4A9D-8D83-E85C5E5E1FD0}.Debug|iPhoneSimulator.ActiveCfg = Debug|Any CPU
		{CB6A2931-D727-4A9D-8D83-E85C5E5E1FD0}.Debug|iPhoneSimulator.Build.0 = Debug|Any CPU
		{CB6A2931-D727-4A9D-8D83-E85C5E5E1FD0}.Debug|x64.ActiveCfg = Debug|Any CPU
		{CB6A2931-D727-4A9D-8D83-E85C5E5E1FD0}.Debug|x64.Build.0 = Debug|Any CPU
		{CB6A2931-D727-4A9D-8D83-E85C5E5E1FD0}.Debug|x86.ActiveCfg = Debug|Any CPU
		{CB6A2931-D727-4A9D-8D83-E85C5E5E1FD0}.Debug|x86.Build.0 = Debug|Any CPU
		{CB6A2931-D727-4A9D-8D83-E85C5E5E1FD0}.Release|Any CPU.ActiveCfg = Release|Any CPU
		{CB6A2931-D727-4A9D-8D83-E85C5E5E1FD0}.Release|Any CPU.Build.0 = Release|Any CPU
		{CB6A2931-D727-4A9D-8D83-E85C5E5E1FD0}.Release|ARM.ActiveCfg = Release|Any CPU
		{CB6A2931-D727-4A9D-8D83-E85C5E5E1FD0}.Release|ARM.Build.0 = Release|Any CPU
		{CB6A2931-D727-4A9D-8D83-E85C5E5E1FD0}.Release|iPhone.ActiveCfg = Release|Any CPU
		{CB6A2931-D727-4A9D-8D83-E85C5E5E1FD0}.Release|iPhone.Build.0 = Release|Any CPU
		{CB6A2931-D727-4A9D-8D83-E85C5E5E1FD0}.Release|iPhoneSimulator.ActiveCfg = Release|Any CPU
		{CB6A2931-D727-4A9D-8D83-E85C5E5E1FD0}.Release|iPhoneSimulator.Build.0 = Release|Any CPU
		{CB6A2931-D727-4A9D-8D83-E85C5E5E1FD0}.Release|x64.ActiveCfg = Release|Any CPU
		{CB6A2931-D727-4A9D-8D83-E85C5E5E1FD0}.Release|x64.Build.0 = Release|Any CPU
		{CB6A2931-D727-4A9D-8D83-E85C5E5E1FD0}.Release|x86.ActiveCfg = Release|Any CPU
		{CB6A2931-D727-4A9D-8D83-E85C5E5E1FD0}.Release|x86.Build.0 = Release|Any CPU
	EndGlobalSection
	GlobalSection(SolutionProperties) = preSolution
		HideSolutionNode = FALSE
	EndGlobalSection
EndGlobal
