
Microsoft Visual Studio Solution File, Format Version 12.00
# Visual Studio 14
VisualStudioVersion = 14.0.25123.0
MinimumVisualStudioVersion = 10.0.40219.1
Project("{2150E333-8FDC-42A3-9474-1A3956D46DE8}") = "Libraries", "Libraries", "{30DBB0F0-6596-409F-836F-7A437EAB7067}"
EndProject
Project("{FAE04EC0-301F-11D3-BF4B-00C04F79EFBC}") = "Data", "Data\Data.csproj", "{9BC2901D-54CC-434D-9388-96CC64B7C4D5}"
EndProject
Project("{FAE04EC0-301F-11D3-BF4B-00C04F79EFBC}") = "Model", "Model\Model.csproj", "{6BD32729-8206-4A3B-9D0F-4F6690C3F3BC}"
EndProject
Project("{2150E333-8FDC-42A3-9474-1A3956D46DE8}") = "Presentation", "Presentation", "{AACEF517-8C29-47CB-B7B5-1FB8EC5EF548}"
EndProject
Project("{FAE04EC0-301F-11D3-BF4B-00C04F79EFBC}") = "ServiceHub", "ServiceHub\ServiceHub.csproj", "{3A019DD6-B9D7-42EA-B4E4-647BE91CF6F6}"
EndProject
Project("{FAE04EC0-301F-11D3-BF4B-00C04F79EFBC}") = "Repo", "Repo\Repo.csproj", "{66A4F3CB-4DA0-4E56-8D36-BBADE264CB0C}"
EndProject
Global
	GlobalSection(SolutionConfigurationPlatforms) = preSolution
		Ad-Hoc|Any CPU = Ad-Hoc|Any CPU
		Ad-Hoc|ARM = Ad-Hoc|ARM
		Ad-Hoc|iPhone = Ad-Hoc|iPhone
		Ad-Hoc|iPhoneSimulator = Ad-Hoc|iPhoneSimulator
		Ad-Hoc|x64 = Ad-Hoc|x64
		Ad-Hoc|x86 = Ad-Hoc|x86
		AppStore|Any CPU = AppStore|Any CPU
		AppStore|ARM = AppStore|ARM
		AppStore|iPhone = AppStore|iPhone
		AppStore|iPhoneSimulator = AppStore|iPhoneSimulator
		AppStore|x64 = AppStore|x64
		AppStore|x86 = AppStore|x86
		Debug|Any CPU = Debug|Any CPU
		Debug|ARM = Debug|ARM
		Debug|iPhone = Debug|iPhone
		Debug|iPhoneSimulator = Debug|iPhoneSimulator
		Debug|x64 = Debug|x64
		Debug|x86 = Debug|x86
		Release|Any CPU = Release|Any CPU
		Release|ARM = Release|ARM
		Release|iPhone = Release|iPhone
		Release|iPhoneSimulator = Release|iPhoneSimulator
		Release|x64 = Release|x64
		Release|x86 = Release|x86
	EndGlobalSection
	GlobalSection(ProjectConfigurationPlatforms) = postSolution
		{9BC2901D-54CC-434D-9388-96CC64B7C4D5}.Ad-Hoc|Any CPU.ActiveCfg = Release|Any CPU
		{9BC2901D-54CC-434D-9388-96CC64B7C4D5}.Ad-Hoc|Any CPU.Build.0 = Release|Any CPU
		{9BC2901D-54CC-434D-9388-96CC64B7C4D5}.Ad-Hoc|ARM.ActiveCfg = Release|Any CPU
		{9BC2901D-54CC-434D-9388-96CC64B7C4D5}.Ad-Hoc|ARM.Build.0 = Release|Any CPU
		{9BC2901D-54CC-434D-9388-96CC64B7C4D5}.Ad-Hoc|iPhone.ActiveCfg = Release|Any CPU
		{9BC2901D-54CC-434D-9388-96CC64B7C4D5}.Ad-Hoc|iPhone.Build.0 = Release|Any CPU
		{9BC2901D-54CC-434D-9388-96CC64B7C4D5}.Ad-Hoc|iPhoneSimulator.ActiveCfg = Release|Any CPU
		{9BC2901D-54CC-434D-9388-96CC64B7C4D5}.Ad-Hoc|iPhoneSimulator.Build.0 = Release|Any CPU
		{9BC2901D-54CC-434D-9388-96CC64B7C4D5}.Ad-Hoc|x64.ActiveCfg = Release|Any CPU
		{9BC2901D-54CC-434D-9388-96CC64B7C4D5}.Ad-Hoc|x64.Build.0 = Release|Any CPU
		{9BC2901D-54CC-434D-9388-96CC64B7C4D5}.Ad-Hoc|x86.ActiveCfg = Release|Any CPU
		{9BC2901D-54CC-434D-9388-96CC64B7C4D5}.Ad-Hoc|x86.Build.0 = Release|Any CPU
		{9BC2901D-54CC-434D-9388-96CC64B7C4D5}.AppStore|Any CPU.ActiveCfg = Release|Any CPU
		{9BC2901D-54CC-434D-9388-96CC64B7C4D5}.AppStore|Any CPU.Build.0 = Release|Any CPU
		{9BC2901D-54CC-434D-9388-96CC64B7C4D5}.AppStore|ARM.ActiveCfg = Release|Any CPU
		{9BC2901D-54CC-434D-9388-96CC64B7C4D5}.AppStore|ARM.Build.0 = Release|Any CPU
		{9BC2901D-54CC-434D-9388-96CC64B7C4D5}.AppStore|iPhone.ActiveCfg = Release|Any CPU
		{9BC2901D-54CC-434D-9388-96CC64B7C4D5}.AppStore|iPhone.Build.0 = Release|Any CPU
		{9BC2901D-54CC-434D-9388-96CC64B7C4D5}.AppStore|iPhoneSimulator.ActiveCfg = Release|Any CPU
		{9BC2901D-54CC-434D-9388-96CC64B7C4D5}.AppStore|iPhoneSimulator.Build.0 = Release|Any CPU
		{9BC2901D-54CC-434D-9388-96CC64B7C4D5}.AppStore|x64.ActiveCfg = Release|Any CPU
		{9BC2901D-54CC-434D-9388-96CC64B7C4D5}.AppStore|x64.Build.0 = Release|Any CPU
		{9BC2901D-54CC-434D-9388-96CC64B7C4D5}.AppStore|x86.ActiveCfg = Release|Any CPU
		{9BC2901D-54CC-434D-9388-96CC64B7C4D5}.AppStore|x86.Build.0 = Release|Any CPU
		{9BC2901D-54CC-434D-9388-96CC64B7C4D5}.Debug|Any CPU.ActiveCfg = Debug|Any CPU
		{9BC2901D-54CC-434D-9388-96CC64B7C4D5}.Debug|Any CPU.Build.0 = Debug|Any CPU
		{9BC2901D-54CC-434D-9388-96CC64B7C4D5}.Debug|ARM.ActiveCfg = Debug|Any CPU
		{9BC2901D-54CC-434D-9388-96CC64B7C4D5}.Debug|ARM.Build.0 = Debug|Any CPU
		{9BC2901D-54CC-434D-9388-96CC64B7C4D5}.Debug|iPhone.ActiveCfg = Debug|Any CPU
		{9BC2901D-54CC-434D-9388-96CC64B7C4D5}.Debug|iPhone.Build.0 = Debug|Any CPU
		{9BC2901D-54CC-434D-9388-96CC64B7C4D5}.Debug|iPhoneSimulator.ActiveCfg = Debug|Any CPU
		{9BC2901D-54CC-434D-9388-96CC64B7C4D5}.Debug|iPhoneSimulator.Build.0 = Debug|Any CPU
		{9BC2901D-54CC-434D-9388-96CC64B7C4D5}.Debug|x64.ActiveCfg = Debug|Any CPU
		{9BC2901D-54CC-434D-9388-96CC64B7C4D5}.Debug|x64.Build.0 = Debug|Any CPU
		{9BC2901D-54CC-434D-9388-96CC64B7C4D5}.Debug|x86.ActiveCfg = Debug|Any CPU
		{9BC2901D-54CC-434D-9388-96CC64B7C4D5}.Debug|x86.Build.0 = Debug|Any CPU
		{9BC2901D-54CC-434D-9388-96CC64B7C4D5}.Release|Any CPU.ActiveCfg = Release|Any CPU
		{9BC2901D-54CC-434D-9388-96CC64B7C4D5}.Release|Any CPU.Build.0 = Release|Any CPU
		{9BC2901D-54CC-434D-9388-96CC64B7C4D5}.Release|ARM.ActiveCfg = Release|Any CPU
		{9BC2901D-54CC-434D-9388-96CC64B7C4D5}.Release|ARM.Build.0 = Release|Any CPU
		{9BC2901D-54CC-434D-9388-96CC64B7C4D5}.Release|iPhone.ActiveCfg = Release|Any CPU
		{9BC2901D-54CC-434D-9388-96CC64B7C4D5}.Release|iPhone.Build.0 = Release|Any CPU
		{9BC2901D-54CC-434D-9388-96CC64B7C4D5}.Release|iPhoneSimulator.ActiveCfg = Release|Any CPU
		{9BC2901D-54CC-434D-9388-96CC64B7C4D5}.Release|iPhoneSimulator.Build.0 = Release|Any CPU
		{9BC2901D-54CC-434D-9388-96CC64B7C4D5}.Release|x64.ActiveCfg = Release|Any CPU
		{9BC2901D-54CC-434D-9388-96CC64B7C4D5}.Release|x64.Build.0 = Release|Any CPU
		{9BC2901D-54CC-434D-9388-96CC64B7C4D5}.Release|x86.ActiveCfg = Release|Any CPU
		{9BC2901D-54CC-434D-9388-96CC64B7C4D5}.Release|x86.Build.0 = Release|Any CPU
		{6BD32729-8206-4A3B-9D0F-4F6690C3F3BC}.Ad-Hoc|Any CPU.ActiveCfg = Release|Any CPU
		{6BD32729-8206-4A3B-9D0F-4F6690C3F3BC}.Ad-Hoc|Any CPU.Build.0 = Release|Any CPU
		{6BD32729-8206-4A3B-9D0F-4F6690C3F3BC}.Ad-Hoc|ARM.ActiveCfg = Release|Any CPU
		{6BD32729-8206-4A3B-9D0F-4F6690C3F3BC}.Ad-Hoc|ARM.Build.0 = Release|Any CPU
		{6BD32729-8206-4A3B-9D0F-4F6690C3F3BC}.Ad-Hoc|iPhone.ActiveCfg = Release|Any CPU
		{6BD32729-8206-4A3B-9D0F-4F6690C3F3BC}.Ad-Hoc|iPhone.Build.0 = Release|Any CPU
		{6BD32729-8206-4A3B-9D0F-4F6690C3F3BC}.Ad-Hoc|iPhoneSimulator.ActiveCfg = Release|Any CPU
		{6BD32729-8206-4A3B-9D0F-4F6690C3F3BC}.Ad-Hoc|iPhoneSimulator.Build.0 = Release|Any CPU
		{6BD32729-8206-4A3B-9D0F-4F6690C3F3BC}.Ad-Hoc|x64.ActiveCfg = Release|Any CPU
		{6BD32729-8206-4A3B-9D0F-4F6690C3F3BC}.Ad-Hoc|x64.Build.0 = Release|Any CPU
		{6BD32729-8206-4A3B-9D0F-4F6690C3F3BC}.Ad-Hoc|x86.ActiveCfg = Release|Any CPU
		{6BD32729-8206-4A3B-9D0F-4F6690C3F3BC}.Ad-Hoc|x86.Build.0 = Release|Any CPU
		{6BD32729-8206-4A3B-9D0F-4F6690C3F3BC}.AppStore|Any CPU.ActiveCfg = Release|Any CPU
		{6BD32729-8206-4A3B-9D0F-4F6690C3F3BC}.AppStore|Any CPU.Build.0 = Release|Any CPU
		{6BD32729-8206-4A3B-9D0F-4F6690C3F3BC}.AppStore|ARM.ActiveCfg = Release|Any CPU
		{6BD32729-8206-4A3B-9D0F-4F6690C3F3BC}.AppStore|ARM.Build.0 = Release|Any CPU
		{6BD32729-8206-4A3B-9D0F-4F6690C3F3BC}.AppStore|iPhone.ActiveCfg = Release|Any CPU
		{6BD32729-8206-4A3B-9D0F-4F6690C3F3BC}.AppStore|iPhone.Build.0 = Release|Any CPU
		{6BD32729-8206-4A3B-9D0F-4F6690C3F3BC}.AppStore|iPhoneSimulator.ActiveCfg = Release|Any CPU
		{6BD32729-8206-4A3B-9D0F-4F6690C3F3BC}.AppStore|iPhoneSimulator.Build.0 = Release|Any CPU
		{6BD32729-8206-4A3B-9D0F-4F6690C3F3BC}.AppStore|x64.ActiveCfg = Release|Any CPU
		{6BD32729-8206-4A3B-9D0F-4F6690C3F3BC}.AppStore|x64.Build.0 = Release|Any CPU
		{6BD32729-8206-4A3B-9D0F-4F6690C3F3BC}.AppStore|x86.ActiveCfg = Release|Any CPU
		{6BD32729-8206-4A3B-9D0F-4F6690C3F3BC}.AppStore|x86.Build.0 = Release|Any CPU
		{6BD32729-8206-4A3B-9D0F-4F6690C3F3BC}.Debug|Any CPU.ActiveCfg = Debug|Any CPU
		{6BD32729-8206-4A3B-9D0F-4F6690C3F3BC}.Debug|Any CPU.Build.0 = Debug|Any CPU
		{6BD32729-8206-4A3B-9D0F-4F6690C3F3BC}.Debug|ARM.ActiveCfg = Debug|Any CPU
		{6BD32729-8206-4A3B-9D0F-4F6690C3F3BC}.Debug|ARM.Build.0 = Debug|Any CPU
		{6BD32729-8206-4A3B-9D0F-4F6690C3F3BC}.Debug|iPhone.ActiveCfg = Debug|Any CPU
		{6BD32729-8206-4A3B-9D0F-4F6690C3F3BC}.Debug|iPhone.Build.0 = Debug|Any CPU
		{6BD32729-8206-4A3B-9D0F-4F6690C3F3BC}.Debug|iPhoneSimulator.ActiveCfg = Debug|Any CPU
		{6BD32729-8206-4A3B-9D0F-4F6690C3F3BC}.Debug|iPhoneSimulator.Build.0 = Debug|Any CPU
		{6BD32729-8206-4A3B-9D0F-4F6690C3F3BC}.Debug|x64.ActiveCfg = Debug|Any CPU
		{6BD32729-8206-4A3B-9D0F-4F6690C3F3BC}.Debug|x64.Build.0 = Debug|Any CPU
		{6BD32729-8206-4A3B-9D0F-4F6690C3F3BC}.Debug|x86.ActiveCfg = Debug|Any CPU
		{6BD32729-8206-4A3B-9D0F-4F6690C3F3BC}.Debug|x86.Build.0 = Debug|Any CPU
		{6BD32729-8206-4A3B-9D0F-4F6690C3F3BC}.Release|Any CPU.ActiveCfg = Release|Any CPU
		{6BD32729-8206-4A3B-9D0F-4F6690C3F3BC}.Release|Any CPU.Build.0 = Release|Any CPU
		{6BD32729-8206-4A3B-9D0F-4F6690C3F3BC}.Release|ARM.ActiveCfg = Release|Any CPU
		{6BD32729-8206-4A3B-9D0F-4F6690C3F3BC}.Release|ARM.Build.0 = Release|Any CPU
		{6BD32729-8206-4A3B-9D0F-4F6690C3F3BC}.Release|iPhone.ActiveCfg = Release|Any CPU
		{6BD32729-8206-4A3B-9D0F-4F6690C3F3BC}.Release|iPhone.Build.0 = Release|Any CPU
		{6BD32729-8206-4A3B-9D0F-4F6690C3F3BC}.Release|iPhoneSimulator.ActiveCfg = Release|Any CPU
		{6BD32729-8206-4A3B-9D0F-4F6690C3F3BC}.Release|iPhoneSimulator.Build.0 = Release|Any CPU
		{6BD32729-8206-4A3B-9D0F-4F6690C3F3BC}.Release|x64.ActiveCfg = Release|Any CPU
		{6BD32729-8206-4A3B-9D0F-4F6690C3F3BC}.Release|x64.Build.0 = Release|Any CPU
		{6BD32729-8206-4A3B-9D0F-4F6690C3F3BC}.Release|x86.ActiveCfg = Release|Any CPU
		{6BD32729-8206-4A3B-9D0F-4F6690C3F3BC}.Release|x86.Build.0 = Release|Any CPU
		{3A019DD6-B9D7-42EA-B4E4-647BE91CF6F6}.Ad-Hoc|Any CPU.ActiveCfg = Release|Any CPU
		{3A019DD6-B9D7-42EA-B4E4-647BE91CF6F6}.Ad-Hoc|Any CPU.Build.0 = Release|Any CPU
		{3A019DD6-B9D7-42EA-B4E4-647BE91CF6F6}.Ad-Hoc|ARM.ActiveCfg = Release|Any CPU
		{3A019DD6-B9D7-42EA-B4E4-647BE91CF6F6}.Ad-Hoc|ARM.Build.0 = Release|Any CPU
		{3A019DD6-B9D7-42EA-B4E4-647BE91CF6F6}.Ad-Hoc|iPhone.ActiveCfg = Release|Any CPU
		{3A019DD6-B9D7-42EA-B4E4-647BE91CF6F6}.Ad-Hoc|iPhone.Build.0 = Release|Any CPU
		{3A019DD6-B9D7-42EA-B4E4-647BE91CF6F6}.Ad-Hoc|iPhoneSimulator.ActiveCfg = Release|Any CPU
		{3A019DD6-B9D7-42EA-B4E4-647BE91CF6F6}.Ad-Hoc|iPhoneSimulator.Build.0 = Release|Any CPU
		{3A019DD6-B9D7-42EA-B4E4-647BE91CF6F6}.Ad-Hoc|x64.ActiveCfg = Release|Any CPU
		{3A019DD6-B9D7-42EA-B4E4-647BE91CF6F6}.Ad-Hoc|x64.Build.0 = Release|Any CPU
		{3A019DD6-B9D7-42EA-B4E4-647BE91CF6F6}.Ad-Hoc|x86.ActiveCfg = Release|Any CPU
		{3A019DD6-B9D7-42EA-B4E4-647BE91CF6F6}.Ad-Hoc|x86.Build.0 = Release|Any CPU
		{3A019DD6-B9D7-42EA-B4E4-647BE91CF6F6}.AppStore|Any CPU.ActiveCfg = Release|Any CPU
		{3A019DD6-B9D7-42EA-B4E4-647BE91CF6F6}.AppStore|Any CPU.Build.0 = Release|Any CPU
		{3A019DD6-B9D7-42EA-B4E4-647BE91CF6F6}.AppStore|ARM.ActiveCfg = Release|Any CPU
		{3A019DD6-B9D7-42EA-B4E4-647BE91CF6F6}.AppStore|ARM.Build.0 = Release|Any CPU
		{3A019DD6-B9D7-42EA-B4E4-647BE91CF6F6}.AppStore|iPhone.ActiveCfg = Release|Any CPU
		{3A019DD6-B9D7-42EA-B4E4-647BE91CF6F6}.AppStore|iPhone.Build.0 = Release|Any CPU
		{3A019DD6-B9D7-42EA-B4E4-647BE91CF6F6}.AppStore|iPhoneSimulator.ActiveCfg = Release|Any CPU
		{3A019DD6-B9D7-42EA-B4E4-647BE91CF6F6}.AppStore|iPhoneSimulator.Build.0 = Release|Any CPU
		{3A019DD6-B9D7-42EA-B4E4-647BE91CF6F6}.AppStore|x64.ActiveCfg = Release|Any CPU
		{3A019DD6-B9D7-42EA-B4E4-647BE91CF6F6}.AppStore|x64.Build.0 = Release|Any CPU
		{3A019DD6-B9D7-42EA-B4E4-647BE91CF6F6}.AppStore|x86.ActiveCfg = Release|Any CPU
		{3A019DD6-B9D7-42EA-B4E4-647BE91CF6F6}.AppStore|x86.Build.0 = Release|Any CPU
		{3A019DD6-B9D7-42EA-B4E4-647BE91CF6F6}.Debug|Any CPU.ActiveCfg = Debug|Any CPU
		{3A019DD6-B9D7-42EA-B4E4-647BE91CF6F6}.Debug|Any CPU.Build.0 = Debug|Any CPU
		{3A019DD6-B9D7-42EA-B4E4-647BE91CF6F6}.Debug|ARM.ActiveCfg = Debug|Any CPU
		{3A019DD6-B9D7-42EA-B4E4-647BE91CF6F6}.Debug|ARM.Build.0 = Debug|Any CPU
		{3A019DD6-B9D7-42EA-B4E4-647BE91CF6F6}.Debug|iPhone.ActiveCfg = Debug|Any CPU
		{3A019DD6-B9D7-42EA-B4E4-647BE91CF6F6}.Debug|iPhone.Build.0 = Debug|Any CPU
		{3A019DD6-B9D7-42EA-B4E4-647BE91CF6F6}.Debug|iPhoneSimulator.ActiveCfg = Debug|Any CPU
		{3A019DD6-B9D7-42EA-B4E4-647BE91CF6F6}.Debug|iPhoneSimulator.Build.0 = Debug|Any CPU
		{3A019DD6-B9D7-42EA-B4E4-647BE91CF6F6}.Debug|x64.ActiveCfg = Debug|Any CPU
		{3A019DD6-B9D7-42EA-B4E4-647BE91CF6F6}.Debug|x64.Build.0 = Debug|Any CPU
		{3A019DD6-B9D7-42EA-B4E4-647BE91CF6F6}.Debug|x86.ActiveCfg = Debug|Any CPU
		{3A019DD6-B9D7-42EA-B4E4-647BE91CF6F6}.Debug|x86.Build.0 = Debug|Any CPU
		{3A019DD6-B9D7-42EA-B4E4-647BE91CF6F6}.Release|Any CPU.ActiveCfg = Release|Any CPU
		{3A019DD6-B9D7-42EA-B4E4-647BE91CF6F6}.Release|Any CPU.Build.0 = Release|Any CPU
		{3A019DD6-B9D7-42EA-B4E4-647BE91CF6F6}.Release|ARM.ActiveCfg = Release|Any CPU
		{3A019DD6-B9D7-42EA-B4E4-647BE91CF6F6}.Release|ARM.Build.0 = Release|Any CPU
		{3A019DD6-B9D7-42EA-B4E4-647BE91CF6F6}.Release|iPhone.ActiveCfg = Release|Any CPU
		{3A019DD6-B9D7-42EA-B4E4-647BE91CF6F6}.Release|iPhone.Build.0 = Release|Any CPU
		{3A019DD6-B9D7-42EA-B4E4-647BE91CF6F6}.Release|iPhoneSimulator.ActiveCfg = Release|Any CPU
		{3A019DD6-B9D7-42EA-B4E4-647BE91CF6F6}.Release|iPhoneSimulator.Build.0 = Release|Any CPU
		{3A019DD6-B9D7-42EA-B4E4-647BE91CF6F6}.Release|x64.ActiveCfg = Release|Any CPU
		{3A019DD6-B9D7-42EA-B4E4-647BE91CF6F6}.Release|x64.Build.0 = Release|Any CPU
		{3A019DD6-B9D7-42EA-B4E4-647BE91CF6F6}.Release|x86.ActiveCfg = Release|Any CPU
		{3A019DD6-B9D7-42EA-B4E4-647BE91CF6F6}.Release|x86.Build.0 = Release|Any CPU
		{66A4F3CB-4DA0-4E56-8D36-BBADE264CB0C}.Ad-Hoc|Any CPU.ActiveCfg = Release|Any CPU
		{66A4F3CB-4DA0-4E56-8D36-BBADE264CB0C}.Ad-Hoc|Any CPU.Build.0 = Release|Any CPU
		{66A4F3CB-4DA0-4E56-8D36-BBADE264CB0C}.Ad-Hoc|ARM.ActiveCfg = Release|Any CPU
		{66A4F3CB-4DA0-4E56-8D36-BBADE264CB0C}.Ad-Hoc|ARM.Build.0 = Release|Any CPU
		{66A4F3CB-4DA0-4E56-8D36-BBADE264CB0C}.Ad-Hoc|iPhone.ActiveCfg = Release|Any CPU
		{66A4F3CB-4DA0-4E56-8D36-BBADE264CB0C}.Ad-Hoc|iPhone.Build.0 = Release|Any CPU
		{66A4F3CB-4DA0-4E56-8D36-BBADE264CB0C}.Ad-Hoc|iPhoneSimulator.ActiveCfg = Release|Any CPU
		{66A4F3CB-4DA0-4E56-8D36-BBADE264CB0C}.Ad-Hoc|iPhoneSimulator.Build.0 = Release|Any CPU
		{66A4F3CB-4DA0-4E56-8D36-BBADE264CB0C}.Ad-Hoc|x64.ActiveCfg = Release|Any CPU
		{66A4F3CB-4DA0-4E56-8D36-BBADE264CB0C}.Ad-Hoc|x64.Build.0 = Release|Any CPU
		{66A4F3CB-4DA0-4E56-8D36-BBADE264CB0C}.Ad-Hoc|x86.ActiveCfg = Release|Any CPU
		{66A4F3CB-4DA0-4E56-8D36-BBADE264CB0C}.Ad-Hoc|x86.Build.0 = Release|Any CPU
		{66A4F3CB-4DA0-4E56-8D36-BBADE264CB0C}.AppStore|Any CPU.ActiveCfg = Release|Any CPU
		{66A4F3CB-4DA0-4E56-8D36-BBADE264CB0C}.AppStore|Any CPU.Build.0 = Release|Any CPU
		{66A4F3CB-4DA0-4E56-8D36-BBADE264CB0C}.AppStore|ARM.ActiveCfg = Release|Any CPU
		{66A4F3CB-4DA0-4E56-8D36-BBADE264CB0C}.AppStore|ARM.Build.0 = Release|Any CPU
		{66A4F3CB-4DA0-4E56-8D36-BBADE264CB0C}.AppStore|iPhone.ActiveCfg = Release|Any CPU
		{66A4F3CB-4DA0-4E56-8D36-BBADE264CB0C}.AppStore|iPhone.Build.0 = Release|Any CPU
		{66A4F3CB-4DA0-4E56-8D36-BBADE264CB0C}.AppStore|iPhoneSimulator.ActiveCfg = Release|Any CPU
		{66A4F3CB-4DA0-4E56-8D36-BBADE264CB0C}.AppStore|iPhoneSimulator.Build.0 = Release|Any CPU
		{66A4F3CB-4DA0-4E56-8D36-BBADE264CB0C}.AppStore|x64.ActiveCfg = Release|Any CPU
		{66A4F3CB-4DA0-4E56-8D36-BBADE264CB0C}.AppStore|x64.Build.0 = Release|Any CPU
		{66A4F3CB-4DA0-4E56-8D36-BBADE264CB0C}.AppStore|x86.ActiveCfg = Release|Any CPU
		{66A4F3CB-4DA0-4E56-8D36-BBADE264CB0C}.AppStore|x86.Build.0 = Release|Any CPU
		{66A4F3CB-4DA0-4E56-8D36-BBADE264CB0C}.Debug|Any CPU.ActiveCfg = Debug|Any CPU
		{66A4F3CB-4DA0-4E56-8D36-BBADE264CB0C}.Debug|Any CPU.Build.0 = Debug|Any CPU
		{66A4F3CB-4DA0-4E56-8D36-BBADE264CB0C}.Debug|ARM.ActiveCfg = Debug|Any CPU
		{66A4F3CB-4DA0-4E56-8D36-BBADE264CB0C}.Debug|ARM.Build.0 = Debug|Any CPU
		{66A4F3CB-4DA0-4E56-8D36-BBADE264CB0C}.Debug|iPhone.ActiveCfg = Debug|Any CPU
		{66A4F3CB-4DA0-4E56-8D36-BBADE264CB0C}.Debug|iPhone.Build.0 = Debug|Any CPU
		{66A4F3CB-4DA0-4E56-8D36-BBADE264CB0C}.Debug|iPhoneSimulator.ActiveCfg = Debug|Any CPU
		{66A4F3CB-4DA0-4E56-8D36-BBADE264CB0C}.Debug|iPhoneSimulator.Build.0 = Debug|Any CPU
		{66A4F3CB-4DA0-4E56-8D36-BBADE264CB0C}.Debug|x64.ActiveCfg = Debug|Any CPU
		{66A4F3CB-4DA0-4E56-8D36-BBADE264CB0C}.Debug|x64.Build.0 = Debug|Any CPU
		{66A4F3CB-4DA0-4E56-8D36-BBADE264CB0C}.Debug|x86.ActiveCfg = Debug|Any CPU
		{66A4F3CB-4DA0-4E56-8D36-BBADE264CB0C}.Debug|x86.Build.0 = Debug|Any CPU
		{66A4F3CB-4DA0-4E56-8D36-BBADE264CB0C}.Release|Any CPU.ActiveCfg = Release|Any CPU
		{66A4F3CB-4DA0-4E56-8D36-BBADE264CB0C}.Release|Any CPU.Build.0 = Release|Any CPU
		{66A4F3CB-4DA0-4E56-8D36-BBADE264CB0C}.Release|ARM.ActiveCfg = Release|Any CPU
		{66A4F3CB-4DA0-4E56-8D36-BBADE264CB0C}.Release|ARM.Build.0 = Release|Any CPU
		{66A4F3CB-4DA0-4E56-8D36-BBADE264CB0C}.Release|iPhone.ActiveCfg = Release|Any CPU
		{66A4F3CB-4DA0-4E56-8D36-BBADE264CB0C}.Release|iPhone.Build.0 = Release|Any CPU
		{66A4F3CB-4DA0-4E56-8D36-BBADE264CB0C}.Release|iPhoneSimulator.ActiveCfg = Release|Any CPU
		{66A4F3CB-4DA0-4E56-8D36-BBADE264CB0C}.Release|iPhoneSimulator.Build.0 = Release|Any CPU
		{66A4F3CB-4DA0-4E56-8D36-BBADE264CB0C}.Release|x64.ActiveCfg = Release|Any CPU
		{66A4F3CB-4DA0-4E56-8D36-BBADE264CB0C}.Release|x64.Build.0 = Release|Any CPU
		{66A4F3CB-4DA0-4E56-8D36-BBADE264CB0C}.Release|x86.ActiveCfg = Release|Any CPU
		{66A4F3CB-4DA0-4E56-8D36-BBADE264CB0C}.Release|x86.Build.0 = Release|Any CPU
	EndGlobalSection
	GlobalSection(SolutionProperties) = preSolution
		HideSolutionNode = FALSE
	EndGlobalSection
	GlobalSection(NestedProjects) = preSolution
		{9BC2901D-54CC-434D-9388-96CC64B7C4D5} = {30DBB0F0-6596-409F-836F-7A437EAB7067}
		{6BD32729-8206-4A3B-9D0F-4F6690C3F3BC} = {30DBB0F0-6596-409F-836F-7A437EAB7067}
		{3A019DD6-B9D7-42EA-B4E4-647BE91CF6F6} = {AACEF517-8C29-47CB-B7B5-1FB8EC5EF548}
		{66A4F3CB-4DA0-4E56-8D36-BBADE264CB0C} = {30DBB0F0-6596-409F-836F-7A437EAB7067}
	EndGlobalSection
EndGlobal
