
Microsoft Visual Studio Solution File, Format Version 12.00
# Visual Studio 14
VisualStudioVersion = 14.0.25123.0
MinimumVisualStudioVersion = 10.0.40219.1
Project("{FAE04EC0-301F-11D3-BF4B-00C04F79EFBC}") = "Acikakademi.Droid", "Acikakademi\Acikakademi.Droid\Acikakademi.Droid.csproj", "{A6F9244C-5CA3-4904-A8E4-D483A8C2AFA9}"
EndProject
Project("{FAE04EC0-301F-11D3-BF4B-00C04F79EFBC}") = "Acikakademi.iOS", "Acikakademi\Acikakademi.iOS\Acikakademi.iOS.csproj", "{2542CF0A-F250-43A6-B0AC-323825FF9903}"
EndProject
Project("{FAE04EC0-301F-11D3-BF4B-00C04F79EFBC}") = "Acikakademi.WinPhone", "Acikakademi\Acikakademi.WinPhone\Acikakademi.WinPhone.csproj", "{BB65CDEE-FF25-4140-8358-E5F038AABAD2}"
EndProject
Project("{FAE04EC0-301F-11D3-BF4B-00C04F79EFBC}") = "Acikakademi.Windows", "Acikakademi\Acikakademi.Windows\Acikakademi.Windows.csproj", "{0D3448A7-50F9-4AEA-B1C2-164B6EEE9A70}"
EndProject
Project("{FAE04EC0-301F-11D3-BF4B-00C04F79EFBC}") = "Acikakademi", "Acikakademi\Acikakademi\Acikakademi.csproj", "{27936D6B-C432-4281-9E55-E8CFB955CAD6}"
EndProject
Global
	GlobalSection(SolutionConfigurationPlatforms) = preSolution
		Ad-Hoc|Any CPU = Ad-Hoc|Any CPU
		Ad-Hoc|ARM = Ad-Hoc|ARM
		Ad-Hoc|iPhone = Ad-Hoc|iPhone
		Ad-Hoc|iPhoneSimulator = Ad-Hoc|iPhoneSimulator
		Ad-Hoc|x64 = Ad-Hoc|x64
		Ad-Hoc|x86 = Ad-Hoc|x86
		AppStore|Any CPU = AppStore|Any CPU
		AppStore|ARM = AppStore|ARM
		AppStore|iPhone = AppStore|iPhone
		AppStore|iPhoneSimulator = AppStore|iPhoneSimulator
		AppStore|x64 = AppStore|x64
		AppStore|x86 = AppStore|x86
		Debug|Any CPU = Debug|Any CPU
		Debug|ARM = Debug|ARM
		Debug|iPhone = Debug|iPhone
		Debug|iPhoneSimulator = Debug|iPhoneSimulator
		Debug|x64 = Debug|x64
		Debug|x86 = Debug|x86
		Release|Any CPU = Release|Any CPU
		Release|ARM = Release|ARM
		Release|iPhone = Release|iPhone
		Release|iPhoneSimulator = Release|iPhoneSimulator
		Release|x64 = Release|x64
		Release|x86 = Release|x86
	EndGlobalSection
	GlobalSection(ProjectConfigurationPlatforms) = postSolution
		{A6F9244C-5CA3-4904-A8E4-D483A8C2AFA9}.Ad-Hoc|Any CPU.ActiveCfg = Release|Any CPU
		{A6F9244C-5CA3-4904-A8E4-D483A8C2AFA9}.Ad-Hoc|Any CPU.Build.0 = Release|Any CPU
		{A6F9244C-5CA3-4904-A8E4-D483A8C2AFA9}.Ad-Hoc|Any CPU.Deploy.0 = Release|Any CPU
		{A6F9244C-5CA3-4904-A8E4-D483A8C2AFA9}.Ad-Hoc|ARM.ActiveCfg = Release|Any CPU
		{A6F9244C-5CA3-4904-A8E4-D483A8C2AFA9}.Ad-Hoc|ARM.Build.0 = Release|Any CPU
		{A6F9244C-5CA3-4904-A8E4-D483A8C2AFA9}.Ad-Hoc|ARM.Deploy.0 = Release|Any CPU
		{A6F9244C-5CA3-4904-A8E4-D483A8C2AFA9}.Ad-Hoc|iPhone.ActiveCfg = Release|Any CPU
		{A6F9244C-5CA3-4904-A8E4-D483A8C2AFA9}.Ad-Hoc|iPhone.Build.0 = Release|Any CPU
		{A6F9244C-5CA3-4904-A8E4-D483A8C2AFA9}.Ad-Hoc|iPhone.Deploy.0 = Release|Any CPU
		{A6F9244C-5CA3-4904-A8E4-D483A8C2AFA9}.Ad-Hoc|iPhoneSimulator.ActiveCfg = Release|Any CPU
		{A6F9244C-5CA3-4904-A8E4-D483A8C2AFA9}.Ad-Hoc|iPhoneSimulator.Build.0 = Release|Any CPU
		{A6F9244C-5CA3-4904-A8E4-D483A8C2AFA9}.Ad-Hoc|iPhoneSimulator.Deploy.0 = Release|Any CPU
		{A6F9244C-5CA3-4904-A8E4-D483A8C2AFA9}.Ad-Hoc|x64.ActiveCfg = Release|Any CPU
		{A6F9244C-5CA3-4904-A8E4-D483A8C2AFA9}.Ad-Hoc|x64.Build.0 = Release|Any CPU
		{A6F9244C-5CA3-4904-A8E4-D483A8C2AFA9}.Ad-Hoc|x64.Deploy.0 = Release|Any CPU
		{A6F9244C-5CA3-4904-A8E4-D483A8C2AFA9}.Ad-Hoc|x86.ActiveCfg = Release|Any CPU
		{A6F9244C-5CA3-4904-A8E4-D483A8C2AFA9}.Ad-Hoc|x86.Build.0 = Release|Any CPU
		{A6F9244C-5CA3-4904-A8E4-D483A8C2AFA9}.Ad-Hoc|x86.Deploy.0 = Release|Any CPU
		{A6F9244C-5CA3-4904-A8E4-D483A8C2AFA9}.AppStore|Any CPU.ActiveCfg = Release|Any CPU
		{A6F9244C-5CA3-4904-A8E4-D483A8C2AFA9}.AppStore|Any CPU.Build.0 = Release|Any CPU
		{A6F9244C-5CA3-4904-A8E4-D483A8C2AFA9}.AppStore|Any CPU.Deploy.0 = Release|Any CPU
		{A6F9244C-5CA3-4904-A8E4-D483A8C2AFA9}.AppStore|ARM.ActiveCfg = Release|Any CPU
		{A6F9244C-5CA3-4904-A8E4-D483A8C2AFA9}.AppStore|ARM.Build.0 = Release|Any CPU
		{A6F9244C-5CA3-4904-A8E4-D483A8C2AFA9}.AppStore|ARM.Deploy.0 = Release|Any CPU
		{A6F9244C-5CA3-4904-A8E4-D483A8C2AFA9}.AppStore|iPhone.ActiveCfg = Release|Any CPU
		{A6F9244C-5CA3-4904-A8E4-D483A8C2AFA9}.AppStore|iPhone.Build.0 = Release|Any CPU
		{A6F9244C-5CA3-4904-A8E4-D483A8C2AFA9}.AppStore|iPhone.Deploy.0 = Release|Any CPU
		{A6F9244C-5CA3-4904-A8E4-D483A8C2AFA9}.AppStore|iPhoneSimulator.ActiveCfg = Release|Any CPU
		{A6F9244C-5CA3-4904-A8E4-D483A8C2AFA9}.AppStore|iPhoneSimulator.Build.0 = Release|Any CPU
		{A6F9244C-5CA3-4904-A8E4-D483A8C2AFA9}.AppStore|iPhoneSimulator.Deploy.0 = Release|Any CPU
		{A6F9244C-5CA3-4904-A8E4-D483A8C2AFA9}.AppStore|x64.ActiveCfg = Release|Any CPU
		{A6F9244C-5CA3-4904-A8E4-D483A8C2AFA9}.AppStore|x64.Build.0 = Release|Any CPU
		{A6F9244C-5CA3-4904-A8E4-D483A8C2AFA9}.AppStore|x64.Deploy.0 = Release|Any CPU
		{A6F9244C-5CA3-4904-A8E4-D483A8C2AFA9}.AppStore|x86.ActiveCfg = Release|Any CPU
		{A6F9244C-5CA3-4904-A8E4-D483A8C2AFA9}.AppStore|x86.Build.0 = Release|Any CPU
		{A6F9244C-5CA3-4904-A8E4-D483A8C2AFA9}.AppStore|x86.Deploy.0 = Release|Any CPU
		{A6F9244C-5CA3-4904-A8E4-D483A8C2AFA9}.Debug|Any CPU.ActiveCfg = Debug|Any CPU
		{A6F9244C-5CA3-4904-A8E4-D483A8C2AFA9}.Debug|Any CPU.Build.0 = Debug|Any CPU
		{A6F9244C-5CA3-4904-A8E4-D483A8C2AFA9}.Debug|Any CPU.Deploy.0 = Debug|Any CPU
		{A6F9244C-5CA3-4904-A8E4-D483A8C2AFA9}.Debug|ARM.ActiveCfg = Debug|Any CPU
		{A6F9244C-5CA3-4904-A8E4-D483A8C2AFA9}.Debug|ARM.Build.0 = Debug|Any CPU
		{A6F9244C-5CA3-4904-A8E4-D483A8C2AFA9}.Debug|ARM.Deploy.0 = Debug|Any CPU
		{A6F9244C-5CA3-4904-A8E4-D483A8C2AFA9}.Debug|iPhone.ActiveCfg = Debug|Any CPU
		{A6F9244C-5CA3-4904-A8E4-D483A8C2AFA9}.Debug|iPhone.Build.0 = Debug|Any CPU
		{A6F9244C-5CA3-4904-A8E4-D483A8C2AFA9}.Debug|iPhone.Deploy.0 = Debug|Any CPU
		{A6F9244C-5CA3-4904-A8E4-D483A8C2AFA9}.Debug|iPhoneSimulator.ActiveCfg = Debug|Any CPU
		{A6F9244C-5CA3-4904-A8E4-D483A8C2AFA9}.Debug|iPhoneSimulator.Build.0 = Debug|Any CPU
		{A6F9244C-5CA3-4904-A8E4-D483A8C2AFA9}.Debug|iPhoneSimulator.Deploy.0 = Debug|Any CPU
		{A6F9244C-5CA3-4904-A8E4-D483A8C2AFA9}.Debug|x64.ActiveCfg = Debug|Any CPU
		{A6F9244C-5CA3-4904-A8E4-D483A8C2AFA9}.Debug|x64.Build.0 = Debug|Any CPU
		{A6F9244C-5CA3-4904-A8E4-D483A8C2AFA9}.Debug|x64.Deploy.0 = Debug|Any CPU
		{A6F9244C-5CA3-4904-A8E4-D483A8C2AFA9}.Debug|x86.ActiveCfg = Debug|Any CPU
		{A6F9244C-5CA3-4904-A8E4-D483A8C2AFA9}.Debug|x86.Build.0 = Debug|Any CPU
		{A6F9244C-5CA3-4904-A8E4-D483A8C2AFA9}.Debug|x86.Deploy.0 = Debug|Any CPU
		{A6F9244C-5CA3-4904-A8E4-D483A8C2AFA9}.Release|Any CPU.ActiveCfg = Release|Any CPU
		{A6F9244C-5CA3-4904-A8E4-D483A8C2AFA9}.Release|Any CPU.Build.0 = Release|Any CPU
		{A6F9244C-5CA3-4904-A8E4-D483A8C2AFA9}.Release|Any CPU.Deploy.0 = Release|Any CPU
		{A6F9244C-5CA3-4904-A8E4-D483A8C2AFA9}.Release|ARM.ActiveCfg = Release|Any CPU
		{A6F9244C-5CA3-4904-A8E4-D483A8C2AFA9}.Release|ARM.Build.0 = Release|Any CPU
		{A6F9244C-5CA3-4904-A8E4-D483A8C2AFA9}.Release|ARM.Deploy.0 = Release|Any CPU
		{A6F9244C-5CA3-4904-A8E4-D483A8C2AFA9}.Release|iPhone.ActiveCfg = Release|Any CPU
		{A6F9244C-5CA3-4904-A8E4-D483A8C2AFA9}.Release|iPhone.Build.0 = Release|Any CPU
		{A6F9244C-5CA3-4904-A8E4-D483A8C2AFA9}.Release|iPhone.Deploy.0 = Release|Any CPU
		{A6F9244C-5CA3-4904-A8E4-D483A8C2AFA9}.Release|iPhoneSimulator.ActiveCfg = Release|Any CPU
		{A6F9244C-5CA3-4904-A8E4-D483A8C2AFA9}.Release|iPhoneSimulator.Build.0 = Release|Any CPU
		{A6F9244C-5CA3-4904-A8E4-D483A8C2AFA9}.Release|iPhoneSimulator.Deploy.0 = Release|Any CPU
		{A6F9244C-5CA3-4904-A8E4-D483A8C2AFA9}.Release|x64.ActiveCfg = Release|Any CPU
		{A6F9244C-5CA3-4904-A8E4-D483A8C2AFA9}.Release|x64.Build.0 = Release|Any CPU
		{A6F9244C-5CA3-4904-A8E4-D483A8C2AFA9}.Release|x64.Deploy.0 = Release|Any CPU
		{A6F9244C-5CA3-4904-A8E4-D483A8C2AFA9}.Release|x86.ActiveCfg = Release|Any CPU
		{A6F9244C-5CA3-4904-A8E4-D483A8C2AFA9}.Release|x86.Build.0 = Release|Any CPU
		{A6F9244C-5CA3-4904-A8E4-D483A8C2AFA9}.Release|x86.Deploy.0 = Release|Any CPU
		{2542CF0A-F250-43A6-B0AC-323825FF9903}.Ad-Hoc|Any CPU.ActiveCfg = Ad-Hoc|iPhone
		{2542CF0A-F250-43A6-B0AC-323825FF9903}.Ad-Hoc|ARM.ActiveCfg = Ad-Hoc|iPhone
		{2542CF0A-F250-43A6-B0AC-323825FF9903}.Ad-Hoc|iPhone.ActiveCfg = Ad-Hoc|iPhone
		{2542CF0A-F250-43A6-B0AC-323825FF9903}.Ad-Hoc|iPhone.Build.0 = Ad-Hoc|iPhone
		{2542CF0A-F250-43A6-B0AC-323825FF9903}.Ad-Hoc|iPhoneSimulator.ActiveCfg = Ad-Hoc|iPhoneSimulator
		{2542CF0A-F250-43A6-B0AC-323825FF9903}.Ad-Hoc|iPhoneSimulator.Build.0 = Ad-Hoc|iPhoneSimulator
		{2542CF0A-F250-43A6-B0AC-323825FF9903}.Ad-Hoc|x64.ActiveCfg = Ad-Hoc|iPhone
		{2542CF0A-F250-43A6-B0AC-323825FF9903}.Ad-Hoc|x86.ActiveCfg = Ad-Hoc|iPhone
		{2542CF0A-F250-43A6-B0AC-323825FF9903}.AppStore|Any CPU.ActiveCfg = AppStore|iPhone
		{2542CF0A-F250-43A6-B0AC-323825FF9903}.AppStore|ARM.ActiveCfg = AppStore|iPhone
		{2542CF0A-F250-43A6-B0AC-323825FF9903}.AppStore|iPhone.ActiveCfg = AppStore|iPhone
		{2542CF0A-F250-43A6-B0AC-323825FF9903}.AppStore|iPhone.Build.0 = AppStore|iPhone
		{2542CF0A-F250-43A6-B0AC-323825FF9903}.AppStore|iPhoneSimulator.ActiveCfg = AppStore|iPhoneSimulator
		{2542CF0A-F250-43A6-B0AC-323825FF9903}.AppStore|iPhoneSimulator.Build.0 = AppStore|iPhoneSimulator
		{2542CF0A-F250-43A6-B0AC-323825FF9903}.AppStore|x64.ActiveCfg = AppStore|iPhone
		{2542CF0A-F250-43A6-B0AC-323825FF9903}.AppStore|x86.ActiveCfg = AppStore|iPhone
		{2542CF0A-F250-43A6-B0AC-323825FF9903}.Debug|Any CPU.ActiveCfg = Debug|iPhone
		{2542CF0A-F250-43A6-B0AC-323825FF9903}.Debug|ARM.ActiveCfg = Debug|iPhone
		{2542CF0A-F250-43A6-B0AC-323825FF9903}.Debug|iPhone.ActiveCfg = Debug|iPhone
		{2542CF0A-F250-43A6-B0AC-323825FF9903}.Debug|iPhone.Build.0 = Debug|iPhone
		{2542CF0A-F250-43A6-B0AC-323825FF9903}.Debug|iPhoneSimulator.ActiveCfg = Debug|iPhoneSimulator
		{2542CF0A-F250-43A6-B0AC-323825FF9903}.Debug|iPhoneSimulator.Build.0 = Debug|iPhoneSimulator
		{2542CF0A-F250-43A6-B0AC-323825FF9903}.Debug|x64.ActiveCfg = Debug|iPhone
		{2542CF0A-F250-43A6-B0AC-323825FF9903}.Debug|x86.ActiveCfg = Debug|iPhone
		{2542CF0A-F250-43A6-B0AC-323825FF9903}.Release|Any CPU.ActiveCfg = Release|iPhone
		{2542CF0A-F250-43A6-B0AC-323825FF9903}.Release|ARM.ActiveCfg = Release|iPhone
		{2542CF0A-F250-43A6-B0AC-323825FF9903}.Release|iPhone.ActiveCfg = Release|iPhone
		{2542CF0A-F250-43A6-B0AC-323825FF9903}.Release|iPhone.Build.0 = Release|iPhone
		{2542CF0A-F250-43A6-B0AC-323825FF9903}.Release|iPhoneSimulator.ActiveCfg = Release|iPhoneSimulator
		{2542CF0A-F250-43A6-B0AC-323825FF9903}.Release|iPhoneSimulator.Build.0 = Release|iPhoneSimulator
		{2542CF0A-F250-43A6-B0AC-323825FF9903}.Release|x64.ActiveCfg = Release|iPhone
		{2542CF0A-F250-43A6-B0AC-323825FF9903}.Release|x86.ActiveCfg = Release|iPhone
		{BB65CDEE-FF25-4140-8358-E5F038AABAD2}.Ad-Hoc|Any CPU.ActiveCfg = Release|Any CPU
		{BB65CDEE-FF25-4140-8358-E5F038AABAD2}.Ad-Hoc|Any CPU.Build.0 = Release|Any CPU
		{BB65CDEE-FF25-4140-8358-E5F038AABAD2}.Ad-Hoc|Any CPU.Deploy.0 = Release|Any CPU
		{BB65CDEE-FF25-4140-8358-E5F038AABAD2}.Ad-Hoc|ARM.ActiveCfg = Release|ARM
		{BB65CDEE-FF25-4140-8358-E5F038AABAD2}.Ad-Hoc|ARM.Build.0 = Release|ARM
		{BB65CDEE-FF25-4140-8358-E5F038AABAD2}.Ad-Hoc|ARM.Deploy.0 = Release|ARM
		{BB65CDEE-FF25-4140-8358-E5F038AABAD2}.Ad-Hoc|iPhone.ActiveCfg = Release|Any CPU
		{BB65CDEE-FF25-4140-8358-E5F038AABAD2}.Ad-Hoc|iPhone.Build.0 = Release|Any CPU
		{BB65CDEE-FF25-4140-8358-E5F038AABAD2}.Ad-Hoc|iPhone.Deploy.0 = Release|Any CPU
		{BB65CDEE-FF25-4140-8358-E5F038AABAD2}.Ad-Hoc|iPhoneSimulator.ActiveCfg = Release|Any CPU
		{BB65CDEE-FF25-4140-8358-E5F038AABAD2}.Ad-Hoc|iPhoneSimulator.Build.0 = Release|Any CPU
		{BB65CDEE-FF25-4140-8358-E5F038AABAD2}.Ad-Hoc|iPhoneSimulator.Deploy.0 = Release|Any CPU
		{BB65CDEE-FF25-4140-8358-E5F038AABAD2}.Ad-Hoc|x64.ActiveCfg = Release|Any CPU
		{BB65CDEE-FF25-4140-8358-E5F038AABAD2}.Ad-Hoc|x64.Build.0 = Release|Any CPU
		{BB65CDEE-FF25-4140-8358-E5F038AABAD2}.Ad-Hoc|x64.Deploy.0 = Release|Any CPU
		{BB65CDEE-FF25-4140-8358-E5F038AABAD2}.Ad-Hoc|x86.ActiveCfg = Release|x86
		{BB65CDEE-FF25-4140-8358-E5F038AABAD2}.Ad-Hoc|x86.Build.0 = Release|x86
		{BB65CDEE-FF25-4140-8358-E5F038AABAD2}.Ad-Hoc|x86.Deploy.0 = Release|x86
		{BB65CDEE-FF25-4140-8358-E5F038AABAD2}.AppStore|Any CPU.ActiveCfg = Release|Any CPU
		{BB65CDEE-FF25-4140-8358-E5F038AABAD2}.AppStore|Any CPU.Build.0 = Release|Any CPU
		{BB65CDEE-FF25-4140-8358-E5F038AABAD2}.AppStore|Any CPU.Deploy.0 = Release|Any CPU
		{BB65CDEE-FF25-4140-8358-E5F038AABAD2}.AppStore|ARM.ActiveCfg = Release|ARM
		{BB65CDEE-FF25-4140-8358-E5F038AABAD2}.AppStore|ARM.Build.0 = Release|ARM
		{BB65CDEE-FF25-4140-8358-E5F038AABAD2}.AppStore|ARM.Deploy.0 = Release|ARM
		{BB65CDEE-FF25-4140-8358-E5F038AABAD2}.AppStore|iPhone.ActiveCfg = Release|Any CPU
		{BB65CDEE-FF25-4140-8358-E5F038AABAD2}.AppStore|iPhone.Build.0 = Release|Any CPU
		{BB65CDEE-FF25-4140-8358-E5F038AABAD2}.AppStore|iPhone.Deploy.0 = Release|Any CPU
		{BB65CDEE-FF25-4140-8358-E5F038AABAD2}.AppStore|iPhoneSimulator.ActiveCfg = Release|Any CPU
		{BB65CDEE-FF25-4140-8358-E5F038AABAD2}.AppStore|iPhoneSimulator.Build.0 = Release|Any CPU
		{BB65CDEE-FF25-4140-8358-E5F038AABAD2}.AppStore|iPhoneSimulator.Deploy.0 = Release|Any CPU
		{BB65CDEE-FF25-4140-8358-E5F038AABAD2}.AppStore|x64.ActiveCfg = Release|Any CPU
		{BB65CDEE-FF25-4140-8358-E5F038AABAD2}.AppStore|x64.Build.0 = Release|Any CPU
		{BB65CDEE-FF25-4140-8358-E5F038AABAD2}.AppStore|x64.Deploy.0 = Release|Any CPU
		{BB65CDEE-FF25-4140-8358-E5F038AABAD2}.AppStore|x86.ActiveCfg = Release|x86
		{BB65CDEE-FF25-4140-8358-E5F038AABAD2}.AppStore|x86.Build.0 = Release|x86
		{BB65CDEE-FF25-4140-8358-E5F038AABAD2}.AppStore|x86.Deploy.0 = Release|x86
		{BB65CDEE-FF25-4140-8358-E5F038AABAD2}.Debug|Any CPU.ActiveCfg = Debug|Any CPU
		{BB65CDEE-FF25-4140-8358-E5F038AABAD2}.Debug|Any CPU.Build.0 = Debug|Any CPU
		{BB65CDEE-FF25-4140-8358-E5F038AABAD2}.Debug|Any CPU.Deploy.0 = Debug|Any CPU
		{BB65CDEE-FF25-4140-8358-E5F038AABAD2}.Debug|ARM.ActiveCfg = Debug|ARM
		{BB65CDEE-FF25-4140-8358-E5F038AABAD2}.Debug|ARM.Build.0 = Debug|ARM
		{BB65CDEE-FF25-4140-8358-E5F038AABAD2}.Debug|ARM.Deploy.0 = Debug|ARM
		{BB65CDEE-FF25-4140-8358-E5F038AABAD2}.Debug|iPhone.ActiveCfg = Debug|Any CPU
		{BB65CDEE-FF25-4140-8358-E5F038AABAD2}.Debug|iPhone.Build.0 = Debug|Any CPU
		{BB65CDEE-FF25-4140-8358-E5F038AABAD2}.Debug|iPhone.Deploy.0 = Debug|Any CPU
		{BB65CDEE-FF25-4140-8358-E5F038AABAD2}.Debug|iPhoneSimulator.ActiveCfg = Debug|Any CPU
		{BB65CDEE-FF25-4140-8358-E5F038AABAD2}.Debug|iPhoneSimulator.Build.0 = Debug|Any CPU
		{BB65CDEE-FF25-4140-8358-E5F038AABAD2}.Debug|iPhoneSimulator.Deploy.0 = Debug|Any CPU
		{BB65CDEE-FF25-4140-8358-E5F038AABAD2}.Debug|x64.ActiveCfg = Debug|Any CPU
		{BB65CDEE-FF25-4140-8358-E5F038AABAD2}.Debug|x64.Build.0 = Debug|Any CPU
		{BB65CDEE-FF25-4140-8358-E5F038AABAD2}.Debug|x64.Deploy.0 = Debug|Any CPU
		{BB65CDEE-FF25-4140-8358-E5F038AABAD2}.Debug|x86.ActiveCfg = Debug|x86
		{BB65CDEE-FF25-4140-8358-E5F038AABAD2}.Debug|x86.Build.0 = Debug|x86
		{BB65CDEE-FF25-4140-8358-E5F038AABAD2}.Debug|x86.Deploy.0 = Debug|x86
		{BB65CDEE-FF25-4140-8358-E5F038AABAD2}.Release|Any CPU.ActiveCfg = Release|Any CPU
		{BB65CDEE-FF25-4140-8358-E5F038AABAD2}.Release|Any CPU.Build.0 = Release|Any CPU
		{BB65CDEE-FF25-4140-8358-E5F038AABAD2}.Release|Any CPU.Deploy.0 = Release|Any CPU
		{BB65CDEE-FF25-4140-8358-E5F038AABAD2}.Release|ARM.ActiveCfg = Release|ARM
		{BB65CDEE-FF25-4140-8358-E5F038AABAD2}.Release|ARM.Build.0 = Release|ARM
		{BB65CDEE-FF25-4140-8358-E5F038AABAD2}.Release|ARM.Deploy.0 = Release|ARM
		{BB65CDEE-FF25-4140-8358-E5F038AABAD2}.Release|iPhone.ActiveCfg = Release|Any CPU
		{BB65CDEE-FF25-4140-8358-E5F038AABAD2}.Release|iPhone.Build.0 = Release|Any CPU
		{BB65CDEE-FF25-4140-8358-E5F038AABAD2}.Release|iPhone.Deploy.0 = Release|Any CPU
		{BB65CDEE-FF25-4140-8358-E5F038AABAD2}.Release|iPhoneSimulator.ActiveCfg = Release|Any CPU
		{BB65CDEE-FF25-4140-8358-E5F038AABAD2}.Release|iPhoneSimulator.Build.0 = Release|Any CPU
		{BB65CDEE-FF25-4140-8358-E5F038AABAD2}.Release|iPhoneSimulator.Deploy.0 = Release|Any CPU
		{BB65CDEE-FF25-4140-8358-E5F038AABAD2}.Release|x64.ActiveCfg = Release|Any CPU
		{BB65CDEE-FF25-4140-8358-E5F038AABAD2}.Release|x64.Build.0 = Release|Any CPU
		{BB65CDEE-FF25-4140-8358-E5F038AABAD2}.Release|x64.Deploy.0 = Release|Any CPU
		{BB65CDEE-FF25-4140-8358-E5F038AABAD2}.Release|x86.ActiveCfg = Release|x86
		{BB65CDEE-FF25-4140-8358-E5F038AABAD2}.Release|x86.Build.0 = Release|x86
		{BB65CDEE-FF25-4140-8358-E5F038AABAD2}.Release|x86.Deploy.0 = Release|x86
		{0D3448A7-50F9-4AEA-B1C2-164B6EEE9A70}.Ad-Hoc|Any CPU.ActiveCfg = Release|Any CPU
		{0D3448A7-50F9-4AEA-B1C2-164B6EEE9A70}.Ad-Hoc|Any CPU.Build.0 = Release|Any CPU
		{0D3448A7-50F9-4AEA-B1C2-164B6EEE9A70}.Ad-Hoc|Any CPU.Deploy.0 = Release|Any CPU
		{0D3448A7-50F9-4AEA-B1C2-164B6EEE9A70}.Ad-Hoc|ARM.ActiveCfg = Release|ARM
		{0D3448A7-50F9-4AEA-B1C2-164B6EEE9A70}.Ad-Hoc|ARM.Build.0 = Release|ARM
		{0D3448A7-50F9-4AEA-B1C2-164B6EEE9A70}.Ad-Hoc|ARM.Deploy.0 = Release|ARM
		{0D3448A7-50F9-4AEA-B1C2-164B6EEE9A70}.Ad-Hoc|iPhone.ActiveCfg = Release|Any CPU
		{0D3448A7-50F9-4AEA-B1C2-164B6EEE9A70}.Ad-Hoc|iPhone.Build.0 = Release|Any CPU
		{0D3448A7-50F9-4AEA-B1C2-164B6EEE9A70}.Ad-Hoc|iPhone.Deploy.0 = Release|Any CPU
		{0D3448A7-50F9-4AEA-B1C2-164B6EEE9A70}.Ad-Hoc|iPhoneSimulator.ActiveCfg = Release|Any CPU
		{0D3448A7-50F9-4AEA-B1C2-164B6EEE9A70}.Ad-Hoc|iPhoneSimulator.Build.0 = Release|Any CPU
		{0D3448A7-50F9-4AEA-B1C2-164B6EEE9A70}.Ad-Hoc|iPhoneSimulator.Deploy.0 = Release|Any CPU
		{0D3448A7-50F9-4AEA-B1C2-164B6EEE9A70}.Ad-Hoc|x64.ActiveCfg = Release|x64
		{0D3448A7-50F9-4AEA-B1C2-164B6EEE9A70}.Ad-Hoc|x64.Build.0 = Release|x64
		{0D3448A7-50F9-4AEA-B1C2-164B6EEE9A70}.Ad-Hoc|x64.Deploy.0 = Release|x64
		{0D3448A7-50F9-4AEA-B1C2-164B6EEE9A70}.Ad-Hoc|x86.ActiveCfg = Release|x86
		{0D3448A7-50F9-4AEA-B1C2-164B6EEE9A70}.Ad-Hoc|x86.Build.0 = Release|x86
		{0D3448A7-50F9-4AEA-B1C2-164B6EEE9A70}.Ad-Hoc|x86.Deploy.0 = Release|x86
		{0D3448A7-50F9-4AEA-B1C2-164B6EEE9A70}.AppStore|Any CPU.ActiveCfg = Release|Any CPU
		{0D3448A7-50F9-4AEA-B1C2-164B6EEE9A70}.AppStore|Any CPU.Build.0 = Release|Any CPU
		{0D3448A7-50F9-4AEA-B1C2-164B6EEE9A70}.AppStore|Any CPU.Deploy.0 = Release|Any CPU
		{0D3448A7-50F9-4AEA-B1C2-164B6EEE9A70}.AppStore|ARM.ActiveCfg = Release|ARM
		{0D3448A7-50F9-4AEA-B1C2-164B6EEE9A70}.AppStore|ARM.Build.0 = Release|ARM
		{0D3448A7-50F9-4AEA-B1C2-164B6EEE9A70}.AppStore|ARM.Deploy.0 = Release|ARM
		{0D3448A7-50F9-4AEA-B1C2-164B6EEE9A70}.AppStore|iPhone.ActiveCfg = Release|Any CPU
		{0D3448A7-50F9-4AEA-B1C2-164B6EEE9A70}.AppStore|iPhone.Build.0 = Release|Any CPU
		{0D3448A7-50F9-4AEA-B1C2-164B6EEE9A70}.AppStore|iPhone.Deploy.0 = Release|Any CPU
		{0D3448A7-50F9-4AEA-B1C2-164B6EEE9A70}.AppStore|iPhoneSimulator.ActiveCfg = Release|Any CPU
		{0D3448A7-50F9-4AEA-B1C2-164B6EEE9A70}.AppStore|iPhoneSimulator.Build.0 = Release|Any CPU
		{0D3448A7-50F9-4AEA-B1C2-164B6EEE9A70}.AppStore|iPhoneSimulator.Deploy.0 = Release|Any CPU
		{0D3448A7-50F9-4AEA-B1C2-164B6EEE9A70}.AppStore|x64.ActiveCfg = Release|x64
		{0D3448A7-50F9-4AEA-B1C2-164B6EEE9A70}.AppStore|x64.Build.0 = Release|x64
		{0D3448A7-50F9-4AEA-B1C2-164B6EEE9A70}.AppStore|x64.Deploy.0 = Release|x64
		{0D3448A7-50F9-4AEA-B1C2-164B6EEE9A70}.AppStore|x86.ActiveCfg = Release|x86
		{0D3448A7-50F9-4AEA-B1C2-164B6EEE9A70}.AppStore|x86.Build.0 = Release|x86
		{0D3448A7-50F9-4AEA-B1C2-164B6EEE9A70}.AppStore|x86.Deploy.0 = Release|x86
		{0D3448A7-50F9-4AEA-B1C2-164B6EEE9A70}.Debug|Any CPU.ActiveCfg = Debug|Any CPU
		{0D3448A7-50F9-4AEA-B1C2-164B6EEE9A70}.Debug|Any CPU.Build.0 = Debug|Any CPU
		{0D3448A7-50F9-4AEA-B1C2-164B6EEE9A70}.Debug|Any CPU.Deploy.0 = Debug|Any CPU
		{0D3448A7-50F9-4AEA-B1C2-164B6EEE9A70}.Debug|ARM.ActiveCfg = Debug|ARM
		{0D3448A7-50F9-4AEA-B1C2-164B6EEE9A70}.Debug|ARM.Build.0 = Debug|ARM
		{0D3448A7-50F9-4AEA-B1C2-164B6EEE9A70}.Debug|ARM.Deploy.0 = Debug|ARM
		{0D3448A7-50F9-4AEA-B1C2-164B6EEE9A70}.Debug|iPhone.ActiveCfg = Debug|Any CPU
		{0D3448A7-50F9-4AEA-B1C2-164B6EEE9A70}.Debug|iPhone.Build.0 = Debug|Any CPU
		{0D3448A7-50F9-4AEA-B1C2-164B6EEE9A70}.Debug|iPhone.Deploy.0 = Debug|Any CPU
		{0D3448A7-50F9-4AEA-B1C2-164B6EEE9A70}.Debug|iPhoneSimulator.ActiveCfg = Debug|Any CPU
		{0D3448A7-50F9-4AEA-B1C2-164B6EEE9A70}.Debug|iPhoneSimulator.Build.0 = Debug|Any CPU
		{0D3448A7-50F9-4AEA-B1C2-164B6EEE9A70}.Debug|iPhoneSimulator.Deploy.0 = Debug|Any CPU
		{0D3448A7-50F9-4AEA-B1C2-164B6EEE9A70}.Debug|x64.ActiveCfg = Debug|x64
		{0D3448A7-50F9-4AEA-B1C2-164B6EEE9A70}.Debug|x64.Build.0 = Debug|x64
		{0D3448A7-50F9-4AEA-B1C2-164B6EEE9A70}.Debug|x64.Deploy.0 = Debug|x64
		{0D3448A7-50F9-4AEA-B1C2-164B6EEE9A70}.Debug|x86.ActiveCfg = Debug|x86
		{0D3448A7-50F9-4AEA-B1C2-164B6EEE9A70}.Debug|x86.Build.0 = Debug|x86
		{0D3448A7-50F9-4AEA-B1C2-164B6EEE9A70}.Debug|x86.Deploy.0 = Debug|x86
		{0D3448A7-50F9-4AEA-B1C2-164B6EEE9A70}.Release|Any CPU.ActiveCfg = Release|Any CPU
		{0D3448A7-50F9-4AEA-B1C2-164B6EEE9A70}.Release|Any CPU.Build.0 = Release|Any CPU
		{0D3448A7-50F9-4AEA-B1C2-164B6EEE9A70}.Release|Any CPU.Deploy.0 = Release|Any CPU
		{0D3448A7-50F9-4AEA-B1C2-164B6EEE9A70}.Release|ARM.ActiveCfg = Release|ARM
		{0D3448A7-50F9-4AEA-B1C2-164B6EEE9A70}.Release|ARM.Build.0 = Release|ARM
		{0D3448A7-50F9-4AEA-B1C2-164B6EEE9A70}.Release|ARM.Deploy.0 = Release|ARM
		{0D3448A7-50F9-4AEA-B1C2-164B6EEE9A70}.Release|iPhone.ActiveCfg = Release|Any CPU
		{0D3448A7-50F9-4AEA-B1C2-164B6EEE9A70}.Release|iPhone.Build.0 = Release|Any CPU
		{0D3448A7-50F9-4AEA-B1C2-164B6EEE9A70}.Release|iPhone.Deploy.0 = Release|Any CPU
		{0D3448A7-50F9-4AEA-B1C2-164B6EEE9A70}.Release|iPhoneSimulator.ActiveCfg = Release|Any CPU
		{0D3448A7-50F9-4AEA-B1C2-164B6EEE9A70}.Release|iPhoneSimulator.Build.0 = Release|Any CPU
		{0D3448A7-50F9-4AEA-B1C2-164B6EEE9A70}.Release|iPhoneSimulator.Deploy.0 = Release|Any CPU
		{0D3448A7-50F9-4AEA-B1C2-164B6EEE9A70}.Release|x64.ActiveCfg = Release|x64
		{0D3448A7-50F9-4AEA-B1C2-164B6EEE9A70}.Release|x64.Build.0 = Release|x64
		{0D3448A7-50F9-4AEA-B1C2-164B6EEE9A70}.Release|x64.Deploy.0 = Release|x64
		{0D3448A7-50F9-4AEA-B1C2-164B6EEE9A70}.Release|x86.ActiveCfg = Release|x86
		{0D3448A7-50F9-4AEA-B1C2-164B6EEE9A70}.Release|x86.Build.0 = Release|x86
		{0D3448A7-50F9-4AEA-B1C2-164B6EEE9A70}.Release|x86.Deploy.0 = Release|x86
		{27936D6B-C432-4281-9E55-E8CFB955CAD6}.Ad-Hoc|Any CPU.ActiveCfg = Release|Any CPU
		{27936D6B-C432-4281-9E55-E8CFB955CAD6}.Ad-Hoc|Any CPU.Build.0 = Release|Any CPU
		{27936D6B-C432-4281-9E55-E8CFB955CAD6}.Ad-Hoc|ARM.ActiveCfg = Release|Any CPU
		{27936D6B-C432-4281-9E55-E8CFB955CAD6}.Ad-Hoc|ARM.Build.0 = Release|Any CPU
		{27936D6B-C432-4281-9E55-E8CFB955CAD6}.Ad-Hoc|iPhone.ActiveCfg = Release|Any CPU
		{27936D6B-C432-4281-9E55-E8CFB955CAD6}.Ad-Hoc|iPhone.Build.0 = Release|Any CPU
		{27936D6B-C432-4281-9E55-E8CFB955CAD6}.Ad-Hoc|iPhoneSimulator.ActiveCfg = Release|Any CPU
		{27936D6B-C432-4281-9E55-E8CFB955CAD6}.Ad-Hoc|iPhoneSimulator.Build.0 = Release|Any CPU
		{27936D6B-C432-4281-9E55-E8CFB955CAD6}.Ad-Hoc|x64.ActiveCfg = Release|Any CPU
		{27936D6B-C432-4281-9E55-E8CFB955CAD6}.Ad-Hoc|x64.Build.0 = Release|Any CPU
		{27936D6B-C432-4281-9E55-E8CFB955CAD6}.Ad-Hoc|x86.ActiveCfg = Release|Any CPU
		{27936D6B-C432-4281-9E55-E8CFB955CAD6}.Ad-Hoc|x86.Build.0 = Release|Any CPU
		{27936D6B-C432-4281-9E55-E8CFB955CAD6}.AppStore|Any CPU.ActiveCfg = Release|Any CPU
		{27936D6B-C432-4281-9E55-E8CFB955CAD6}.AppStore|Any CPU.Build.0 = Release|Any CPU
		{27936D6B-C432-4281-9E55-E8CFB955CAD6}.AppStore|ARM.ActiveCfg = Release|Any CPU
		{27936D6B-C432-4281-9E55-E8CFB955CAD6}.AppStore|ARM.Build.0 = Release|Any CPU
		{27936D6B-C432-4281-9E55-E8CFB955CAD6}.AppStore|iPhone.ActiveCfg = Release|Any CPU
		{27936D6B-C432-4281-9E55-E8CFB955CAD6}.AppStore|iPhone.Build.0 = Release|Any CPU
		{27936D6B-C432-4281-9E55-E8CFB955CAD6}.AppStore|iPhoneSimulator.ActiveCfg = Release|Any CPU
		{27936D6B-C432-4281-9E55-E8CFB955CAD6}.AppStore|iPhoneSimulator.Build.0 = Release|Any CPU
		{27936D6B-C432-4281-9E55-E8CFB955CAD6}.AppStore|x64.ActiveCfg = Release|Any CPU
		{27936D6B-C432-4281-9E55-E8CFB955CAD6}.AppStore|x64.Build.0 = Release|Any CPU
		{27936D6B-C432-4281-9E55-E8CFB955CAD6}.AppStore|x86.ActiveCfg = Release|Any CPU
		{27936D6B-C432-4281-9E55-E8CFB955CAD6}.AppStore|x86.Build.0 = Release|Any CPU
		{27936D6B-C432-4281-9E55-E8CFB955CAD6}.Debug|Any CPU.ActiveCfg = Debug|Any CPU
		{27936D6B-C432-4281-9E55-E8CFB955CAD6}.Debug|Any CPU.Build.0 = Debug|Any CPU
		{27936D6B-C432-4281-9E55-E8CFB955CAD6}.Debug|ARM.ActiveCfg = Debug|Any CPU
		{27936D6B-C432-4281-9E55-E8CFB955CAD6}.Debug|ARM.Build.0 = Debug|Any CPU
		{27936D6B-C432-4281-9E55-E8CFB955CAD6}.Debug|iPhone.ActiveCfg = Debug|Any CPU
		{27936D6B-C432-4281-9E55-E8CFB955CAD6}.Debug|iPhone.Build.0 = Debug|Any CPU
		{27936D6B-C432-4281-9E55-E8CFB955CAD6}.Debug|iPhoneSimulator.ActiveCfg = Debug|Any CPU
		{27936D6B-C432-4281-9E55-E8CFB955CAD6}.Debug|iPhoneSimulator.Build.0 = Debug|Any CPU
		{27936D6B-C432-4281-9E55-E8CFB955CAD6}.Debug|x64.ActiveCfg = Debug|Any CPU
		{27936D6B-C432-4281-9E55-E8CFB955CAD6}.Debug|x64.Build.0 = Debug|Any CPU
		{27936D6B-C432-4281-9E55-E8CFB955CAD6}.Debug|x86.ActiveCfg = Debug|Any CPU
		{27936D6B-C432-4281-9E55-E8CFB955CAD6}.Debug|x86.Build.0 = Debug|Any CPU
		{27936D6B-C432-4281-9E55-E8CFB955CAD6}.Release|Any CPU.ActiveCfg = Release|Any CPU
		{27936D6B-C432-4281-9E55-E8CFB955CAD6}.Release|Any CPU.Build.0 = Release|Any CPU
		{27936D6B-C432-4281-9E55-E8CFB955CAD6}.Release|ARM.ActiveCfg = Release|Any CPU
		{27936D6B-C432-4281-9E55-E8CFB955CAD6}.Release|ARM.Build.0 = Release|Any CPU
		{27936D6B-C432-4281-9E55-E8CFB955CAD6}.Release|iPhone.ActiveCfg = Release|Any CPU
		{27936D6B-C432-4281-9E55-E8CFB955CAD6}.Release|iPhone.Build.0 = Release|Any CPU
		{27936D6B-C432-4281-9E55-E8CFB955CAD6}.Release|iPhoneSimulator.ActiveCfg = Release|Any CPU
		{27936D6B-C432-4281-9E55-E8CFB955CAD6}.Release|iPhoneSimulator.Build.0 = Release|Any CPU
		{27936D6B-C432-4281-9E55-E8CFB955CAD6}.Release|x64.ActiveCfg = Release|Any CPU
		{27936D6B-C432-4281-9E55-E8CFB955CAD6}.Release|x64.Build.0 = Release|Any CPU
		{27936D6B-C432-4281-9E55-E8CFB955CAD6}.Release|x86.ActiveCfg = Release|Any CPU
		{27936D6B-C432-4281-9E55-E8CFB955CAD6}.Release|x86.Build.0 = Release|Any CPU
	EndGlobalSection
	GlobalSection(SolutionProperties) = preSolution
		HideSolutionNode = FALSE
	EndGlobalSection
EndGlobal
